<?xml version="1.0" encoding="utf-8"?>
<Project ToolsVersion="4.0" xmlns="http://schemas.microsoft.com/developer/msbuild/2003">
  <ItemGroup>
    <Filter Include="Assets">
      <UniqueIdentifier>{7b2f6832-9f1f-40f4-a7ec-8992f9af88e5}</UniqueIdentifier>
    </Filter>
    <Filter Include="Source">
      <UniqueIdentifier>{4FC737F1-C7A5-4376-A066-2A32D752A2FF}</UniqueIdentifier>
      <Extensions>cpp;c;cc;cxx;def;odl;idl;hpj;bat;asm;asmx</Extensions>
    </Filter>
    <Filter Include="Source\Audio">
      <UniqueIdentifier>{f5fee5a3-9fa0-424d-bf62-0c13199543ea}</UniqueIdentifier>
    </Filter>
    <Filter Include="Source\Assets">
      <UniqueIdentifier>{c2e3f08a-2eab-453b-8d29-8dee90d6e1e9}</UniqueIdentifier>
    </Filter>
    <Filter Include="Source\Animation">
      <UniqueIdentifier>{4b7f50ab-6df6-45a2-af40-450128440e39}</UniqueIdentifier>
    </Filter>
    <Filter Include="Source\Debug">
      <UniqueIdentifier>{72c4fcde-e1a9-43d8-bd04-81dc58d018be}</UniqueIdentifier>
    </Filter>
    <Filter Include="Source\GK3">
      <UniqueIdentifier>{1fffe2bf-9292-4b25-9b07-c3c19c24e5ce}</UniqueIdentifier>
    </Filter>
    <Filter Include="Source\GK3\UI">
      <UniqueIdentifier>{600eaba5-7539-4cb2-b0b0-17b5809df553}</UniqueIdentifier>
    </Filter>
    <Filter Include="Source\GOM">
      <UniqueIdentifier>{d3c632f6-21cc-4524-871d-e2512ba355fc}</UniqueIdentifier>
    </Filter>
    <Filter Include="Source\IO">
      <UniqueIdentifier>{f27bb12e-70e8-4883-ad20-789a61aba581}</UniqueIdentifier>
    </Filter>
    <Filter Include="Source\Libraries">
      <UniqueIdentifier>{8aba8c29-cfbf-4f40-a33b-5c97c237ffda}</UniqueIdentifier>
    </Filter>
    <Filter Include="Source\Libraries\minilzo">
      <UniqueIdentifier>{2ff75856-2e26-452e-b17c-036f7869e20e}</UniqueIdentifier>
    </Filter>
    <Filter Include="Source\Libraries\stb">
      <UniqueIdentifier>{408b3454-334a-4b3a-a4a2-1b70fa7d21dc}</UniqueIdentifier>
    </Filter>
    <Filter Include="Source\Math">
      <UniqueIdentifier>{7a70c03c-b1e6-4641-ab3d-b02b324d5447}</UniqueIdentifier>
    </Filter>
    <Filter Include="Source\Rendering">
      <UniqueIdentifier>{d6423dd7-497c-45c9-8f99-d6ba58a97b9c}</UniqueIdentifier>
    </Filter>
    <Filter Include="Source\Reports">
      <UniqueIdentifier>{8ba6d654-f142-4935-83e0-5870ae585bc1}</UniqueIdentifier>
    </Filter>
    <Filter Include="Source\Scene">
      <UniqueIdentifier>{017731ed-77e6-442f-8852-7586c5162374}</UniqueIdentifier>
    </Filter>
    <Filter Include="Source\Sheep">
      <UniqueIdentifier>{44105200-3293-425c-a6e7-303dd6dc2abe}</UniqueIdentifier>
    </Filter>
    <Filter Include="Source\Sheep\Compiler">
      <UniqueIdentifier>{e1ac893a-4334-47f0-9681-3e323fe04d4b}</UniqueIdentifier>
    </Filter>
    <Filter Include="Source\Sheep\Compiler\BisonParser">
      <UniqueIdentifier>{75a4d66a-e437-4492-aadc-399d0e8fbca1}</UniqueIdentifier>
    </Filter>
    <Filter Include="Source\Sheep\Compiler\FlexScanner">
      <UniqueIdentifier>{fa1a3c6e-757d-4379-97a7-0d50f55d81bf}</UniqueIdentifier>
    </Filter>
    <Filter Include="Source\STD">
      <UniqueIdentifier>{b5304491-cfdf-4177-8b0f-034418c40547}</UniqueIdentifier>
    </Filter>
    <Filter Include="Source\UI">
      <UniqueIdentifier>{7695e91e-5d3f-4b5e-9ff4-08ffcdf9f5dc}</UniqueIdentifier>
    </Filter>
    <Filter Include="Source\Platform">
      <UniqueIdentifier>{0b5d5bbf-86e2-4658-9d90-1250f5e11923}</UniqueIdentifier>
    </Filter>
  </ItemGroup>
  <ItemGroup>
    <ClCompile Include="..\Source\GameCamera.cpp">
      <Filter>Source</Filter>
    </ClCompile>
    <ClCompile Include="..\Source\GEngine.cpp">
      <Filter>Source</Filter>
    </ClCompile>
    <ClCompile Include="..\Source\InputManager.cpp">
      <Filter>Source</Filter>
    </ClCompile>
    <ClCompile Include="..\Source\Main.cpp">
      <Filter>Source</Filter>
    </ClCompile>
    <ClCompile Include="..\Source\Mover.cpp">
      <Filter>Source</Filter>
    </ClCompile>
    <ClCompile Include="..\Source\Services.cpp">
      <Filter>Source</Filter>
    </ClCompile>
    <ClCompile Include="..\Source\TextInput.cpp">
      <Filter>Source</Filter>
    </ClCompile>
    <ClCompile Include="..\Source\TextLayout.cpp">
      <Filter>Source</Filter>
    </ClCompile>
    <ClCompile Include="..\Source\Audio\Audio.cpp">
      <Filter>Source\Audio</Filter>
    </ClCompile>
    <ClCompile Include="..\Source\Audio\Soundtrack.cpp">
      <Filter>Source\Audio</Filter>
    </ClCompile>
    <ClCompile Include="..\Source\Audio\Yak.cpp">
      <Filter>Source\Audio</Filter>
    </ClCompile>
    <ClCompile Include="..\Source\Asset.cpp">
      <Filter>Source\Assets</Filter>
    </ClCompile>
    <ClCompile Include="..\Source\AssetManager.cpp">
      <Filter>Source\Assets</Filter>
    </ClCompile>
    <ClCompile Include="..\Source\Barn\BarnFile.cpp">
      <Filter>Source\Assets</Filter>
    </ClCompile>
    <ClCompile Include="..\Source\Animation.cpp">
      <Filter>Source\Animation</Filter>
    </ClCompile>
    <ClCompile Include="..\Source\AnimationNodes.cpp">
      <Filter>Source\Animation</Filter>
    </ClCompile>
    <ClCompile Include="..\Source\Animator.cpp">
      <Filter>Source\Animation</Filter>
    </ClCompile>
    <ClCompile Include="..\Source\GAS.cpp">
      <Filter>Source\Animation</Filter>
    </ClCompile>
    <ClCompile Include="..\Source\GasPlayer.cpp">
      <Filter>Source\Animation</Filter>
    </ClCompile>
    <ClCompile Include="..\Source\VertexAnimation.cpp">
      <Filter>Source\Animation</Filter>
    </ClCompile>
    <ClCompile Include="..\Source\VertexAnimator.cpp">
      <Filter>Source\Animation</Filter>
    </ClCompile>
    <ClCompile Include="..\Source\Console.cpp">
      <Filter>Source\Debug</Filter>
    </ClCompile>
    <ClCompile Include="..\Source\ConsoleUI.cpp">
      <Filter>Source\Debug</Filter>
    </ClCompile>
    <ClCompile Include="..\Source\Debug.cpp">
      <Filter>Source\Debug</Filter>
    </ClCompile>
    <ClCompile Include="..\Source\ActionManager.cpp">
      <Filter>Source\GK3</Filter>
    </ClCompile>
    <ClCompile Include="..\Source\CharacterManager.cpp">
      <Filter>Source\GK3</Filter>
    </ClCompile>
    <ClCompile Include="..\Source\FaceController.cpp">
      <Filter>Source\GK3</Filter>
    </ClCompile>
    <ClCompile Include="..\Source\FootstepManager.cpp">
      <Filter>Source\GK3</Filter>
    </ClCompile>
    <ClCompile Include="..\Source\GameProgress.cpp">
      <Filter>Source\GK3</Filter>
    </ClCompile>
    <ClCompile Include="..\Source\GKActor.cpp">
      <Filter>Source\GK3</Filter>
    </ClCompile>
    <ClCompile Include="..\Source\InventoryManager.cpp">
      <Filter>Source\GK3</Filter>
    </ClCompile>
    <ClCompile Include="..\Source\LocationManager.cpp">
      <Filter>Source\GK3</Filter>
    </ClCompile>
    <ClCompile Include="..\Source\Timeblock.cpp">
      <Filter>Source\GK3</Filter>
    </ClCompile>
    <ClCompile Include="..\Source\ActionBar.cpp">
      <Filter>Source\GK3\UI</Filter>
    </ClCompile>
    <ClCompile Include="..\Source\ButtonIconManager.cpp">
      <Filter>Source\GK3\UI</Filter>
    </ClCompile>
    <ClCompile Include="..\Source\InventoryInspectScreen.cpp">
      <Filter>Source\GK3\UI</Filter>
    </ClCompile>
    <ClCompile Include="..\Source\InventoryScreen.cpp">
      <Filter>Source\GK3\UI</Filter>
    </ClCompile>
    <ClCompile Include="..\Source\WalkerBoundary.cpp">
      <Filter>Source\GK3</Filter>
    </ClCompile>
    <ClCompile Include="..\Source\Walker.cpp">
      <Filter>Source\GK3</Filter>
    </ClCompile>
    <ClCompile Include="..\Source\Actor.cpp">
      <Filter>Source\GOM</Filter>
    </ClCompile>
    <ClCompile Include="..\Source\Component.cpp">
      <Filter>Source\GOM</Filter>
    </ClCompile>
    <ClCompile Include="..\Source\RectTransform.cpp">
      <Filter>Source\GOM</Filter>
    </ClCompile>
    <ClCompile Include="..\Source\Transform.cpp">
      <Filter>Source\GOM</Filter>
    </ClCompile>
    <ClCompile Include="..\Source\BinaryReader.cpp">
      <Filter>Source\IO</Filter>
    </ClCompile>
    <ClCompile Include="..\Source\BinaryWriter.cpp">
      <Filter>Source\IO</Filter>
    </ClCompile>
    <ClCompile Include="..\Source\IniParser.cpp">
      <Filter>Source\IO</Filter>
    </ClCompile>
    <ClCompile Include="..\Libraries\minilzo\minilzo.c">
      <Filter>Source\Libraries\minilzo</Filter>
    </ClCompile>
    <ClCompile Include="..\Libraries\stb\stb_image_resize.cpp">
      <Filter>Source\Libraries\stb</Filter>
    </ClCompile>
    <ClCompile Include="..\Source\Heading.cpp">
      <Filter>Source\Math</Filter>
    </ClCompile>
    <ClCompile Include="..\Source\Matrix3.cpp">
      <Filter>Source\Math</Filter>
    </ClCompile>
    <ClCompile Include="..\Source\Matrix4.cpp">
      <Filter>Source\Math</Filter>
    </ClCompile>
    <ClCompile Include="..\Source\Plane.cpp">
      <Filter>Source\Math</Filter>
    </ClCompile>
    <ClCompile Include="..\Source\Quaternion.cpp">
      <Filter>Source\Math</Filter>
    </ClCompile>
    <ClCompile Include="..\Source\Ray.cpp">
      <Filter>Source\Math</Filter>
    </ClCompile>
    <ClCompile Include="..\Source\Rect.cpp">
      <Filter>Source\Math</Filter>
    </ClCompile>
    <ClCompile Include="..\Source\RectUtil.cpp">
      <Filter>Source\Math</Filter>
    </ClCompile>
    <ClCompile Include="..\Source\Vector2.cpp">
      <Filter>Source\Math</Filter>
    </ClCompile>
    <ClCompile Include="..\Source\Vector3.cpp">
      <Filter>Source\Math</Filter>
    </ClCompile>
    <ClCompile Include="..\Source\Vector4.cpp">
      <Filter>Source\Math</Filter>
    </ClCompile>
    <ClCompile Include="..\Source\BSP.cpp">
      <Filter>Source\Rendering</Filter>
    </ClCompile>
    <ClCompile Include="..\Source\Camera.cpp">
      <Filter>Source\Rendering</Filter>
    </ClCompile>
    <ClCompile Include="..\Source\Color32.cpp">
      <Filter>Source\Rendering</Filter>
    </ClCompile>
    <ClCompile Include="..\Source\GLVertexArray.cpp">
      <Filter>Source\Rendering</Filter>
    </ClCompile>
    <ClCompile Include="..\Source\Material.cpp">
      <Filter>Source\Rendering</Filter>
    </ClCompile>
    <ClCompile Include="..\Source\Mesh.cpp">
      <Filter>Source\Rendering</Filter>
    </ClCompile>
    <ClCompile Include="..\Source\MeshRenderer.cpp">
      <Filter>Source\Rendering</Filter>
    </ClCompile>
    <ClCompile Include="..\Source\Model.cpp">
      <Filter>Source\Rendering</Filter>
    </ClCompile>
    <ClCompile Include="..\Source\Renderer.cpp">
      <Filter>Source\Rendering</Filter>
    </ClCompile>
    <ClCompile Include="..\Source\RenderTexture.cpp">
      <Filter>Source\Rendering</Filter>
    </ClCompile>
    <ClCompile Include="..\Source\Shader.cpp">
      <Filter>Source\Rendering</Filter>
    </ClCompile>
    <ClCompile Include="..\Source\Skybox.cpp">
      <Filter>Source\Rendering</Filter>
    </ClCompile>
    <ClCompile Include="..\Source\Submesh.cpp">
      <Filter>Source\Rendering</Filter>
    </ClCompile>
    <ClCompile Include="..\Source\Texture.cpp">
      <Filter>Source\Rendering</Filter>
    </ClCompile>
    <ClCompile Include="..\Source\ReportManager.cpp">
      <Filter>Source\Reports</Filter>
    </ClCompile>
    <ClCompile Include="..\Source\ReportStream.cpp">
      <Filter>Source\Reports</Filter>
    </ClCompile>
    <ClCompile Include="..\Source\NVC.cpp">
      <Filter>Source\Scene</Filter>
    </ClCompile>
    <ClCompile Include="..\Source\Scene.cpp">
      <Filter>Source\Scene</Filter>
    </ClCompile>
    <ClCompile Include="..\Source\SceneAsset.cpp">
      <Filter>Source\Scene</Filter>
    </ClCompile>
    <ClCompile Include="..\Source\SceneData.cpp">
      <Filter>Source\Scene</Filter>
    </ClCompile>
    <ClCompile Include="..\Source\SceneInitFile.cpp">
      <Filter>Source\Scene</Filter>
    </ClCompile>
    <ClCompile Include="..\Source\Sheep\SheepAPI.cpp">
      <Filter>Source\Sheep</Filter>
    </ClCompile>
    <ClCompile Include="..\Source\Sheep\SheepManager.cpp">
      <Filter>Source\Sheep</Filter>
    </ClCompile>
    <ClCompile Include="..\Source\Sheep\SheepScript.cpp">
      <Filter>Source\Sheep</Filter>
    </ClCompile>
    <ClCompile Include="..\Source\Sheep\SheepVM.cpp">
      <Filter>Source\Sheep</Filter>
    </ClCompile>
    <ClCompile Include="..\Source\Sheep\SheepCompiler.cpp">
      <Filter>Source\Sheep\Compiler</Filter>
    </ClCompile>
    <ClCompile Include="..\Source\Sheep\SheepScriptBuilder.cpp">
      <Filter>Source\Sheep\Compiler</Filter>
    </ClCompile>
    <ClCompile Include="..\Source\Sheep\sheep.tab.cc">
      <Filter>Source\Sheep\Compiler\BisonParser</Filter>
    </ClCompile>
    <ClCompile Include="..\Source\Sheep\lex.yy.cc">
      <Filter>Source\Sheep\Compiler\FlexScanner</Filter>
    </ClCompile>
    <ClCompile Include="..\Source\CallbackFunction.cpp">
      <Filter>Source\STD</Filter>
    </ClCompile>
    <ClCompile Include="..\Source\CallbackMethod.cpp">
      <Filter>Source\STD</Filter>
    </ClCompile>
    <ClCompile Include="..\Source\imstream.cpp">
      <Filter>Source\STD</Filter>
    </ClCompile>
    <ClCompile Include="..\Source\membuf.cpp">
      <Filter>Source\STD</Filter>
    </ClCompile>
    <ClCompile Include="..\Source\StringTokenizer.cpp">
      <Filter>Source\STD</Filter>
    </ClCompile>
    <ClCompile Include="..\Source\UIWidget.cpp">
      <Filter>Source\UI</Filter>
    </ClCompile>
    <ClCompile Include="..\Source\UITextInput.cpp">
      <Filter>Source\UI</Filter>
    </ClCompile>
    <ClCompile Include="..\Source\UITextBuffer.cpp">
      <Filter>Source\UI</Filter>
    </ClCompile>
    <ClCompile Include="..\Source\UILabel.cpp">
      <Filter>Source\UI</Filter>
    </ClCompile>
    <ClCompile Include="..\Source\UIImage.cpp">
      <Filter>Source\UI</Filter>
    </ClCompile>
    <ClCompile Include="..\Source\UICanvas.cpp">
      <Filter>Source\UI</Filter>
    </ClCompile>
    <ClCompile Include="..\Source\UIButton.cpp">
      <Filter>Source\UI</Filter>
    </ClCompile>
    <ClCompile Include="..\Source\Cursor.cpp">
      <Filter>Source\UI</Filter>
    </ClCompile>
    <ClCompile Include="..\Source\Font.cpp">
      <Filter>Source\UI</Filter>
    </ClCompile>
    <ClCompile Include="..\Source\AudioListener.cpp">
      <Filter>Source\Audio</Filter>
    </ClCompile>
    <ClCompile Include="..\Source\AudioManager.cpp">
      <Filter>Source\Audio</Filter>
    </ClCompile>
    <ClCompile Include="..\Source\SoundtrackPlayer.cpp">
      <Filter>Source\Audio</Filter>
    </ClCompile>
    <ClCompile Include="..\Source\FileSystem.cpp">
      <Filter>Source\Platform</Filter>
    </ClCompile>
  </ItemGroup>
  <ItemGroup>
    <ClInclude Include="..\Source\AtomicTypes.h">
      <Filter>Source</Filter>
    </ClInclude>
    <ClInclude Include="..\Source\GameCamera.h">
      <Filter>Source</Filter>
    </ClInclude>
    <ClInclude Include="..\Source\GEngine.h">
      <Filter>Source</Filter>
    </ClInclude>
    <ClInclude Include="..\Source\InputManager.h">
      <Filter>Source</Filter>
    </ClInclude>
    <ClInclude Include="..\Source\Mover.h">
      <Filter>Source</Filter>
    </ClInclude>
    <ClInclude Include="..\Source\Services.h">
      <Filter>Source</Filter>
    </ClInclude>
    <ClInclude Include="..\Source\TextInput.h">
      <Filter>Source</Filter>
    </ClInclude>
    <ClInclude Include="..\Source\TextLayout.h">
      <Filter>Source</Filter>
    </ClInclude>
    <ClInclude Include="..\Source\Audio\Audio.h">
      <Filter>Source\Audio</Filter>
    </ClInclude>
    <ClInclude Include="..\Source\Audio\Soundtrack.h">
      <Filter>Source\Audio</Filter>
    </ClInclude>
    <ClInclude Include="..\Source\Audio\Yak.h">
      <Filter>Source\Audio</Filter>
    </ClInclude>
    <ClInclude Include="..\Source\Asset.h">
      <Filter>Source\Assets</Filter>
    </ClInclude>
    <ClInclude Include="..\Source\AssetManager.h">
      <Filter>Source\Assets</Filter>
    </ClInclude>
    <ClInclude Include="..\Source\Barn\BarnAsset.h">
      <Filter>Source\Assets</Filter>
    </ClInclude>
    <ClInclude Include="..\Source\Barn\BarnFile.h">
      <Filter>Source\Assets</Filter>
    </ClInclude>
    <ClInclude Include="..\Source\Animation.h">
      <Filter>Source\Animation</Filter>
    </ClInclude>
    <ClInclude Include="..\Source\AnimationNodes.h">
      <Filter>Source\Animation</Filter>
    </ClInclude>
    <ClInclude Include="..\Source\Animator.h">
      <Filter>Source\Animation</Filter>
    </ClInclude>
    <ClInclude Include="..\Source\GAS.h">
      <Filter>Source\Animation</Filter>
    </ClInclude>
    <ClInclude Include="..\Source\GasPlayer.h">
      <Filter>Source\Animation</Filter>
    </ClInclude>
    <ClInclude Include="..\Source\VertexAnimation.h">
      <Filter>Source\Animation</Filter>
    </ClInclude>
    <ClInclude Include="..\Source\VertexAnimator.h">
      <Filter>Source\Animation</Filter>
    </ClInclude>
    <ClInclude Include="..\Source\Console.h">
      <Filter>Source\Debug</Filter>
    </ClInclude>
    <ClInclude Include="..\Source\ConsoleUI.h">
      <Filter>Source\Debug</Filter>
    </ClInclude>
    <ClInclude Include="..\Source\Debug.h">
      <Filter>Source\Debug</Filter>
    </ClInclude>
    <ClInclude Include="..\Source\ActionManager.h">
      <Filter>Source\GK3</Filter>
    </ClInclude>
    <ClInclude Include="..\Source\CharacterManager.h">
      <Filter>Source\GK3</Filter>
    </ClInclude>
    <ClInclude Include="..\Source\FaceController.h">
      <Filter>Source\GK3</Filter>
    </ClInclude>
    <ClInclude Include="..\Source\FootstepManager.h">
      <Filter>Source\GK3</Filter>
    </ClInclude>
    <ClInclude Include="..\Source\GameProgress.h">
      <Filter>Source\GK3</Filter>
    </ClInclude>
    <ClInclude Include="..\Source\GKActor.h">
      <Filter>Source\GK3</Filter>
    </ClInclude>
    <ClInclude Include="..\Source\InventoryManager.h">
      <Filter>Source\GK3</Filter>
    </ClInclude>
    <ClInclude Include="..\Source\LocationManager.h">
      <Filter>Source\GK3</Filter>
    </ClInclude>
    <ClInclude Include="..\Source\Timeblock.h">
      <Filter>Source\GK3</Filter>
    </ClInclude>
    <ClInclude Include="..\Source\ActionBar.h">
      <Filter>Source\GK3\UI</Filter>
    </ClInclude>
    <ClInclude Include="..\Source\ButtonIconManager.h">
      <Filter>Source\GK3\UI</Filter>
    </ClInclude>
    <ClInclude Include="..\Source\InventoryInspectScreen.h">
      <Filter>Source\GK3\UI</Filter>
    </ClInclude>
    <ClInclude Include="..\Source\InventoryScreen.h">
      <Filter>Source\GK3\UI</Filter>
    </ClInclude>
    <ClInclude Include="..\Source\WalkerBoundary.h">
      <Filter>Source\GK3</Filter>
    </ClInclude>
    <ClInclude Include="..\Source\Walker.h">
      <Filter>Source\GK3</Filter>
    </ClInclude>
    <ClInclude Include="..\Source\Actor.h">
      <Filter>Source\GOM</Filter>
    </ClInclude>
    <ClInclude Include="..\Source\Component.h">
      <Filter>Source\GOM</Filter>
    </ClInclude>
    <ClInclude Include="..\Source\RectTransform.h">
      <Filter>Source\GOM</Filter>
    </ClInclude>
    <ClInclude Include="..\Source\Transform.h">
      <Filter>Source\GOM</Filter>
    </ClInclude>
    <ClInclude Include="..\Source\BinaryReader.h">
      <Filter>Source\IO</Filter>
    </ClInclude>
    <ClInclude Include="..\Source\BinaryWriter.h">
      <Filter>Source\IO</Filter>
    </ClInclude>
    <ClInclude Include="..\Source\IniParser.h">
      <Filter>Source\IO</Filter>
    </ClInclude>
    <ClInclude Include="..\Libraries\stb\stb_image_resize.h">
      <Filter>Source\Libraries\stb</Filter>
    </ClInclude>
    <ClInclude Include="..\Source\Heading.h">
      <Filter>Source\Math</Filter>
    </ClInclude>
    <ClInclude Include="..\Source\Matrix3.h">
      <Filter>Source\Math</Filter>
    </ClInclude>
    <ClInclude Include="..\Source\Matrix4.h">
      <Filter>Source\Math</Filter>
    </ClInclude>
    <ClInclude Include="..\Source\Plane.h">
      <Filter>Source\Math</Filter>
    </ClInclude>
    <ClInclude Include="..\Source\Quaternion.h">
      <Filter>Source\Math</Filter>
    </ClInclude>
    <ClInclude Include="..\Source\Random.h">
      <Filter>Source\Math</Filter>
    </ClInclude>
    <ClInclude Include="..\Source\Ray.h">
      <Filter>Source\Math</Filter>
    </ClInclude>
    <ClInclude Include="..\Source\Rect.h">
      <Filter>Source\Math</Filter>
    </ClInclude>
    <ClInclude Include="..\Source\RectUtil.h">
      <Filter>Source\Math</Filter>
    </ClInclude>
    <ClInclude Include="..\Source\Vector2.h">
      <Filter>Source\Math</Filter>
    </ClInclude>
    <ClInclude Include="..\Source\Vector3.h">
      <Filter>Source\Math</Filter>
    </ClInclude>
    <ClInclude Include="..\Source\Vector4.h">
      <Filter>Source\Math</Filter>
    </ClInclude>
    <ClInclude Include="..\Source\BSP.h">
      <Filter>Source\Rendering</Filter>
    </ClInclude>
    <ClInclude Include="..\Source\Camera.h">
      <Filter>Source\Rendering</Filter>
    </ClInclude>
    <ClInclude Include="..\Source\Color32.h">
      <Filter>Source\Rendering</Filter>
    </ClInclude>
    <ClInclude Include="..\Source\GLVertexArray.h">
      <Filter>Source\Rendering</Filter>
    </ClInclude>
    <ClInclude Include="..\Source\Material.h">
      <Filter>Source\Rendering</Filter>
    </ClInclude>
    <ClInclude Include="..\Source\Mesh.h">
      <Filter>Source\Rendering</Filter>
    </ClInclude>
    <ClInclude Include="..\Source\MeshRenderer.h">
      <Filter>Source\Rendering</Filter>
    </ClInclude>
    <ClInclude Include="..\Source\Model.h">
      <Filter>Source\Rendering</Filter>
    </ClInclude>
    <ClInclude Include="..\Source\Renderer.h">
      <Filter>Source\Rendering</Filter>
    </ClInclude>
    <ClInclude Include="..\Source\RenderTexture.h">
      <Filter>Source\Rendering</Filter>
    </ClInclude>
    <ClInclude Include="..\Source\Shader.h">
      <Filter>Source\Rendering</Filter>
    </ClInclude>
    <ClInclude Include="..\Source\Skybox.h">
      <Filter>Source\Rendering</Filter>
    </ClInclude>
    <ClInclude Include="..\Source\Submesh.h">
      <Filter>Source\Rendering</Filter>
    </ClInclude>
    <ClInclude Include="..\Source\Texture.h">
      <Filter>Source\Rendering</Filter>
    </ClInclude>
    <ClInclude Include="..\Source\ReportManager.h">
      <Filter>Source\Reports</Filter>
    </ClInclude>
    <ClInclude Include="..\Source\ReportStream.h">
      <Filter>Source\Reports</Filter>
    </ClInclude>
    <ClInclude Include="..\Source\NVC.h">
      <Filter>Source\Scene</Filter>
    </ClInclude>
    <ClInclude Include="..\Source\Scene.h">
      <Filter>Source\Scene</Filter>
    </ClInclude>
    <ClInclude Include="..\Source\SceneAsset.h">
      <Filter>Source\Scene</Filter>
    </ClInclude>
    <ClInclude Include="..\Source\SceneData.h">
      <Filter>Source\Scene</Filter>
    </ClInclude>
    <ClInclude Include="..\Source\SceneInitFile.h">
      <Filter>Source\Scene</Filter>
    </ClInclude>
    <ClInclude Include="..\Source\Sheep\SheepAPI.h">
      <Filter>Source\Sheep</Filter>
    </ClInclude>
    <ClInclude Include="..\Source\Sheep\SheepManager.h">
      <Filter>Source\Sheep</Filter>
    </ClInclude>
    <ClInclude Include="..\Source\Sheep\SheepScript.h">
      <Filter>Source\Sheep</Filter>
    </ClInclude>
    <ClInclude Include="..\Source\Sheep\SheepVM.h">
      <Filter>Source\Sheep</Filter>
    </ClInclude>
    <ClInclude Include="..\Source\Sheep\SheepCompiler.h">
      <Filter>Source\Sheep\Compiler</Filter>
    </ClInclude>
    <ClInclude Include="..\Source\Sheep\SheepScriptBuilder.h">
      <Filter>Source\Sheep\Compiler</Filter>
    </ClInclude>
    <ClInclude Include="..\Source\Sheep\location.hh">
      <Filter>Source\Sheep\Compiler\BisonParser</Filter>
    </ClInclude>
    <ClInclude Include="..\Source\Sheep\position.hh">
      <Filter>Source\Sheep\Compiler\BisonParser</Filter>
    </ClInclude>
    <ClInclude Include="..\Source\Sheep\sheep.tab.hh">
      <Filter>Source\Sheep\Compiler\BisonParser</Filter>
    </ClInclude>
    <ClInclude Include="..\Source\Sheep\stack.hh">
      <Filter>Source\Sheep\Compiler\BisonParser</Filter>
    </ClInclude>
    <ClInclude Include="..\Source\Sheep\SheepScanner.h">
      <Filter>Source\Sheep\Compiler\FlexScanner</Filter>
    </ClInclude>
    <ClInclude Include="..\Source\CallbackFunction.h">
      <Filter>Source\STD</Filter>
    </ClInclude>
    <ClInclude Include="..\Source\CallbackMethod.h">
      <Filter>Source\STD</Filter>
    </ClInclude>
    <ClInclude Include="..\Source\EnumClassFlags.h">
      <Filter>Source\STD</Filter>
    </ClInclude>
    <ClInclude Include="..\Source\imstream.h">
      <Filter>Source\STD</Filter>
    </ClInclude>
    <ClInclude Include="..\Source\membuf.h">
      <Filter>Source\STD</Filter>
    </ClInclude>
    <ClInclude Include="..\Source\StringTokenizer.h">
      <Filter>Source\STD</Filter>
    </ClInclude>
    <ClInclude Include="..\Source\StringUtil.h">
      <Filter>Source\STD</Filter>
    </ClInclude>
    <ClInclude Include="..\Source\Type.h">
      <Filter>Source\STD</Filter>
    </ClInclude>
    <ClInclude Include="..\Source\Value.h">
      <Filter>Source\STD</Filter>
    </ClInclude>
    <ClInclude Include="..\Source\UIWidget.h">
      <Filter>Source\UI</Filter>
    </ClInclude>
    <ClInclude Include="..\Source\UITextInput.h">
      <Filter>Source\UI</Filter>
    </ClInclude>
    <ClInclude Include="..\Source\UITextBuffer.h">
      <Filter>Source\UI</Filter>
    </ClInclude>
    <ClInclude Include="..\Source\UILabel.h">
      <Filter>Source\UI</Filter>
    </ClInclude>
    <ClInclude Include="..\Source\UIImage.h">
      <Filter>Source\UI</Filter>
    </ClInclude>
    <ClInclude Include="..\Source\UICanvas.h">
      <Filter>Source\UI</Filter>
    </ClInclude>
    <ClInclude Include="..\Source\UIButton.h">
      <Filter>Source\UI</Filter>
    </ClInclude>
    <ClInclude Include="..\Source\Cursor.h">
      <Filter>Source\UI</Filter>
    </ClInclude>
    <ClInclude Include="..\Source\Font.h">
      <Filter>Source\UI</Filter>
    </ClInclude>
    <ClInclude Include="..\Source\AudioListener.h">
      <Filter>Source\Audio</Filter>
    </ClInclude>
    <ClInclude Include="..\Source\AudioManager.h">
      <Filter>Source\Audio</Filter>
    </ClInclude>
    <ClInclude Include="..\Source\GMath.h">
      <Filter>Source\Math</Filter>
    </ClInclude>
    <ClInclude Include="..\Source\Platform.h">
      <Filter>Source\Platform</Filter>
    </ClInclude>
    <ClInclude Include="..\Source\SoundtrackPlayer.h">
      <Filter>Source\Audio</Filter>
    </ClInclude>
    <ClInclude Include="..\Source\SystemUtil.h">
      <Filter>Source\Platform</Filter>
    </ClInclude>
    <ClInclude Include="..\Source\FileSystem.h">
      <Filter>Source\Platform</Filter>
    </ClInclude>
  </ItemGroup>
  <ItemGroup>
    <None Include="..\Assets\3D-Billboard.frag">
      <Filter>Assets</Filter>
    </None>
    <None Include="..\Assets\3D-Billboard.vert">
      <Filter>Assets</Filter>
    </None>
    <None Include="..\Assets\3D-Diffuse-Tex.frag">
      <Filter>Assets</Filter>
    </None>
    <None Include="..\Assets\3D-Diffuse-Tex.vert">
      <Filter>Assets</Filter>
    </None>
    <None Include="..\Assets\3D-Skybox.frag">
      <Filter>Assets</Filter>
    </None>
    <None Include="..\Assets\3D-Skybox.vert">
      <Filter>Assets</Filter>
    </None>
    <None Include="..\Assets\Conditions.shp">
      <Filter>Assets</Filter>
    </None>
    <None Include="..\Assets\UI-Text-ColorReplace.frag">
      <Filter>Assets</Filter>
    </None>
  </ItemGroup>
  <ItemGroup>
    <Text Include="..\Assets\Locations.txt">
      <Filter>Assets</Filter>
    </Text>
  </ItemGroup>
</Project>