// !$*UTF8*$!
{
	archiveVersion = 1;
	classes = {
	};
	objectVersion = 46;
	objects = {

/* Begin PBXBuildFile section */
		4B00D3301F8F3AD500D536D5 /* CameraComponent.cpp in Sources */ = {isa = PBXBuildFile; fileRef = 4B00D32E1F8F3AD500D536D5 /* CameraComponent.cpp */; };
		4B00D3311F8F3DB900D536D5 /* Component.cpp in Sources */ = {isa = PBXBuildFile; fileRef = 4B1112AD1F821FFF00AFDDFC /* Component.cpp */; };
		4B08C910213745070028FEB3 /* UIWidget.cpp in Sources */ = {isa = PBXBuildFile; fileRef = 4B08C90F213745070028FEB3 /* UIWidget.cpp */; };
		4B08C913213747980028FEB3 /* UIImage.cpp in Sources */ = {isa = PBXBuildFile; fileRef = 4B08C912213747980028FEB3 /* UIImage.cpp */; };
		4B09182E1FEED84D002991D4 /* Services.cpp in Sources */ = {isa = PBXBuildFile; fileRef = 4B09182D1FEED84D002991D4 /* Services.cpp */; };
		4B0918311FEED86B002991D4 /* InputManager.cpp in Sources */ = {isa = PBXBuildFile; fileRef = 4B09182F1FEED86B002991D4 /* InputManager.cpp */; };
		4B0918361FEEEA51002991D4 /* Matrix3.cpp in Sources */ = {isa = PBXBuildFile; fileRef = 4B0918351FEEEA51002991D4 /* Matrix3.cpp */; };
		4B0B67831F78DCD40023815F /* Actor.cpp in Sources */ = {isa = PBXBuildFile; fileRef = 4B0B67811F78DCD40023815F /* Actor.cpp */; };
		4B1112A91F820B7500AFDDFC /* TestMain.cpp in Sources */ = {isa = PBXBuildFile; fileRef = 4B1112A71F820B0400AFDDFC /* TestMain.cpp */; };
		4B1112AB1F820BD000AFDDFC /* Matrix4Tests.cpp in Sources */ = {isa = PBXBuildFile; fileRef = 4B1112AA1F820BD000AFDDFC /* Matrix4Tests.cpp */; };
		4B1112AC1F820C1F00AFDDFC /* Matrix4.cpp in Sources */ = {isa = PBXBuildFile; fileRef = 4BF32B841F64D4B9000639FB /* Matrix4.cpp */; };
		4B15A94C1F241E2D000A689F /* Main.cpp in Sources */ = {isa = PBXBuildFile; fileRef = 4B15A93F1F24188E000A689F /* Main.cpp */; };
		4B15A94F1F241FEA000A689F /* OpenGL.framework in Frameworks */ = {isa = PBXBuildFile; fileRef = 4B15A94E1F241FEA000A689F /* OpenGL.framework */; };
		4B15A9521F2428C5000A689F /* GEngine.cpp in Sources */ = {isa = PBXBuildFile; fileRef = 4B15A9501F2428C5000A689F /* GEngine.cpp */; };
		4B15A9561F242C55000A689F /* Renderer.cpp in Sources */ = {isa = PBXBuildFile; fileRef = 4B15A9541F242C55000A689F /* Renderer.cpp */; };
		4B15A9581F242ECF000A689F /* CoreFoundation.framework in Frameworks */ = {isa = PBXBuildFile; fileRef = 4B15A9571F242ECF000A689F /* CoreFoundation.framework */; };
		4B15A95C1F243349000A689F /* SDLLog.cpp in Sources */ = {isa = PBXBuildFile; fileRef = 4B15A95A1F243349000A689F /* SDLLog.cpp */; };
		4B17D701206072E400EBD298 /* SoundtrackPlayer.cpp in Sources */ = {isa = PBXBuildFile; fileRef = 4B17D700206072E400EBD298 /* SoundtrackPlayer.cpp */; };
		4B17D707206098B100EBD298 /* GameCamera.cpp in Sources */ = {isa = PBXBuildFile; fileRef = 4B17D706206098B100EBD298 /* GameCamera.cpp */; };
		4B22F4E7217170A00065B152 /* Assets.xcassets in Resources */ = {isa = PBXBuildFile; fileRef = 4B22F4E6217170A00065B152 /* Assets.xcassets */; };
		4B22F4EA217170A00065B152 /* Main.storyboard in Resources */ = {isa = PBXBuildFile; fileRef = 4B22F4E8217170A00065B152 /* Main.storyboard */; };
		4B22F4F22174073D0065B152 /* Cursor.cpp in Sources */ = {isa = PBXBuildFile; fileRef = 4B85421120A905B600DE8C0D /* Cursor.cpp */; };
		4B22F4F32174073D0065B152 /* Font.cpp in Sources */ = {isa = PBXBuildFile; fileRef = 4BBB34B4214F72BB0069B2E9 /* Font.cpp */; };
		4B22F4F42174073D0065B152 /* UIImage.cpp in Sources */ = {isa = PBXBuildFile; fileRef = 4B08C912213747980028FEB3 /* UIImage.cpp */; };
		4B22F4F52174073D0065B152 /* UILabel.cpp in Sources */ = {isa = PBXBuildFile; fileRef = 4B84A13821697223003B4C3F /* UILabel.cpp */; };
		4B22F4F62174073D0065B152 /* UIWidget.cpp in Sources */ = {isa = PBXBuildFile; fileRef = 4B08C90F213745070028FEB3 /* UIWidget.cpp */; };
		4B22F4F7217407460065B152 /* imstream.cpp in Sources */ = {isa = PBXBuildFile; fileRef = 4B02A3B31F5269E9000540A7 /* imstream.cpp */; };
		4B22F4F8217407460065B152 /* membuf.cpp in Sources */ = {isa = PBXBuildFile; fileRef = 4B02A3B01F526529000540A7 /* membuf.cpp */; };
		4B22F4F9217407460065B152 /* StringTokenizer.cpp in Sources */ = {isa = PBXBuildFile; fileRef = 4BACA50C20F72663008C7FE9 /* StringTokenizer.cpp */; };
		4B22F4FA217407460065B152 /* CallbackFunction.cpp in Sources */ = {isa = PBXBuildFile; fileRef = 4B08C9082137284C0028FEB3 /* CallbackFunction.cpp */; };
		4B22F4FB217407460065B152 /* CallbackMethod.cpp in Sources */ = {isa = PBXBuildFile; fileRef = 4B08C90B21372A710028FEB3 /* CallbackMethod.cpp */; };
		4B22F4FC217407470065B152 /* imstream.cpp in Sources */ = {isa = PBXBuildFile; fileRef = 4B02A3B31F5269E9000540A7 /* imstream.cpp */; };
		4B22F4FD217407470065B152 /* membuf.cpp in Sources */ = {isa = PBXBuildFile; fileRef = 4B02A3B01F526529000540A7 /* membuf.cpp */; };
		4B22F4FE217407470065B152 /* StringTokenizer.cpp in Sources */ = {isa = PBXBuildFile; fileRef = 4BACA50C20F72663008C7FE9 /* StringTokenizer.cpp */; };
		4B22F4FF217407470065B152 /* CallbackFunction.cpp in Sources */ = {isa = PBXBuildFile; fileRef = 4B08C9082137284C0028FEB3 /* CallbackFunction.cpp */; };
		4B22F500217407470065B152 /* CallbackMethod.cpp in Sources */ = {isa = PBXBuildFile; fileRef = 4B08C90B21372A710028FEB3 /* CallbackMethod.cpp */; };
		4B22F501217407530065B152 /* lex.yy.cc in Sources */ = {isa = PBXBuildFile; fileRef = 4B2ACE0C1F25C45F003EC7FE /* lex.yy.cc */; };
		4B22F502217407530065B152 /* sheep.tab.cc in Sources */ = {isa = PBXBuildFile; fileRef = 4B2ACE091F25C20B003EC7FE /* sheep.tab.cc */; };
		4B22F503217407530065B152 /* SheepAPI.cpp in Sources */ = {isa = PBXBuildFile; fileRef = 4B4B4AE22091B80700391827 /* SheepAPI.cpp */; };
		4B22F504217407530065B152 /* SheepCompiler.cpp in Sources */ = {isa = PBXBuildFile; fileRef = 4B2ACE111F25D310003EC7FE /* SheepCompiler.cpp */; };
		4B22F505217407530065B152 /* SheepManager.cpp in Sources */ = {isa = PBXBuildFile; fileRef = 4B294CE020B9E8BC00039F48 /* SheepManager.cpp */; };
		4B22F506217407530065B152 /* SheepScript.cpp in Sources */ = {isa = PBXBuildFile; fileRef = 4B2ACDF61F25873C003EC7FE /* SheepScript.cpp */; };
		4B22F507217407530065B152 /* SheepScriptBuilder.cpp in Sources */ = {isa = PBXBuildFile; fileRef = 4BAF4BD0209A15F1006472E0 /* SheepScriptBuilder.cpp */; };
		4B22F508217407530065B152 /* SheepVM.cpp in Sources */ = {isa = PBXBuildFile; fileRef = 4BE75D32208D7E7B007031A3 /* SheepVM.cpp */; };
		4B22F509217407530065B152 /* Skybox.cpp in Sources */ = {isa = PBXBuildFile; fileRef = 4BD673CB20B1119E00795582 /* Skybox.cpp */; };
		4B22F50A2174075B0065B152 /* BSP.cpp in Sources */ = {isa = PBXBuildFile; fileRef = 4B99229C2031735500184755 /* BSP.cpp */; };
		4B22F50B2174075B0065B152 /* NVC.cpp in Sources */ = {isa = PBXBuildFile; fileRef = 4BCBCF462043A90F001BE1E0 /* NVC.cpp */; };
		4B22F50C2174075B0065B152 /* Scene.cpp in Sources */ = {isa = PBXBuildFile; fileRef = 4B2E7A61203A5CB3001A5B9C /* Scene.cpp */; };
		4B22F50D2174075B0065B152 /* SceneData.cpp in Sources */ = {isa = PBXBuildFile; fileRef = 4B2E7A64203A6072001A5B9C /* SceneData.cpp */; };
		4B22F50E2174075B0065B152 /* SIF.cpp in Sources */ = {isa = PBXBuildFile; fileRef = 4B2E7A5E203A0425001A5B9C /* SIF.cpp */; };
		4B22F50F2174075B0065B152 /* SDLLog.cpp in Sources */ = {isa = PBXBuildFile; fileRef = 4B15A95A1F243349000A689F /* SDLLog.cpp */; };
		4B22F5102174075B0065B152 /* Services.cpp in Sources */ = {isa = PBXBuildFile; fileRef = 4B09182D1FEED84D002991D4 /* Services.cpp */; };
		4B22F511217407640065B152 /* Color32.cpp in Sources */ = {isa = PBXBuildFile; fileRef = 4B84A13521684374003B4C3F /* Color32.cpp */; };
		4B22F512217407640065B152 /* GLVertexArray.cpp in Sources */ = {isa = PBXBuildFile; fileRef = 4BF32B871F67BC34000639FB /* GLVertexArray.cpp */; };
		4B22F513217407640065B152 /* Material.cpp in Sources */ = {isa = PBXBuildFile; fileRef = 4B8E830920F046750009A86B /* Material.cpp */; };
		4B22F514217407640065B152 /* Mesh.cpp in Sources */ = {isa = PBXBuildFile; fileRef = 4BD4CCE61FF1F7E3009665C7 /* Mesh.cpp */; };
		4B22F515217407640065B152 /* MeshRenderer.cpp in Sources */ = {isa = PBXBuildFile; fileRef = 4BD4CCE31FF1F5F5009665C7 /* MeshRenderer.cpp */; };
		4B22F516217407640065B152 /* Model.cpp in Sources */ = {isa = PBXBuildFile; fileRef = 4B4EED861F5CA5F4000065EF /* Model.cpp */; };
		4B22F517217407640065B152 /* Renderer.cpp in Sources */ = {isa = PBXBuildFile; fileRef = 4B15A9541F242C55000A689F /* Renderer.cpp */; };
		4B22F518217407640065B152 /* RenderPacket.cpp in Sources */ = {isa = PBXBuildFile; fileRef = 4B30B08D20F29594002D96D5 /* RenderPacket.cpp */; };
		4B22F519217407640065B152 /* Shader.cpp in Sources */ = {isa = PBXBuildFile; fileRef = 4BF32B8A1F67C434000639FB /* Shader.cpp */; };
		4B22F51A217407640065B152 /* Texture.cpp in Sources */ = {isa = PBXBuildFile; fileRef = 4B4621EA1FF741D800536BA6 /* Texture.cpp */; };
		4B22F51B2174076D0065B152 /* Matrix3.cpp in Sources */ = {isa = PBXBuildFile; fileRef = 4B0918351FEEEA51002991D4 /* Matrix3.cpp */; };
		4B22F51C2174076D0065B152 /* Matrix4.cpp in Sources */ = {isa = PBXBuildFile; fileRef = 4BF32B841F64D4B9000639FB /* Matrix4.cpp */; };
		4B22F51D2174076D0065B152 /* Plane.cpp in Sources */ = {isa = PBXBuildFile; fileRef = 4BFCD33720CDFFB4004FF9EA /* Plane.cpp */; };
		4B22F51E2174076D0065B152 /* Quaternion.cpp in Sources */ = {isa = PBXBuildFile; fileRef = 4B4300861FB7EE44009EDE58 /* Quaternion.cpp */; };
		4B22F51F2174076D0065B152 /* Ray.cpp in Sources */ = {isa = PBXBuildFile; fileRef = 4B53B0C8207AFE7E00663381 /* Ray.cpp */; };
		4B22F5202174076D0065B152 /* Vector2.cpp in Sources */ = {isa = PBXBuildFile; fileRef = 4BF751101F773E1A00B79D2F /* Vector2.cpp */; };
		4B22F5212174076D0065B152 /* Vector3.cpp in Sources */ = {isa = PBXBuildFile; fileRef = 4B4EED891F5CACEF000065EF /* Vector3.cpp */; };
		4B22F5222174076D0065B152 /* Vector4.cpp in Sources */ = {isa = PBXBuildFile; fileRef = 4BF7510D1F7737DD00B79D2F /* Vector4.cpp */; };
		4B22F524217407760065B152 /* minilzo.c in Sources */ = {isa = PBXBuildFile; fileRef = 4BE6EE331F441DC600BB29D5 /* minilzo.c */; };
		4B22F5252174078B0065B152 /* Actor.cpp in Sources */ = {isa = PBXBuildFile; fileRef = 4B0B67811F78DCD40023815F /* Actor.cpp */; };
		4B22F5262174078B0065B152 /* VertexAnimation.cpp in Sources */ = {isa = PBXBuildFile; fileRef = 4BDDCD5D20D6C4BC00701A89 /* VertexAnimation.cpp */; };
		4B22F5272174078B0065B152 /* Animation.cpp in Sources */ = {isa = PBXBuildFile; fileRef = 4B92319B2103AF1B0004F4F3 /* Animation.cpp */; };
		4B22F5282174078B0065B152 /* AnimationPlayer.cpp in Sources */ = {isa = PBXBuildFile; fileRef = 4B9231A1210D4E000004F4F3 /* AnimationPlayer.cpp */; };
		4B22F5292174078B0065B152 /* GAS.cpp in Sources */ = {isa = PBXBuildFile; fileRef = 4BACA50920F7132E008C7FE9 /* GAS.cpp */; };
		4B22F52A2174078B0065B152 /* GasPlayer.cpp in Sources */ = {isa = PBXBuildFile; fileRef = 4B92319E210999810004F4F3 /* GasPlayer.cpp */; };
		4B22F52B2174078B0065B152 /* Asset.cpp in Sources */ = {isa = PBXBuildFile; fileRef = 4B4621ED1FF7532A00536BA6 /* Asset.cpp */; };
		4B22F52C2174078B0065B152 /* AssetManager.cpp in Sources */ = {isa = PBXBuildFile; fileRef = 4BE15CB61F464FD800114779 /* AssetManager.cpp */; };
		4B22F52D2174078B0065B152 /* Audio.cpp in Sources */ = {isa = PBXBuildFile; fileRef = 4B7AB0431F539EB200CFBE8F /* Audio.cpp */; };
		4B22F52E2174078B0065B152 /* AudioListener.cpp in Sources */ = {isa = PBXBuildFile; fileRef = 4BD673D320B26F0C00795582 /* AudioListener.cpp */; };
		4B22F52F2174078B0065B152 /* AudioManager.cpp in Sources */ = {isa = PBXBuildFile; fileRef = 4B7C3A141F4EB07000BB0922 /* AudioManager.cpp */; };
		4B22F5302174078B0065B152 /* Soundtrack.cpp in Sources */ = {isa = PBXBuildFile; fileRef = 4BBB91B52058E53A007B9375 /* Soundtrack.cpp */; };
		4B22F5312174078B0065B152 /* SoundtrackPlayer.cpp in Sources */ = {isa = PBXBuildFile; fileRef = 4B17D700206072E400EBD298 /* SoundtrackPlayer.cpp */; };
		4B22F5322174078B0065B152 /* Yak.cpp in Sources */ = {isa = PBXBuildFile; fileRef = 4B85421420A9276200DE8C0D /* Yak.cpp */; };
		4B22F5332174078B0065B152 /* BarnFile.cpp in Sources */ = {isa = PBXBuildFile; fileRef = 4B76B57A1F35999B003F63E5 /* BarnFile.cpp */; };
		4B22F5342174078B0065B152 /* BinaryReader.cpp in Sources */ = {isa = PBXBuildFile; fileRef = 4B76B57E1F35B175003F63E5 /* BinaryReader.cpp */; };
		4B22F5352174078B0065B152 /* BinaryWriter.cpp in Sources */ = {isa = PBXBuildFile; fileRef = 4BD673D020B2555E00795582 /* BinaryWriter.cpp */; };
		4B22F5362174078B0065B152 /* CameraComponent.cpp in Sources */ = {isa = PBXBuildFile; fileRef = 4B00D32E1F8F3AD500D536D5 /* CameraComponent.cpp */; };
		4B22F5372174078B0065B152 /* Component.cpp in Sources */ = {isa = PBXBuildFile; fileRef = 4B1112AD1F821FFF00AFDDFC /* Component.cpp */; };
		4B22F5382174078B0065B152 /* GameCamera.cpp in Sources */ = {isa = PBXBuildFile; fileRef = 4B17D706206098B100EBD298 /* GameCamera.cpp */; };
		4B22F5392174078B0065B152 /* GEngine.cpp in Sources */ = {isa = PBXBuildFile; fileRef = 4B15A9501F2428C5000A689F /* GEngine.cpp */; };
		4B22F53A2174078B0065B152 /* GKActor.cpp in Sources */ = {isa = PBXBuildFile; fileRef = 4B9231A52117CFBC0004F4F3 /* GKActor.cpp */; };
		4B22F53B2174078B0065B152 /* IniParser.cpp in Sources */ = {isa = PBXBuildFile; fileRef = 4B2E7A5B2039FCF0001A5B9C /* IniParser.cpp */; };
		4B22F53C2174078B0065B152 /* InputManager.cpp in Sources */ = {isa = PBXBuildFile; fileRef = 4B09182F1FEED86B002991D4 /* InputManager.cpp */; };
		4B22F53D217409A10065B152 /* SDL2.framework in Frameworks */ = {isa = PBXBuildFile; fileRef = 4BB82829205665680054625A /* SDL2.framework */; };
		4B22F53E217409AE0065B152 /* CoreFoundation.framework in Frameworks */ = {isa = PBXBuildFile; fileRef = 4B15A9571F242ECF000A689F /* CoreFoundation.framework */; };
		4B22F53F217409B30065B152 /* OpenGL.framework in Frameworks */ = {isa = PBXBuildFile; fileRef = 4B15A94E1F241FEA000A689F /* OpenGL.framework */; };
		4B22F543217410830065B152 /* Main.cpp in Sources */ = {isa = PBXBuildFile; fileRef = 4B15A93F1F24188E000A689F /* Main.cpp */; };
		4B294CE120B9E8BC00039F48 /* SheepManager.cpp in Sources */ = {isa = PBXBuildFile; fileRef = 4B294CE020B9E8BC00039F48 /* SheepManager.cpp */; };
		4B2ACDF81F25873C003EC7FE /* SheepScript.cpp in Sources */ = {isa = PBXBuildFile; fileRef = 4B2ACDF61F25873C003EC7FE /* SheepScript.cpp */; };
		4B2ACE0B1F25C20B003EC7FE /* sheep.tab.cc in Sources */ = {isa = PBXBuildFile; fileRef = 4B2ACE091F25C20B003EC7FE /* sheep.tab.cc */; };
		4B2ACE0D1F25C45F003EC7FE /* lex.yy.cc in Sources */ = {isa = PBXBuildFile; fileRef = 4B2ACE0C1F25C45F003EC7FE /* lex.yy.cc */; };
		4B2ACE131F25D310003EC7FE /* SheepCompiler.cpp in Sources */ = {isa = PBXBuildFile; fileRef = 4B2ACE111F25D310003EC7FE /* SheepCompiler.cpp */; };
		4B2E7A5C2039FCF0001A5B9C /* IniParser.cpp in Sources */ = {isa = PBXBuildFile; fileRef = 4B2E7A5B2039FCF0001A5B9C /* IniParser.cpp */; };
		4B2E7A5F203A0425001A5B9C /* SIF.cpp in Sources */ = {isa = PBXBuildFile; fileRef = 4B2E7A5E203A0425001A5B9C /* SIF.cpp */; };
		4B2E7A62203A5CB3001A5B9C /* Scene.cpp in Sources */ = {isa = PBXBuildFile; fileRef = 4B2E7A61203A5CB3001A5B9C /* Scene.cpp */; };
		4B2E7A65203A6072001A5B9C /* SceneData.cpp in Sources */ = {isa = PBXBuildFile; fileRef = 4B2E7A64203A6072001A5B9C /* SceneData.cpp */; };
		4B30B08E20F29594002D96D5 /* RenderPacket.cpp in Sources */ = {isa = PBXBuildFile; fileRef = 4B30B08D20F29594002D96D5 /* RenderPacket.cpp */; };
		4B39E8872082DFC800DB3F52 /* Matrix3.cpp in Sources */ = {isa = PBXBuildFile; fileRef = 4B0918351FEEEA51002991D4 /* Matrix3.cpp */; };
		4B39E8882082DFCF00DB3F52 /* Vector2.cpp in Sources */ = {isa = PBXBuildFile; fileRef = 4BF751101F773E1A00B79D2F /* Vector2.cpp */; };
		4B4300871FB7EE44009EDE58 /* Quaternion.cpp in Sources */ = {isa = PBXBuildFile; fileRef = 4B4300861FB7EE44009EDE58 /* Quaternion.cpp */; };
		4B4300881FB7EE44009EDE58 /* Quaternion.cpp in Sources */ = {isa = PBXBuildFile; fileRef = 4B4300861FB7EE44009EDE58 /* Quaternion.cpp */; };
		4B4621EB1FF741D800536BA6 /* Texture.cpp in Sources */ = {isa = PBXBuildFile; fileRef = 4B4621EA1FF741D800536BA6 /* Texture.cpp */; };
		4B4621EE1FF7532A00536BA6 /* Asset.cpp in Sources */ = {isa = PBXBuildFile; fileRef = 4B4621ED1FF7532A00536BA6 /* Asset.cpp */; };
		4B4B4AE32091B80700391827 /* SheepAPI.cpp in Sources */ = {isa = PBXBuildFile; fileRef = 4B4B4AE22091B80700391827 /* SheepAPI.cpp */; };
		4B4EED881F5CA5F4000065EF /* Model.cpp in Sources */ = {isa = PBXBuildFile; fileRef = 4B4EED861F5CA5F4000065EF /* Model.cpp */; };
		4B4EED8B1F5CACEF000065EF /* Vector3.cpp in Sources */ = {isa = PBXBuildFile; fileRef = 4B4EED891F5CACEF000065EF /* Vector3.cpp */; };
		4B53B0C9207AFE7E00663381 /* Ray.cpp in Sources */ = {isa = PBXBuildFile; fileRef = 4B53B0C8207AFE7E00663381 /* Ray.cpp */; };
		4B563A2F1FDA55010049D30D /* QuaternionTests.cpp in Sources */ = {isa = PBXBuildFile; fileRef = 4B563A2D1FDA3D5B0049D30D /* QuaternionTests.cpp */; };
		4B76B57C1F35999B003F63E5 /* BarnFile.cpp in Sources */ = {isa = PBXBuildFile; fileRef = 4B76B57A1F35999B003F63E5 /* BarnFile.cpp */; };
		4B76B5801F35B175003F63E5 /* BinaryReader.cpp in Sources */ = {isa = PBXBuildFile; fileRef = 4B76B57E1F35B175003F63E5 /* BinaryReader.cpp */; };
		4B79F8071F9C09F2008C6FEE /* VectorTests.cpp in Sources */ = {isa = PBXBuildFile; fileRef = 4B79F8061F9C09F2008C6FEE /* VectorTests.cpp */; };
		4B79F8081F9C0D54008C6FEE /* Vector3.cpp in Sources */ = {isa = PBXBuildFile; fileRef = 4B4EED891F5CACEF000065EF /* Vector3.cpp */; };
		4B79F8091F9D7A88008C6FEE /* Vector4.cpp in Sources */ = {isa = PBXBuildFile; fileRef = 4BF7510D1F7737DD00B79D2F /* Vector4.cpp */; };
		4B7AB0451F539EB200CFBE8F /* Audio.cpp in Sources */ = {isa = PBXBuildFile; fileRef = 4B7AB0431F539EB200CFBE8F /* Audio.cpp */; };
		4B7C3A161F4EB07000BB0922 /* AudioManager.cpp in Sources */ = {isa = PBXBuildFile; fileRef = 4B7C3A141F4EB07000BB0922 /* AudioManager.cpp */; };
		4B84A13621684374003B4C3F /* Color32.cpp in Sources */ = {isa = PBXBuildFile; fileRef = 4B84A13521684374003B4C3F /* Color32.cpp */; };
		4B84A13921697223003B4C3F /* UILabel.cpp in Sources */ = {isa = PBXBuildFile; fileRef = 4B84A13821697223003B4C3F /* UILabel.cpp */; };
		4B85421220A905B600DE8C0D /* Cursor.cpp in Sources */ = {isa = PBXBuildFile; fileRef = 4B85421120A905B600DE8C0D /* Cursor.cpp */; };
		4B85421520A9276200DE8C0D /* Yak.cpp in Sources */ = {isa = PBXBuildFile; fileRef = 4B85421420A9276200DE8C0D /* Yak.cpp */; };
		4B8E830A20F046750009A86B /* Material.cpp in Sources */ = {isa = PBXBuildFile; fileRef = 4B8E830920F046750009A86B /* Material.cpp */; };
		4B92319C2103AF1B0004F4F3 /* Animation.cpp in Sources */ = {isa = PBXBuildFile; fileRef = 4B92319B2103AF1B0004F4F3 /* Animation.cpp */; };
		4B92319F210999810004F4F3 /* GasPlayer.cpp in Sources */ = {isa = PBXBuildFile; fileRef = 4B92319E210999810004F4F3 /* GasPlayer.cpp */; };
		4B9231A2210D4E000004F4F3 /* AnimationPlayer.cpp in Sources */ = {isa = PBXBuildFile; fileRef = 4B9231A1210D4E000004F4F3 /* AnimationPlayer.cpp */; };
		4B9231A62117CFBC0004F4F3 /* GKActor.cpp in Sources */ = {isa = PBXBuildFile; fileRef = 4B9231A52117CFBC0004F4F3 /* GKActor.cpp */; };
		4B99229D2031735500184755 /* BSP.cpp in Sources */ = {isa = PBXBuildFile; fileRef = 4B99229C2031735500184755 /* BSP.cpp */; };
		4BACA50A20F7132E008C7FE9 /* GAS.cpp in Sources */ = {isa = PBXBuildFile; fileRef = 4BACA50920F7132E008C7FE9 /* GAS.cpp */; };
		4BAF4BD1209A15F1006472E0 /* SheepScriptBuilder.cpp in Sources */ = {isa = PBXBuildFile; fileRef = 4BAF4BD0209A15F1006472E0 /* SheepScriptBuilder.cpp */; };
		4BBB34B5214F72BB0069B2E9 /* Font.cpp in Sources */ = {isa = PBXBuildFile; fileRef = 4BBB34B4214F72BB0069B2E9 /* Font.cpp */; };
		4BBB91B62058E53A007B9375 /* Soundtrack.cpp in Sources */ = {isa = PBXBuildFile; fileRef = 4BBB91B52058E53A007B9375 /* Soundtrack.cpp */; };
		4BCBCF472043A90F001BE1E0 /* NVC.cpp in Sources */ = {isa = PBXBuildFile; fileRef = 4BCBCF462043A90F001BE1E0 /* NVC.cpp */; };
		4BCF4B25205672350045EDC8 /* SDL2.framework in Frameworks */ = {isa = PBXBuildFile; fileRef = 4BB82829205665680054625A /* SDL2.framework */; };
		4BCF4B26205672400045EDC8 /* SDL2_mixer.framework in Frameworks */ = {isa = PBXBuildFile; fileRef = 4BB8282B205665750054625A /* SDL2_mixer.framework */; };
		4BD4CCE41FF1F5F5009665C7 /* MeshRenderer.cpp in Sources */ = {isa = PBXBuildFile; fileRef = 4BD4CCE31FF1F5F5009665C7 /* MeshRenderer.cpp */; };
		4BD4CCE71FF1F7E3009665C7 /* Mesh.cpp in Sources */ = {isa = PBXBuildFile; fileRef = 4BD4CCE61FF1F7E3009665C7 /* Mesh.cpp */; };
		4BD673CC20B1119E00795582 /* Skybox.cpp in Sources */ = {isa = PBXBuildFile; fileRef = 4BD673CB20B1119E00795582 /* Skybox.cpp */; };
		4BD673D120B2555E00795582 /* BinaryWriter.cpp in Sources */ = {isa = PBXBuildFile; fileRef = 4BD673D020B2555E00795582 /* BinaryWriter.cpp */; };
		4BD673D420B26F0C00795582 /* AudioListener.cpp in Sources */ = {isa = PBXBuildFile; fileRef = 4BD673D320B26F0C00795582 /* AudioListener.cpp */; };
		4BDDCD5E20D6C4BC00701A89 /* VertexAnimation.cpp in Sources */ = {isa = PBXBuildFile; fileRef = 4BDDCD5D20D6C4BC00701A89 /* VertexAnimation.cpp */; };
		4BE15CB81F464FD800114779 /* AssetManager.cpp in Sources */ = {isa = PBXBuildFile; fileRef = 4BE15CB61F464FD800114779 /* AssetManager.cpp */; };
		4BE6EE341F441DC600BB29D5 /* minilzo.c in Sources */ = {isa = PBXBuildFile; fileRef = 4BE6EE331F441DC600BB29D5 /* minilzo.c */; };
		4BE75D33208D7E7B007031A3 /* SheepVM.cpp in Sources */ = {isa = PBXBuildFile; fileRef = 4BE75D32208D7E7B007031A3 /* SheepVM.cpp */; };
		4BF32B861F64D4B9000639FB /* Matrix4.cpp in Sources */ = {isa = PBXBuildFile; fileRef = 4BF32B841F64D4B9000639FB /* Matrix4.cpp */; };
		4BF32B891F67BC34000639FB /* GLVertexArray.cpp in Sources */ = {isa = PBXBuildFile; fileRef = 4BF32B871F67BC34000639FB /* GLVertexArray.cpp */; };
		4BF32B8C1F67C434000639FB /* Shader.cpp in Sources */ = {isa = PBXBuildFile; fileRef = 4BF32B8A1F67C434000639FB /* Shader.cpp */; };
		4BF7510F1F7737DD00B79D2F /* Vector4.cpp in Sources */ = {isa = PBXBuildFile; fileRef = 4BF7510D1F7737DD00B79D2F /* Vector4.cpp */; };
		4BF751121F773E1A00B79D2F /* Vector2.cpp in Sources */ = {isa = PBXBuildFile; fileRef = 4BF751101F773E1A00B79D2F /* Vector2.cpp */; };
		4BFCD33820CDFFB4004FF9EA /* Plane.cpp in Sources */ = {isa = PBXBuildFile; fileRef = 4BFCD33720CDFFB4004FF9EA /* Plane.cpp */; };
/* End PBXBuildFile section */

/* Begin PBXCopyFilesBuildPhase section */
		4B1112991F820A6D00AFDDFC /* CopyFiles */ = {
			isa = PBXCopyFilesBuildPhase;
			buildActionMask = 2147483647;
			dstPath = /usr/share/man/man1/;
			dstSubfolderSpec = 0;
			files = (
			);
			runOnlyForDeploymentPostprocessing = 1;
		};
		4B15A9421F241DC8000A689F /* CopyFiles */ = {
			isa = PBXCopyFilesBuildPhase;
			buildActionMask = 2147483647;
			dstPath = /usr/share/man/man1/;
			dstSubfolderSpec = 0;
			files = (
			);
			runOnlyForDeploymentPostprocessing = 1;
		};
/* End PBXCopyFilesBuildPhase section */

/* Begin PBXFileReference section */
		4B00D32E1F8F3AD500D536D5 /* CameraComponent.cpp */ = {isa = PBXFileReference; lastKnownFileType = sourcecode.cpp.cpp; name = CameraComponent.cpp; path = ../Source/CameraComponent.cpp; sourceTree = "<group>"; };
		4B00D32F1F8F3AD500D536D5 /* CameraComponent.h */ = {isa = PBXFileReference; lastKnownFileType = sourcecode.c.h; name = CameraComponent.h; path = ../Source/CameraComponent.h; sourceTree = "<group>"; };
		4B02A3B01F526529000540A7 /* membuf.cpp */ = {isa = PBXFileReference; fileEncoding = 4; lastKnownFileType = sourcecode.cpp.cpp; name = membuf.cpp; path = ../Source/membuf.cpp; sourceTree = "<group>"; };
		4B02A3B11F526529000540A7 /* membuf.h */ = {isa = PBXFileReference; fileEncoding = 4; lastKnownFileType = sourcecode.c.h; name = membuf.h; path = ../Source/membuf.h; sourceTree = "<group>"; };
		4B02A3B31F5269E9000540A7 /* imstream.cpp */ = {isa = PBXFileReference; fileEncoding = 4; lastKnownFileType = sourcecode.cpp.cpp; name = imstream.cpp; path = ../Source/imstream.cpp; sourceTree = "<group>"; };
		4B02A3B41F5269E9000540A7 /* imstream.h */ = {isa = PBXFileReference; fileEncoding = 4; lastKnownFileType = sourcecode.c.h; name = imstream.h; path = ../Source/imstream.h; sourceTree = "<group>"; };
		4B08C9072137284C0028FEB3 /* CallbackFunction.h */ = {isa = PBXFileReference; lastKnownFileType = sourcecode.c.h; name = CallbackFunction.h; path = ../Source/CallbackFunction.h; sourceTree = "<group>"; };
		4B08C9082137284C0028FEB3 /* CallbackFunction.cpp */ = {isa = PBXFileReference; lastKnownFileType = sourcecode.cpp.cpp; name = CallbackFunction.cpp; path = ../Source/CallbackFunction.cpp; sourceTree = "<group>"; };
		4B08C90A21372A710028FEB3 /* CallbackMethod.h */ = {isa = PBXFileReference; lastKnownFileType = sourcecode.c.h; name = CallbackMethod.h; path = ../Source/CallbackMethod.h; sourceTree = "<group>"; };
		4B08C90B21372A710028FEB3 /* CallbackMethod.cpp */ = {isa = PBXFileReference; lastKnownFileType = sourcecode.cpp.cpp; name = CallbackMethod.cpp; path = ../Source/CallbackMethod.cpp; sourceTree = "<group>"; };
		4B08C90E213745070028FEB3 /* UIWidget.h */ = {isa = PBXFileReference; lastKnownFileType = sourcecode.c.h; name = UIWidget.h; path = ../Source/UIWidget.h; sourceTree = "<group>"; };
		4B08C90F213745070028FEB3 /* UIWidget.cpp */ = {isa = PBXFileReference; lastKnownFileType = sourcecode.cpp.cpp; name = UIWidget.cpp; path = ../Source/UIWidget.cpp; sourceTree = "<group>"; };
		4B08C911213747980028FEB3 /* UIImage.h */ = {isa = PBXFileReference; lastKnownFileType = sourcecode.c.h; name = UIImage.h; path = ../Source/UIImage.h; sourceTree = "<group>"; };
		4B08C912213747980028FEB3 /* UIImage.cpp */ = {isa = PBXFileReference; lastKnownFileType = sourcecode.cpp.cpp; name = UIImage.cpp; path = ../Source/UIImage.cpp; sourceTree = "<group>"; };
		4B09182C1FEED84D002991D4 /* Services.h */ = {isa = PBXFileReference; lastKnownFileType = sourcecode.c.h; name = Services.h; path = ../Source/Services.h; sourceTree = "<group>"; };
		4B09182D1FEED84D002991D4 /* Services.cpp */ = {isa = PBXFileReference; lastKnownFileType = sourcecode.cpp.cpp; name = Services.cpp; path = ../Source/Services.cpp; sourceTree = "<group>"; };
		4B09182F1FEED86B002991D4 /* InputManager.cpp */ = {isa = PBXFileReference; fileEncoding = 4; lastKnownFileType = sourcecode.cpp.cpp; name = InputManager.cpp; path = ../Source/InputManager.cpp; sourceTree = "<group>"; };
		4B0918301FEED86B002991D4 /* InputManager.h */ = {isa = PBXFileReference; fileEncoding = 4; lastKnownFileType = sourcecode.c.h; name = InputManager.h; path = ../Source/InputManager.h; sourceTree = "<group>"; };
		4B0918341FEEEA51002991D4 /* Matrix3.h */ = {isa = PBXFileReference; lastKnownFileType = sourcecode.c.h; name = Matrix3.h; path = ../Source/Matrix3.h; sourceTree = "<group>"; };
		4B0918351FEEEA51002991D4 /* Matrix3.cpp */ = {isa = PBXFileReference; lastKnownFileType = sourcecode.cpp.cpp; name = Matrix3.cpp; path = ../Source/Matrix3.cpp; sourceTree = "<group>"; };
		4B0B67811F78DCD40023815F /* Actor.cpp */ = {isa = PBXFileReference; lastKnownFileType = sourcecode.cpp.cpp; name = Actor.cpp; path = ../Source/Actor.cpp; sourceTree = "<group>"; };
		4B0B67821F78DCD40023815F /* Actor.h */ = {isa = PBXFileReference; lastKnownFileType = sourcecode.c.h; name = Actor.h; path = ../Source/Actor.h; sourceTree = "<group>"; };
		4B0E2A571F74F5650019D4AD /* 3D-Diffuse-Tex.frag */ = {isa = PBXFileReference; fileEncoding = 4; lastKnownFileType = sourcecode.glsl; name = "3D-Diffuse-Tex.frag"; path = "../Assets/3D-Diffuse-Tex.frag"; sourceTree = "<group>"; };
		4B0E2A581F74F5650019D4AD /* 3D-Diffuse-Tex.vert */ = {isa = PBXFileReference; fileEncoding = 4; lastKnownFileType = sourcecode.glsl; name = "3D-Diffuse-Tex.vert"; path = "../Assets/3D-Diffuse-Tex.vert"; sourceTree = "<group>"; };
		4B11129B1F820A6D00AFDDFC /* GEngine-Tests */ = {isa = PBXFileReference; explicitFileType = "compiled.mach-o.executable"; includeInIndex = 0; path = "GEngine-Tests"; sourceTree = BUILT_PRODUCTS_DIR; };
		4B1112A61F820AC100AFDDFC /* catch.hh */ = {isa = PBXFileReference; fileEncoding = 4; lastKnownFileType = sourcecode.cpp.h; name = catch.hh; path = ../Tests/catch.hh; sourceTree = "<group>"; };
		4B1112A71F820B0400AFDDFC /* TestMain.cpp */ = {isa = PBXFileReference; lastKnownFileType = sourcecode.cpp.cpp; name = TestMain.cpp; path = ../Tests/TestMain.cpp; sourceTree = "<group>"; };
		4B1112AA1F820BD000AFDDFC /* Matrix4Tests.cpp */ = {isa = PBXFileReference; lastKnownFileType = sourcecode.cpp.cpp; name = Matrix4Tests.cpp; path = ../Tests/Matrix4Tests.cpp; sourceTree = "<group>"; };
		4B1112AD1F821FFF00AFDDFC /* Component.cpp */ = {isa = PBXFileReference; lastKnownFileType = sourcecode.cpp.cpp; name = Component.cpp; path = ../Source/Component.cpp; sourceTree = "<group>"; };
		4B1112AE1F821FFF00AFDDFC /* Component.h */ = {isa = PBXFileReference; lastKnownFileType = sourcecode.c.h; name = Component.h; path = ../Source/Component.h; sourceTree = "<group>"; };
		4B15A93F1F24188E000A689F /* Main.cpp */ = {isa = PBXFileReference; lastKnownFileType = sourcecode.cpp.cpp; name = Main.cpp; path = ../Source/Main.cpp; sourceTree = "<group>"; };
		4B15A9441F241DC8000A689F /* GEngine-MacOS */ = {isa = PBXFileReference; explicitFileType = "compiled.mach-o.executable"; includeInIndex = 0; path = "GEngine-MacOS"; sourceTree = BUILT_PRODUCTS_DIR; };
		4B15A94E1F241FEA000A689F /* OpenGL.framework */ = {isa = PBXFileReference; lastKnownFileType = wrapper.framework; name = OpenGL.framework; path = System/Library/Frameworks/OpenGL.framework; sourceTree = SDKROOT; };
		4B15A9501F2428C5000A689F /* GEngine.cpp */ = {isa = PBXFileReference; fileEncoding = 4; lastKnownFileType = sourcecode.cpp.cpp; name = GEngine.cpp; path = ../Source/GEngine.cpp; sourceTree = "<group>"; };
		4B15A9511F2428C5000A689F /* GEngine.h */ = {isa = PBXFileReference; fileEncoding = 4; lastKnownFileType = sourcecode.c.h; name = GEngine.h; path = ../Source/GEngine.h; sourceTree = "<group>"; };
		4B15A9541F242C55000A689F /* Renderer.cpp */ = {isa = PBXFileReference; fileEncoding = 4; lastKnownFileType = sourcecode.cpp.cpp; name = Renderer.cpp; path = ../Source/Renderer.cpp; sourceTree = "<group>"; };
		4B15A9551F242C55000A689F /* Renderer.h */ = {isa = PBXFileReference; fileEncoding = 4; lastKnownFileType = sourcecode.c.h; name = Renderer.h; path = ../Source/Renderer.h; sourceTree = "<group>"; };
		4B15A9571F242ECF000A689F /* CoreFoundation.framework */ = {isa = PBXFileReference; lastKnownFileType = wrapper.framework; name = CoreFoundation.framework; path = System/Library/Frameworks/CoreFoundation.framework; sourceTree = SDKROOT; };
		4B15A95A1F243349000A689F /* SDLLog.cpp */ = {isa = PBXFileReference; fileEncoding = 4; lastKnownFileType = sourcecode.cpp.cpp; name = SDLLog.cpp; path = ../Source/SDLLog.cpp; sourceTree = "<group>"; };
		4B15A95B1F243349000A689F /* SDLLog.h */ = {isa = PBXFileReference; fileEncoding = 4; lastKnownFileType = sourcecode.c.h; name = SDLLog.h; path = ../Source/SDLLog.h; sourceTree = "<group>"; };
		4B17D6FF206072E400EBD298 /* SoundtrackPlayer.h */ = {isa = PBXFileReference; lastKnownFileType = sourcecode.c.h; name = SoundtrackPlayer.h; path = ../Source/SoundtrackPlayer.h; sourceTree = "<group>"; };
		4B17D700206072E400EBD298 /* SoundtrackPlayer.cpp */ = {isa = PBXFileReference; lastKnownFileType = sourcecode.cpp.cpp; name = SoundtrackPlayer.cpp; path = ../Source/SoundtrackPlayer.cpp; sourceTree = "<group>"; };
		4B17D705206098B100EBD298 /* GameCamera.h */ = {isa = PBXFileReference; lastKnownFileType = sourcecode.c.h; name = GameCamera.h; path = ../Source/GameCamera.h; sourceTree = "<group>"; };
		4B17D706206098B100EBD298 /* GameCamera.cpp */ = {isa = PBXFileReference; lastKnownFileType = sourcecode.cpp.cpp; name = GameCamera.cpp; path = ../Source/GameCamera.cpp; sourceTree = "<group>"; };
		4B22F4D82171709F0065B152 /* gengine.app */ = {isa = PBXFileReference; explicitFileType = wrapper.application; includeInIndex = 0; path = gengine.app; sourceTree = BUILT_PRODUCTS_DIR; };
		4B22F4E6217170A00065B152 /* Assets.xcassets */ = {isa = PBXFileReference; lastKnownFileType = folder.assetcatalog; path = Assets.xcassets; sourceTree = "<group>"; };
		4B22F4E9217170A00065B152 /* Base */ = {isa = PBXFileReference; lastKnownFileType = file.storyboard; name = Base; path = Base.lproj/Main.storyboard; sourceTree = "<group>"; };
		4B22F4EB217170A00065B152 /* Info.plist */ = {isa = PBXFileReference; lastKnownFileType = text.plist.xml; path = Info.plist; sourceTree = "<group>"; };
		4B22F4EE217170A00065B152 /* gengine.entitlements */ = {isa = PBXFileReference; lastKnownFileType = text.plist.entitlements; path = gengine.entitlements; sourceTree = "<group>"; };
		4B294CDF20B9E8BC00039F48 /* SheepManager.h */ = {isa = PBXFileReference; lastKnownFileType = sourcecode.c.h; name = SheepManager.h; path = ../Source/Sheep/SheepManager.h; sourceTree = "<group>"; };
		4B294CE020B9E8BC00039F48 /* SheepManager.cpp */ = {isa = PBXFileReference; lastKnownFileType = sourcecode.cpp.cpp; name = SheepManager.cpp; path = ../Source/Sheep/SheepManager.cpp; sourceTree = "<group>"; };
		4B2ACDF61F25873C003EC7FE /* SheepScript.cpp */ = {isa = PBXFileReference; fileEncoding = 4; lastKnownFileType = sourcecode.cpp.cpp; name = SheepScript.cpp; path = ../Source/Sheep/SheepScript.cpp; sourceTree = "<group>"; };
		4B2ACDF71F25873C003EC7FE /* SheepScript.h */ = {isa = PBXFileReference; fileEncoding = 4; lastKnownFileType = sourcecode.c.h; name = SheepScript.h; path = ../Source/Sheep/SheepScript.h; sourceTree = "<group>"; };
		4B2ACE061F25C1FB003EC7FE /* stack.hh */ = {isa = PBXFileReference; fileEncoding = 4; lastKnownFileType = sourcecode.cpp.h; name = stack.hh; path = ../Source/Sheep/stack.hh; sourceTree = "<group>"; };
		4B2ACE071F25C20B003EC7FE /* location.hh */ = {isa = PBXFileReference; fileEncoding = 4; lastKnownFileType = sourcecode.cpp.h; name = location.hh; path = ../Source/Sheep/location.hh; sourceTree = "<group>"; };
		4B2ACE081F25C20B003EC7FE /* position.hh */ = {isa = PBXFileReference; fileEncoding = 4; lastKnownFileType = sourcecode.cpp.h; name = position.hh; path = ../Source/Sheep/position.hh; sourceTree = "<group>"; };
		4B2ACE091F25C20B003EC7FE /* sheep.tab.cc */ = {isa = PBXFileReference; fileEncoding = 4; lastKnownFileType = sourcecode.cpp.cpp; name = sheep.tab.cc; path = ../Source/Sheep/sheep.tab.cc; sourceTree = "<group>"; };
		4B2ACE0A1F25C20B003EC7FE /* sheep.tab.hh */ = {isa = PBXFileReference; fileEncoding = 4; lastKnownFileType = sourcecode.cpp.h; name = sheep.tab.hh; path = ../Source/Sheep/sheep.tab.hh; sourceTree = "<group>"; };
		4B2ACE0C1F25C45F003EC7FE /* lex.yy.cc */ = {isa = PBXFileReference; fileEncoding = 4; lastKnownFileType = sourcecode.cpp.cpp; name = lex.yy.cc; path = ../Source/Sheep/lex.yy.cc; sourceTree = "<group>"; };
		4B2ACE0F1F25CF08003EC7FE /* SheepScanner.h */ = {isa = PBXFileReference; fileEncoding = 4; lastKnownFileType = sourcecode.c.h; name = SheepScanner.h; path = ../Source/Sheep/SheepScanner.h; sourceTree = "<group>"; };
		4B2ACE111F25D310003EC7FE /* SheepCompiler.cpp */ = {isa = PBXFileReference; fileEncoding = 4; lastKnownFileType = sourcecode.cpp.cpp; name = SheepCompiler.cpp; path = ../Source/Sheep/SheepCompiler.cpp; sourceTree = "<group>"; };
		4B2ACE121F25D310003EC7FE /* SheepCompiler.h */ = {isa = PBXFileReference; fileEncoding = 4; lastKnownFileType = sourcecode.c.h; name = SheepCompiler.h; path = ../Source/Sheep/SheepCompiler.h; sourceTree = "<group>"; };
		4B2E7A5A2039FCF0001A5B9C /* IniParser.h */ = {isa = PBXFileReference; lastKnownFileType = sourcecode.c.h; name = IniParser.h; path = ../Source/IniParser.h; sourceTree = "<group>"; };
		4B2E7A5B2039FCF0001A5B9C /* IniParser.cpp */ = {isa = PBXFileReference; lastKnownFileType = sourcecode.cpp.cpp; name = IniParser.cpp; path = ../Source/IniParser.cpp; sourceTree = "<group>"; };
		4B2E7A5D203A0425001A5B9C /* SIF.h */ = {isa = PBXFileReference; lastKnownFileType = sourcecode.c.h; name = SIF.h; path = ../Source/SIF.h; sourceTree = "<group>"; };
		4B2E7A5E203A0425001A5B9C /* SIF.cpp */ = {isa = PBXFileReference; lastKnownFileType = sourcecode.cpp.cpp; name = SIF.cpp; path = ../Source/SIF.cpp; sourceTree = "<group>"; };
		4B2E7A60203A5CB3001A5B9C /* Scene.h */ = {isa = PBXFileReference; lastKnownFileType = sourcecode.c.h; name = Scene.h; path = ../Source/Scene.h; sourceTree = "<group>"; };
		4B2E7A61203A5CB3001A5B9C /* Scene.cpp */ = {isa = PBXFileReference; lastKnownFileType = sourcecode.cpp.cpp; name = Scene.cpp; path = ../Source/Scene.cpp; sourceTree = "<group>"; };
		4B2E7A63203A6072001A5B9C /* SceneData.h */ = {isa = PBXFileReference; lastKnownFileType = sourcecode.c.h; name = SceneData.h; path = ../Source/SceneData.h; sourceTree = "<group>"; };
		4B2E7A64203A6072001A5B9C /* SceneData.cpp */ = {isa = PBXFileReference; lastKnownFileType = sourcecode.cpp.cpp; name = SceneData.cpp; path = ../Source/SceneData.cpp; sourceTree = "<group>"; };
		4B30B08D20F29594002D96D5 /* RenderPacket.cpp */ = {isa = PBXFileReference; lastKnownFileType = sourcecode.cpp.cpp; name = RenderPacket.cpp; path = ../Source/RenderPacket.cpp; sourceTree = "<group>"; };
		4B4300851FB7EE44009EDE58 /* Quaternion.h */ = {isa = PBXFileReference; lastKnownFileType = sourcecode.c.h; name = Quaternion.h; path = ../Source/Quaternion.h; sourceTree = "<group>"; };
		4B4300861FB7EE44009EDE58 /* Quaternion.cpp */ = {isa = PBXFileReference; lastKnownFileType = sourcecode.cpp.cpp; name = Quaternion.cpp; path = ../Source/Quaternion.cpp; sourceTree = "<group>"; };
		4B4621E91FF741D800536BA6 /* Texture.h */ = {isa = PBXFileReference; lastKnownFileType = sourcecode.c.h; name = Texture.h; path = ../Source/Texture.h; sourceTree = "<group>"; };
		4B4621EA1FF741D800536BA6 /* Texture.cpp */ = {isa = PBXFileReference; lastKnownFileType = sourcecode.cpp.cpp; name = Texture.cpp; path = ../Source/Texture.cpp; sourceTree = "<group>"; };
		4B4621EC1FF7532A00536BA6 /* Asset.h */ = {isa = PBXFileReference; lastKnownFileType = sourcecode.c.h; name = Asset.h; path = ../Source/Asset.h; sourceTree = "<group>"; };
		4B4621ED1FF7532A00536BA6 /* Asset.cpp */ = {isa = PBXFileReference; lastKnownFileType = sourcecode.cpp.cpp; name = Asset.cpp; path = ../Source/Asset.cpp; sourceTree = "<group>"; };
		4B4B4ADE2091B5A000391827 /* Value.h */ = {isa = PBXFileReference; lastKnownFileType = sourcecode.c.h; name = Value.h; path = ../Source/Value.h; sourceTree = "<group>"; };
		4B4B4AE12091B80700391827 /* SheepAPI.h */ = {isa = PBXFileReference; lastKnownFileType = sourcecode.c.h; name = SheepAPI.h; path = ../Source/Sheep/SheepAPI.h; sourceTree = "<group>"; };
		4B4B4AE22091B80700391827 /* SheepAPI.cpp */ = {isa = PBXFileReference; lastKnownFileType = sourcecode.cpp.cpp; name = SheepAPI.cpp; path = ../Source/Sheep/SheepAPI.cpp; sourceTree = "<group>"; };
		4B4EED861F5CA5F4000065EF /* Model.cpp */ = {isa = PBXFileReference; fileEncoding = 4; lastKnownFileType = sourcecode.cpp.cpp; name = Model.cpp; path = ../Source/Model.cpp; sourceTree = "<group>"; };
		4B4EED871F5CA5F4000065EF /* Model.h */ = {isa = PBXFileReference; fileEncoding = 4; lastKnownFileType = sourcecode.c.h; name = Model.h; path = ../Source/Model.h; sourceTree = "<group>"; };
		4B4EED891F5CACEF000065EF /* Vector3.cpp */ = {isa = PBXFileReference; fileEncoding = 4; lastKnownFileType = sourcecode.cpp.cpp; name = Vector3.cpp; path = ../Source/Vector3.cpp; sourceTree = "<group>"; };
		4B4EED8A1F5CACEF000065EF /* Vector3.h */ = {isa = PBXFileReference; fileEncoding = 4; lastKnownFileType = sourcecode.c.h; name = Vector3.h; path = ../Source/Vector3.h; sourceTree = "<group>"; };
		4B53B0C7207AFE7E00663381 /* Ray.h */ = {isa = PBXFileReference; lastKnownFileType = sourcecode.c.h; name = Ray.h; path = ../Source/Ray.h; sourceTree = "<group>"; };
		4B53B0C8207AFE7E00663381 /* Ray.cpp */ = {isa = PBXFileReference; lastKnownFileType = sourcecode.cpp.cpp; name = Ray.cpp; path = ../Source/Ray.cpp; sourceTree = "<group>"; };
		4B5497F81FF80E0A00F1EF4F /* StringUtil.h */ = {isa = PBXFileReference; lastKnownFileType = sourcecode.c.h; name = StringUtil.h; path = ../Source/StringUtil.h; sourceTree = "<group>"; };
		4B563A2D1FDA3D5B0049D30D /* QuaternionTests.cpp */ = {isa = PBXFileReference; lastKnownFileType = sourcecode.cpp.cpp; name = QuaternionTests.cpp; path = ../Tests/QuaternionTests.cpp; sourceTree = "<group>"; };
		4B76B57A1F35999B003F63E5 /* BarnFile.cpp */ = {isa = PBXFileReference; fileEncoding = 4; lastKnownFileType = sourcecode.cpp.cpp; name = BarnFile.cpp; path = ../Source/Barn/BarnFile.cpp; sourceTree = "<group>"; };
		4B76B57B1F35999B003F63E5 /* BarnFile.h */ = {isa = PBXFileReference; fileEncoding = 4; lastKnownFileType = sourcecode.c.h; name = BarnFile.h; path = ../Source/Barn/BarnFile.h; sourceTree = "<group>"; };
		4B76B57E1F35B175003F63E5 /* BinaryReader.cpp */ = {isa = PBXFileReference; fileEncoding = 4; lastKnownFileType = sourcecode.cpp.cpp; name = BinaryReader.cpp; path = ../Source/Barn/BinaryReader.cpp; sourceTree = "<group>"; };
		4B76B57F1F35B175003F63E5 /* BinaryReader.h */ = {isa = PBXFileReference; fileEncoding = 4; lastKnownFileType = sourcecode.c.h; name = BinaryReader.h; path = ../Source/Barn/BinaryReader.h; sourceTree = "<group>"; };
		4B76B5821F3788FA003F63E5 /* BarnAsset.h */ = {isa = PBXFileReference; fileEncoding = 4; lastKnownFileType = sourcecode.c.h; name = BarnAsset.h; path = ../Source/Barn/BarnAsset.h; sourceTree = "<group>"; };
		4B79F8061F9C09F2008C6FEE /* VectorTests.cpp */ = {isa = PBXFileReference; lastKnownFileType = sourcecode.cpp.cpp; name = VectorTests.cpp; path = ../Tests/VectorTests.cpp; sourceTree = "<group>"; };
		4B7AB0431F539EB200CFBE8F /* Audio.cpp */ = {isa = PBXFileReference; fileEncoding = 4; lastKnownFileType = sourcecode.cpp.cpp; name = Audio.cpp; path = ../Source/Audio/Audio.cpp; sourceTree = "<group>"; };
		4B7AB0441F539EB200CFBE8F /* Audio.h */ = {isa = PBXFileReference; fileEncoding = 4; lastKnownFileType = sourcecode.c.h; name = Audio.h; path = ../Source/Audio/Audio.h; sourceTree = "<group>"; };
		4B7C3A141F4EB07000BB0922 /* AudioManager.cpp */ = {isa = PBXFileReference; fileEncoding = 4; lastKnownFileType = sourcecode.cpp.cpp; name = AudioManager.cpp; path = ../Source/AudioManager.cpp; sourceTree = "<group>"; };
		4B7C3A151F4EB07000BB0922 /* AudioManager.h */ = {isa = PBXFileReference; fileEncoding = 4; lastKnownFileType = sourcecode.c.h; name = AudioManager.h; path = ../Source/AudioManager.h; sourceTree = "<group>"; };
		4B84A13421684374003B4C3F /* Color32.h */ = {isa = PBXFileReference; lastKnownFileType = sourcecode.c.h; name = Color32.h; path = ../Source/Color32.h; sourceTree = "<group>"; };
		4B84A13521684374003B4C3F /* Color32.cpp */ = {isa = PBXFileReference; lastKnownFileType = sourcecode.cpp.cpp; name = Color32.cpp; path = ../Source/Color32.cpp; sourceTree = "<group>"; };
		4B84A13721697223003B4C3F /* UILabel.h */ = {isa = PBXFileReference; lastKnownFileType = sourcecode.c.h; name = UILabel.h; path = ../Source/UILabel.h; sourceTree = "<group>"; };
		4B84A13821697223003B4C3F /* UILabel.cpp */ = {isa = PBXFileReference; lastKnownFileType = sourcecode.cpp.cpp; name = UILabel.cpp; path = ../Source/UILabel.cpp; sourceTree = "<group>"; };
		4B85421020A905B600DE8C0D /* Cursor.h */ = {isa = PBXFileReference; lastKnownFileType = sourcecode.c.h; name = Cursor.h; path = ../Source/Cursor.h; sourceTree = "<group>"; };
		4B85421120A905B600DE8C0D /* Cursor.cpp */ = {isa = PBXFileReference; lastKnownFileType = sourcecode.cpp.cpp; name = Cursor.cpp; path = ../Source/Cursor.cpp; sourceTree = "<group>"; };
		4B85421320A9276200DE8C0D /* Yak.h */ = {isa = PBXFileReference; lastKnownFileType = sourcecode.c.h; name = Yak.h; path = ../Source/Audio/Yak.h; sourceTree = "<group>"; };
		4B85421420A9276200DE8C0D /* Yak.cpp */ = {isa = PBXFileReference; lastKnownFileType = sourcecode.cpp.cpp; name = Yak.cpp; path = ../Source/Audio/Yak.cpp; sourceTree = "<group>"; };
		4B8E830820F046750009A86B /* Material.h */ = {isa = PBXFileReference; lastKnownFileType = sourcecode.c.h; name = Material.h; path = ../Source/Material.h; sourceTree = "<group>"; };
		4B8E830920F046750009A86B /* Material.cpp */ = {isa = PBXFileReference; lastKnownFileType = sourcecode.cpp.cpp; name = Material.cpp; path = ../Source/Material.cpp; sourceTree = "<group>"; };
		4B8E830B20F148260009A86B /* RenderPacket.h */ = {isa = PBXFileReference; lastKnownFileType = sourcecode.c.h; name = RenderPacket.h; path = ../Source/RenderPacket.h; sourceTree = "<group>"; };
		4B92319A2103AF1B0004F4F3 /* Animation.h */ = {isa = PBXFileReference; lastKnownFileType = sourcecode.c.h; name = Animation.h; path = ../Source/Animation.h; sourceTree = "<group>"; };
		4B92319B2103AF1B0004F4F3 /* Animation.cpp */ = {isa = PBXFileReference; lastKnownFileType = sourcecode.cpp.cpp; name = Animation.cpp; path = ../Source/Animation.cpp; sourceTree = "<group>"; };
		4B92319D210999810004F4F3 /* GasPlayer.h */ = {isa = PBXFileReference; lastKnownFileType = sourcecode.c.h; name = GasPlayer.h; path = ../Source/GasPlayer.h; sourceTree = "<group>"; };
		4B92319E210999810004F4F3 /* GasPlayer.cpp */ = {isa = PBXFileReference; lastKnownFileType = sourcecode.cpp.cpp; name = GasPlayer.cpp; path = ../Source/GasPlayer.cpp; sourceTree = "<group>"; };
		4B9231A0210D4E000004F4F3 /* AnimationPlayer.h */ = {isa = PBXFileReference; lastKnownFileType = sourcecode.c.h; name = AnimationPlayer.h; path = ../Source/AnimationPlayer.h; sourceTree = "<group>"; };
		4B9231A1210D4E000004F4F3 /* AnimationPlayer.cpp */ = {isa = PBXFileReference; lastKnownFileType = sourcecode.cpp.cpp; name = AnimationPlayer.cpp; path = ../Source/AnimationPlayer.cpp; sourceTree = "<group>"; };
		4B9231A32112167F0004F4F3 /* Type.h */ = {isa = PBXFileReference; lastKnownFileType = sourcecode.c.h; name = Type.h; path = ../Source/Type.h; sourceTree = "<group>"; };
		4B9231A42117CFBC0004F4F3 /* GKActor.h */ = {isa = PBXFileReference; lastKnownFileType = sourcecode.c.h; name = GKActor.h; path = ../Source/GKActor.h; sourceTree = "<group>"; };
		4B9231A52117CFBC0004F4F3 /* GKActor.cpp */ = {isa = PBXFileReference; lastKnownFileType = sourcecode.cpp.cpp; name = GKActor.cpp; path = ../Source/GKActor.cpp; sourceTree = "<group>"; };
		4B99229B2031735500184755 /* BSP.h */ = {isa = PBXFileReference; lastKnownFileType = sourcecode.c.h; name = BSP.h; path = ../Source/BSP.h; sourceTree = "<group>"; };
		4B99229C2031735500184755 /* BSP.cpp */ = {isa = PBXFileReference; lastKnownFileType = sourcecode.cpp.cpp; name = BSP.cpp; path = ../Source/BSP.cpp; sourceTree = "<group>"; };
		4BACA50820F7132E008C7FE9 /* GAS.h */ = {isa = PBXFileReference; lastKnownFileType = sourcecode.c.h; name = GAS.h; path = ../Source/GAS.h; sourceTree = "<group>"; };
		4BACA50920F7132E008C7FE9 /* GAS.cpp */ = {isa = PBXFileReference; lastKnownFileType = sourcecode.cpp.cpp; name = GAS.cpp; path = ../Source/GAS.cpp; sourceTree = "<group>"; };
		4BACA50B20F72663008C7FE9 /* StringTokenizer.h */ = {isa = PBXFileReference; lastKnownFileType = sourcecode.c.h; name = StringTokenizer.h; path = ../Source/StringTokenizer.h; sourceTree = "<group>"; };
		4BACA50C20F72663008C7FE9 /* StringTokenizer.cpp */ = {isa = PBXFileReference; lastKnownFileType = sourcecode.cpp.cpp; name = StringTokenizer.cpp; path = ../Source/StringTokenizer.cpp; sourceTree = "<group>"; };
		4BAF4BCF209A15F1006472E0 /* SheepScriptBuilder.h */ = {isa = PBXFileReference; lastKnownFileType = sourcecode.c.h; name = SheepScriptBuilder.h; path = ../Source/Sheep/SheepScriptBuilder.h; sourceTree = "<group>"; };
		4BAF4BD0209A15F1006472E0 /* SheepScriptBuilder.cpp */ = {isa = PBXFileReference; lastKnownFileType = sourcecode.cpp.cpp; name = SheepScriptBuilder.cpp; path = ../Source/Sheep/SheepScriptBuilder.cpp; sourceTree = "<group>"; };
		4BB82829205665680054625A /* SDL2.framework */ = {isa = PBXFileReference; lastKnownFileType = wrapper.framework; name = SDL2.framework; path = ../Libraries/SDL/SDL2.framework; sourceTree = "<group>"; };
		4BB8282B205665750054625A /* SDL2_mixer.framework */ = {isa = PBXFileReference; lastKnownFileType = wrapper.framework; name = SDL2_mixer.framework; path = ../Libraries/SDL/SDL2_mixer.framework; sourceTree = "<group>"; };
		4BBB34B3214F72BB0069B2E9 /* Font.h */ = {isa = PBXFileReference; lastKnownFileType = sourcecode.c.h; name = Font.h; path = ../Source/Font.h; sourceTree = "<group>"; };
		4BBB34B4214F72BB0069B2E9 /* Font.cpp */ = {isa = PBXFileReference; lastKnownFileType = sourcecode.cpp.cpp; name = Font.cpp; path = ../Source/Font.cpp; sourceTree = "<group>"; };
		4BBB91B42058E53A007B9375 /* Soundtrack.h */ = {isa = PBXFileReference; lastKnownFileType = sourcecode.c.h; name = Soundtrack.h; path = ../Source/Audio/Soundtrack.h; sourceTree = "<group>"; };
		4BBB91B52058E53A007B9375 /* Soundtrack.cpp */ = {isa = PBXFileReference; lastKnownFileType = sourcecode.cpp.cpp; name = Soundtrack.cpp; path = ../Source/Audio/Soundtrack.cpp; sourceTree = "<group>"; };
		4BCBCF452043A90F001BE1E0 /* NVC.h */ = {isa = PBXFileReference; lastKnownFileType = sourcecode.c.h; name = NVC.h; path = ../Source/NVC.h; sourceTree = "<group>"; };
		4BCBCF462043A90F001BE1E0 /* NVC.cpp */ = {isa = PBXFileReference; lastKnownFileType = sourcecode.cpp.cpp; name = NVC.cpp; path = ../Source/NVC.cpp; sourceTree = "<group>"; };
		4BD4CCE21FF1F5F5009665C7 /* MeshRenderer.h */ = {isa = PBXFileReference; lastKnownFileType = sourcecode.c.h; name = MeshRenderer.h; path = ../Source/MeshRenderer.h; sourceTree = "<group>"; };
		4BD4CCE31FF1F5F5009665C7 /* MeshRenderer.cpp */ = {isa = PBXFileReference; lastKnownFileType = sourcecode.cpp.cpp; name = MeshRenderer.cpp; path = ../Source/MeshRenderer.cpp; sourceTree = "<group>"; };
		4BD4CCE51FF1F7E3009665C7 /* Mesh.h */ = {isa = PBXFileReference; lastKnownFileType = sourcecode.c.h; name = Mesh.h; path = ../Source/Mesh.h; sourceTree = "<group>"; };
		4BD4CCE61FF1F7E3009665C7 /* Mesh.cpp */ = {isa = PBXFileReference; lastKnownFileType = sourcecode.cpp.cpp; name = Mesh.cpp; path = ../Source/Mesh.cpp; sourceTree = "<group>"; };
		4BD673CA20B1119E00795582 /* Skybox.h */ = {isa = PBXFileReference; lastKnownFileType = sourcecode.c.h; name = Skybox.h; path = ../Source/Skybox.h; sourceTree = "<group>"; };
		4BD673CB20B1119E00795582 /* Skybox.cpp */ = {isa = PBXFileReference; lastKnownFileType = sourcecode.cpp.cpp; name = Skybox.cpp; path = ../Source/Skybox.cpp; sourceTree = "<group>"; };
		4BD673CD20B239CD00795582 /* 3D-Skybox.vert */ = {isa = PBXFileReference; fileEncoding = 4; lastKnownFileType = sourcecode.glsl; name = "3D-Skybox.vert"; path = "../Assets/3D-Skybox.vert"; sourceTree = "<group>"; };
		4BD673CE20B23B8800795582 /* 3D-Skybox.frag */ = {isa = PBXFileReference; fileEncoding = 4; lastKnownFileType = sourcecode.glsl; name = "3D-Skybox.frag"; path = "../Assets/3D-Skybox.frag"; sourceTree = "<group>"; };
		4BD673CF20B2555E00795582 /* BinaryWriter.h */ = {isa = PBXFileReference; lastKnownFileType = sourcecode.c.h; name = BinaryWriter.h; path = ../Source/BinaryWriter.h; sourceTree = "<group>"; };
		4BD673D020B2555E00795582 /* BinaryWriter.cpp */ = {isa = PBXFileReference; lastKnownFileType = sourcecode.cpp.cpp; name = BinaryWriter.cpp; path = ../Source/BinaryWriter.cpp; sourceTree = "<group>"; };
		4BD673D220B26F0C00795582 /* AudioListener.h */ = {isa = PBXFileReference; lastKnownFileType = sourcecode.c.h; name = AudioListener.h; path = ../Source/AudioListener.h; sourceTree = "<group>"; };
		4BD673D320B26F0C00795582 /* AudioListener.cpp */ = {isa = PBXFileReference; lastKnownFileType = sourcecode.cpp.cpp; name = AudioListener.cpp; path = ../Source/AudioListener.cpp; sourceTree = "<group>"; };
		4BD9C7DC1F95D1D80066DC89 /* Math.h */ = {isa = PBXFileReference; lastKnownFileType = sourcecode.c.h; name = Math.h; path = ../Source/Math.h; sourceTree = "<group>"; };
		4BDDCD5C20D6C4BC00701A89 /* VertexAnimation.h */ = {isa = PBXFileReference; lastKnownFileType = sourcecode.c.h; name = VertexAnimation.h; path = ../Source/VertexAnimation.h; sourceTree = "<group>"; };
		4BDDCD5D20D6C4BC00701A89 /* VertexAnimation.cpp */ = {isa = PBXFileReference; lastKnownFileType = sourcecode.cpp.cpp; name = VertexAnimation.cpp; path = ../Source/VertexAnimation.cpp; sourceTree = "<group>"; };
		4BE15CB61F464FD800114779 /* AssetManager.cpp */ = {isa = PBXFileReference; fileEncoding = 4; lastKnownFileType = sourcecode.cpp.cpp; name = AssetManager.cpp; path = ../Source/AssetManager.cpp; sourceTree = "<group>"; };
		4BE15CB71F464FD800114779 /* AssetManager.h */ = {isa = PBXFileReference; fileEncoding = 4; lastKnownFileType = sourcecode.c.h; name = AssetManager.h; path = ../Source/AssetManager.h; sourceTree = "<group>"; };
		4BE15CBC1F46620000114779 /* AtomicTypes.h */ = {isa = PBXFileReference; lastKnownFileType = sourcecode.c.h; name = AtomicTypes.h; path = ../Source/AtomicTypes.h; sourceTree = "<group>"; };
		4BE6EE331F441DC600BB29D5 /* minilzo.c */ = {isa = PBXFileReference; fileEncoding = 4; lastKnownFileType = sourcecode.c.c; name = minilzo.c; path = ../Libraries/minilzo/minilzo.c; sourceTree = "<group>"; };
		4BE75D31208D7E7B007031A3 /* SheepVM.h */ = {isa = PBXFileReference; lastKnownFileType = sourcecode.c.h; name = SheepVM.h; path = ../Source/Sheep/SheepVM.h; sourceTree = "<group>"; };
		4BE75D32208D7E7B007031A3 /* SheepVM.cpp */ = {isa = PBXFileReference; lastKnownFileType = sourcecode.cpp.cpp; name = SheepVM.cpp; path = ../Source/Sheep/SheepVM.cpp; sourceTree = "<group>"; };
		4BF32B841F64D4B9000639FB /* Matrix4.cpp */ = {isa = PBXFileReference; fileEncoding = 4; lastKnownFileType = sourcecode.cpp.cpp; name = Matrix4.cpp; path = ../Source/Matrix4.cpp; sourceTree = "<group>"; };
		4BF32B851F64D4B9000639FB /* Matrix4.h */ = {isa = PBXFileReference; fileEncoding = 4; lastKnownFileType = sourcecode.c.h; name = Matrix4.h; path = ../Source/Matrix4.h; sourceTree = "<group>"; };
		4BF32B871F67BC34000639FB /* GLVertexArray.cpp */ = {isa = PBXFileReference; fileEncoding = 4; lastKnownFileType = sourcecode.cpp.cpp; name = GLVertexArray.cpp; path = ../Source/GLVertexArray.cpp; sourceTree = "<group>"; };
		4BF32B881F67BC34000639FB /* GLVertexArray.h */ = {isa = PBXFileReference; fileEncoding = 4; lastKnownFileType = sourcecode.c.h; name = GLVertexArray.h; path = ../Source/GLVertexArray.h; sourceTree = "<group>"; };
		4BF32B8A1F67C434000639FB /* Shader.cpp */ = {isa = PBXFileReference; fileEncoding = 4; lastKnownFileType = sourcecode.cpp.cpp; name = Shader.cpp; path = ../Source/Shader.cpp; sourceTree = "<group>"; };
		4BF32B8B1F67C434000639FB /* Shader.h */ = {isa = PBXFileReference; fileEncoding = 4; lastKnownFileType = sourcecode.c.h; name = Shader.h; path = ../Source/Shader.h; sourceTree = "<group>"; };
		4BF7510D1F7737DD00B79D2F /* Vector4.cpp */ = {isa = PBXFileReference; fileEncoding = 4; lastKnownFileType = sourcecode.cpp.cpp; name = Vector4.cpp; path = ../Source/Vector4.cpp; sourceTree = "<group>"; };
		4BF7510E1F7737DD00B79D2F /* Vector4.h */ = {isa = PBXFileReference; fileEncoding = 4; lastKnownFileType = sourcecode.c.h; name = Vector4.h; path = ../Source/Vector4.h; sourceTree = "<group>"; };
		4BF751101F773E1A00B79D2F /* Vector2.cpp */ = {isa = PBXFileReference; fileEncoding = 4; lastKnownFileType = sourcecode.cpp.cpp; name = Vector2.cpp; path = ../Source/Vector2.cpp; sourceTree = "<group>"; };
		4BF751111F773E1A00B79D2F /* Vector2.h */ = {isa = PBXFileReference; fileEncoding = 4; lastKnownFileType = sourcecode.c.h; name = Vector2.h; path = ../Source/Vector2.h; sourceTree = "<group>"; };
		4BFCD33620CDFFB4004FF9EA /* Plane.h */ = {isa = PBXFileReference; lastKnownFileType = sourcecode.c.h; name = Plane.h; path = ../Source/Plane.h; sourceTree = "<group>"; };
		4BFCD33720CDFFB4004FF9EA /* Plane.cpp */ = {isa = PBXFileReference; lastKnownFileType = sourcecode.cpp.cpp; name = Plane.cpp; path = ../Source/Plane.cpp; sourceTree = "<group>"; };
/* End PBXFileReference section */

/* Begin PBXFrameworksBuildPhase section */
		4B1112981F820A6D00AFDDFC /* Frameworks */ = {
			isa = PBXFrameworksBuildPhase;
			buildActionMask = 2147483647;
			files = (
			);
			runOnlyForDeploymentPostprocessing = 0;
		};
		4B15A9411F241DC8000A689F /* Frameworks */ = {
			isa = PBXFrameworksBuildPhase;
			buildActionMask = 2147483647;
			files = (
				4BCF4B26205672400045EDC8 /* SDL2_mixer.framework in Frameworks */,
				4BCF4B25205672350045EDC8 /* SDL2.framework in Frameworks */,
				4B15A9581F242ECF000A689F /* CoreFoundation.framework in Frameworks */,
				4B15A94F1F241FEA000A689F /* OpenGL.framework in Frameworks */,
			);
			runOnlyForDeploymentPostprocessing = 0;
		};
		4B22F4D52171709F0065B152 /* Frameworks */ = {
			isa = PBXFrameworksBuildPhase;
			buildActionMask = 2147483647;
			files = (
				4B22F53F217409B30065B152 /* OpenGL.framework in Frameworks */,
				4B22F53E217409AE0065B152 /* CoreFoundation.framework in Frameworks */,
				4B22F53D217409A10065B152 /* SDL2.framework in Frameworks */,
			);
			runOnlyForDeploymentPostprocessing = 0;
		};
/* End PBXFrameworksBuildPhase section */

/* Begin PBXGroup section */
		4B08C90D2137443F0028FEB3 /* UI */ = {
			isa = PBXGroup;
			children = (
				4B85421120A905B600DE8C0D /* Cursor.cpp */,
				4B85421020A905B600DE8C0D /* Cursor.h */,
				4BBB34B4214F72BB0069B2E9 /* Font.cpp */,
				4BBB34B3214F72BB0069B2E9 /* Font.h */,
				4B08C912213747980028FEB3 /* UIImage.cpp */,
				4B08C911213747980028FEB3 /* UIImage.h */,
				4B84A13821697223003B4C3F /* UILabel.cpp */,
				4B84A13721697223003B4C3F /* UILabel.h */,
				4B08C90F213745070028FEB3 /* UIWidget.cpp */,
				4B08C90E213745070028FEB3 /* UIWidget.h */,
			);
			name = UI;
			sourceTree = "<group>";
		};
		4B0E2A561F74F5570019D4AD /* Assets */ = {
			isa = PBXGroup;
			children = (
				4B0E2A571F74F5650019D4AD /* 3D-Diffuse-Tex.frag */,
				4B0E2A581F74F5650019D4AD /* 3D-Diffuse-Tex.vert */,
				4BD673CE20B23B8800795582 /* 3D-Skybox.frag */,
				4BD673CD20B239CD00795582 /* 3D-Skybox.vert */,
			);
			name = Assets;
			sourceTree = "<group>";
		};
		4B1112A51F820AAB00AFDDFC /* Tests */ = {
			isa = PBXGroup;
			children = (
				4B1112A61F820AC100AFDDFC /* catch.hh */,
				4B1112AA1F820BD000AFDDFC /* Matrix4Tests.cpp */,
				4B563A2D1FDA3D5B0049D30D /* QuaternionTests.cpp */,
				4B1112A71F820B0400AFDDFC /* TestMain.cpp */,
				4B79F8061F9C09F2008C6FEE /* VectorTests.cpp */,
			);
			name = Tests;
			sourceTree = "<group>";
		};
		4B15A9451F241DC8000A689F /* Products */ = {
			isa = PBXGroup;
			children = (
				4B15A9441F241DC8000A689F /* GEngine-MacOS */,
				4B11129B1F820A6D00AFDDFC /* GEngine-Tests */,
				4B22F4D82171709F0065B152 /* gengine.app */,
			);
			name = Products;
			sourceTree = "<group>";
		};
		4B15A94D1F241FEA000A689F /* Frameworks */ = {
			isa = PBXGroup;
			children = (
				4BB8282B205665750054625A /* SDL2_mixer.framework */,
				4BB82829205665680054625A /* SDL2.framework */,
				4B15A9571F242ECF000A689F /* CoreFoundation.framework */,
				4B15A94E1F241FEA000A689F /* OpenGL.framework */,
			);
			name = Frameworks;
			sourceTree = "<group>";
		};
		4B15A9531F2428CD000A689F /* Source */ = {
			isa = PBXGroup;
			children = (
				4B0B67811F78DCD40023815F /* Actor.cpp */,
				4B0B67821F78DCD40023815F /* Actor.h */,
				4B9231992103AED90004F4F3 /* Animation */,
				4B4621ED1FF7532A00536BA6 /* Asset.cpp */,
				4B4621EC1FF7532A00536BA6 /* Asset.h */,
				4BE15CB61F464FD800114779 /* AssetManager.cpp */,
				4BE15CB71F464FD800114779 /* AssetManager.h */,
				4BE15CBC1F46620000114779 /* AtomicTypes.h */,
				4B7AB0421F539EA500CFBE8F /* Audio */,
				4B76B57D1F3599A1003F63E5 /* Barn */,
				4B76B57E1F35B175003F63E5 /* BinaryReader.cpp */,
				4B76B57F1F35B175003F63E5 /* BinaryReader.h */,
				4BD673D020B2555E00795582 /* BinaryWriter.cpp */,
				4BD673CF20B2555E00795582 /* BinaryWriter.h */,
				4B00D32E1F8F3AD500D536D5 /* CameraComponent.cpp */,
				4B00D32F1F8F3AD500D536D5 /* CameraComponent.h */,
				4B1112AD1F821FFF00AFDDFC /* Component.cpp */,
				4B1112AE1F821FFF00AFDDFC /* Component.h */,
				4B17D706206098B100EBD298 /* GameCamera.cpp */,
				4B17D705206098B100EBD298 /* GameCamera.h */,
				4B15A9501F2428C5000A689F /* GEngine.cpp */,
				4B15A9511F2428C5000A689F /* GEngine.h */,
				4B9231A52117CFBC0004F4F3 /* GKActor.cpp */,
				4B9231A42117CFBC0004F4F3 /* GKActor.h */,
				4B2E7A5B2039FCF0001A5B9C /* IniParser.cpp */,
				4B2E7A5A2039FCF0001A5B9C /* IniParser.h */,
				4B09182F1FEED86B002991D4 /* InputManager.cpp */,
				4B0918301FEED86B002991D4 /* InputManager.h */,
				4BE6EE351F441DD100BB29D5 /* Libraries */,
				4B15A93F1F24188E000A689F /* Main.cpp */,
				4B4300841FB7EDFA009EDE58 /* Math */,
				4B364C3520ECADBE00EFC50C /* Rendering */,
				4BD673C920B10EB200795582 /* Scene */,
				4B15A95A1F243349000A689F /* SDLLog.cpp */,
				4B15A95B1F243349000A689F /* SDLLog.h */,
				4B09182D1FEED84D002991D4 /* Services.cpp */,
				4B09182C1FEED84D002991D4 /* Services.h */,
				4B15A95D1F245BDC000A689F /* Sheep */,
				4BD673CB20B1119E00795582 /* Skybox.cpp */,
				4BD673CA20B1119E00795582 /* Skybox.h */,
				4B98D70A1F53D26C009CC2F0 /* STD */,
				4B9231A32112167F0004F4F3 /* Type.h */,
				4B08C90D2137443F0028FEB3 /* UI */,
			);
			name = Source;
			sourceTree = "<group>";
		};
		4B15A95D1F245BDC000A689F /* Sheep */ = {
			isa = PBXGroup;
			children = (
				4B85420F20A7C11C00DE8C0D /* FlexBison */,
				4B4B4AE22091B80700391827 /* SheepAPI.cpp */,
				4B4B4AE12091B80700391827 /* SheepAPI.h */,
				4B2ACE111F25D310003EC7FE /* SheepCompiler.cpp */,
				4B2ACE121F25D310003EC7FE /* SheepCompiler.h */,
				4B294CE020B9E8BC00039F48 /* SheepManager.cpp */,
				4B294CDF20B9E8BC00039F48 /* SheepManager.h */,
				4B2ACDF61F25873C003EC7FE /* SheepScript.cpp */,
				4B2ACDF71F25873C003EC7FE /* SheepScript.h */,
				4BAF4BD0209A15F1006472E0 /* SheepScriptBuilder.cpp */,
				4BAF4BCF209A15F1006472E0 /* SheepScriptBuilder.h */,
				4BE75D32208D7E7B007031A3 /* SheepVM.cpp */,
				4BE75D31208D7E7B007031A3 /* SheepVM.h */,
			);
			name = Sheep;
			sourceTree = "<group>";
		};
		4B22F4D92171709F0065B152 /* MacOS */ = {
			isa = PBXGroup;
			children = (
				4B22F4E6217170A00065B152 /* Assets.xcassets */,
				4B22F4E8217170A00065B152 /* Main.storyboard */,
				4B22F4EB217170A00065B152 /* Info.plist */,
				4B22F4EE217170A00065B152 /* gengine.entitlements */,
			);
			path = MacOS;
			sourceTree = "<group>";
		};
		4B364C3520ECADBE00EFC50C /* Rendering */ = {
			isa = PBXGroup;
			children = (
				4B84A13521684374003B4C3F /* Color32.cpp */,
				4B84A13421684374003B4C3F /* Color32.h */,
				4BF32B871F67BC34000639FB /* GLVertexArray.cpp */,
				4BF32B881F67BC34000639FB /* GLVertexArray.h */,
				4B8E830920F046750009A86B /* Material.cpp */,
				4B8E830820F046750009A86B /* Material.h */,
				4BD4CCE61FF1F7E3009665C7 /* Mesh.cpp */,
				4BD4CCE51FF1F7E3009665C7 /* Mesh.h */,
				4BD4CCE31FF1F5F5009665C7 /* MeshRenderer.cpp */,
				4BD4CCE21FF1F5F5009665C7 /* MeshRenderer.h */,
				4B4EED861F5CA5F4000065EF /* Model.cpp */,
				4B4EED871F5CA5F4000065EF /* Model.h */,
				4B15A9541F242C55000A689F /* Renderer.cpp */,
				4B15A9551F242C55000A689F /* Renderer.h */,
				4B30B08D20F29594002D96D5 /* RenderPacket.cpp */,
				4B8E830B20F148260009A86B /* RenderPacket.h */,
				4BF32B8A1F67C434000639FB /* Shader.cpp */,
				4BF32B8B1F67C434000639FB /* Shader.h */,
				4B4621EA1FF741D800536BA6 /* Texture.cpp */,
				4B4621E91FF741D800536BA6 /* Texture.h */,
			);
			name = Rendering;
			sourceTree = "<group>";
		};
		4B4300841FB7EDFA009EDE58 /* Math */ = {
			isa = PBXGroup;
			children = (
				4BD9C7DC1F95D1D80066DC89 /* Math.h */,
				4B0918351FEEEA51002991D4 /* Matrix3.cpp */,
				4B0918341FEEEA51002991D4 /* Matrix3.h */,
				4BF32B841F64D4B9000639FB /* Matrix4.cpp */,
				4BF32B851F64D4B9000639FB /* Matrix4.h */,
				4BFCD33720CDFFB4004FF9EA /* Plane.cpp */,
				4BFCD33620CDFFB4004FF9EA /* Plane.h */,
				4B4300861FB7EE44009EDE58 /* Quaternion.cpp */,
				4B4300851FB7EE44009EDE58 /* Quaternion.h */,
				4B53B0C8207AFE7E00663381 /* Ray.cpp */,
				4B53B0C7207AFE7E00663381 /* Ray.h */,
				4BF751101F773E1A00B79D2F /* Vector2.cpp */,
				4BF751111F773E1A00B79D2F /* Vector2.h */,
				4B4EED891F5CACEF000065EF /* Vector3.cpp */,
				4B4EED8A1F5CACEF000065EF /* Vector3.h */,
				4BF7510D1F7737DD00B79D2F /* Vector4.cpp */,
				4BF7510E1F7737DD00B79D2F /* Vector4.h */,
			);
			name = Math;
			sourceTree = "<group>";
		};
		4B76B57D1F3599A1003F63E5 /* Barn */ = {
			isa = PBXGroup;
			children = (
				4B76B5821F3788FA003F63E5 /* BarnAsset.h */,
				4B76B57A1F35999B003F63E5 /* BarnFile.cpp */,
				4B76B57B1F35999B003F63E5 /* BarnFile.h */,
			);
			name = Barn;
			sourceTree = "<group>";
		};
		4B7AB0421F539EA500CFBE8F /* Audio */ = {
			isa = PBXGroup;
			children = (
				4B7AB0431F539EB200CFBE8F /* Audio.cpp */,
				4B7AB0441F539EB200CFBE8F /* Audio.h */,
				4BD673D320B26F0C00795582 /* AudioListener.cpp */,
				4BD673D220B26F0C00795582 /* AudioListener.h */,
				4B7C3A141F4EB07000BB0922 /* AudioManager.cpp */,
				4B7C3A151F4EB07000BB0922 /* AudioManager.h */,
				4BBB91B52058E53A007B9375 /* Soundtrack.cpp */,
				4BBB91B42058E53A007B9375 /* Soundtrack.h */,
				4B17D700206072E400EBD298 /* SoundtrackPlayer.cpp */,
				4B17D6FF206072E400EBD298 /* SoundtrackPlayer.h */,
				4B85421420A9276200DE8C0D /* Yak.cpp */,
				4B85421320A9276200DE8C0D /* Yak.h */,
			);
			name = Audio;
			sourceTree = "<group>";
		};
		4B85420F20A7C11C00DE8C0D /* FlexBison */ = {
			isa = PBXGroup;
			children = (
				4B2ACE0C1F25C45F003EC7FE /* lex.yy.cc */,
				4B2ACE071F25C20B003EC7FE /* location.hh */,
				4B2ACE081F25C20B003EC7FE /* position.hh */,
				4B2ACE091F25C20B003EC7FE /* sheep.tab.cc */,
				4B2ACE0A1F25C20B003EC7FE /* sheep.tab.hh */,
				4B2ACE0F1F25CF08003EC7FE /* SheepScanner.h */,
				4B2ACE061F25C1FB003EC7FE /* stack.hh */,
			);
			name = FlexBison;
			sourceTree = "<group>";
		};
		4B9231992103AED90004F4F3 /* Animation */ = {
			isa = PBXGroup;
			children = (
				4BDDCD5D20D6C4BC00701A89 /* VertexAnimation.cpp */,
				4BDDCD5C20D6C4BC00701A89 /* VertexAnimation.h */,
				4B92319B2103AF1B0004F4F3 /* Animation.cpp */,
				4B92319A2103AF1B0004F4F3 /* Animation.h */,
				4B9231A1210D4E000004F4F3 /* AnimationPlayer.cpp */,
				4B9231A0210D4E000004F4F3 /* AnimationPlayer.h */,
				4BACA50920F7132E008C7FE9 /* GAS.cpp */,
				4BACA50820F7132E008C7FE9 /* GAS.h */,
				4B92319E210999810004F4F3 /* GasPlayer.cpp */,
				4B92319D210999810004F4F3 /* GasPlayer.h */,
			);
			name = Animation;
			sourceTree = "<group>";
		};
		4B98D70A1F53D26C009CC2F0 /* STD */ = {
			isa = PBXGroup;
			children = (
				4B02A3B31F5269E9000540A7 /* imstream.cpp */,
				4B02A3B41F5269E9000540A7 /* imstream.h */,
				4B02A3B01F526529000540A7 /* membuf.cpp */,
				4B02A3B11F526529000540A7 /* membuf.h */,
				4B5497F81FF80E0A00F1EF4F /* StringUtil.h */,
				4B4B4ADE2091B5A000391827 /* Value.h */,
				4BACA50B20F72663008C7FE9 /* StringTokenizer.h */,
				4BACA50C20F72663008C7FE9 /* StringTokenizer.cpp */,
				4B08C9072137284C0028FEB3 /* CallbackFunction.h */,
				4B08C9082137284C0028FEB3 /* CallbackFunction.cpp */,
				4B08C90A21372A710028FEB3 /* CallbackMethod.h */,
				4B08C90B21372A710028FEB3 /* CallbackMethod.cpp */,
			);
			name = STD;
			sourceTree = "<group>";
		};
		4BD673C920B10EB200795582 /* Scene */ = {
			isa = PBXGroup;
			children = (
				4B99229C2031735500184755 /* BSP.cpp */,
				4B99229B2031735500184755 /* BSP.h */,
				4BCBCF462043A90F001BE1E0 /* NVC.cpp */,
				4BCBCF452043A90F001BE1E0 /* NVC.h */,
				4B2E7A61203A5CB3001A5B9C /* Scene.cpp */,
				4B2E7A60203A5CB3001A5B9C /* Scene.h */,
				4B2E7A64203A6072001A5B9C /* SceneData.cpp */,
				4B2E7A63203A6072001A5B9C /* SceneData.h */,
				4B2E7A5E203A0425001A5B9C /* SIF.cpp */,
				4B2E7A5D203A0425001A5B9C /* SIF.h */,
			);
			name = Scene;
			sourceTree = "<group>";
		};
		4BE6EE351F441DD100BB29D5 /* Libraries */ = {
			isa = PBXGroup;
			children = (
				4BE6EE361F441DDB00BB29D5 /* MiniLZO */,
			);
			name = Libraries;
			sourceTree = "<group>";
		};
		4BE6EE361F441DDB00BB29D5 /* MiniLZO */ = {
			isa = PBXGroup;
			children = (
				4BE6EE331F441DC600BB29D5 /* minilzo.c */,
			);
			name = MiniLZO;
			sourceTree = "<group>";
		};
		4BF8A4691F24185300F0FB91 = {
			isa = PBXGroup;
			children = (
				4B0E2A561F74F5570019D4AD /* Assets */,
				4B22F4D92171709F0065B152 /* MacOS */,
				4B15A94D1F241FEA000A689F /* Frameworks */,
				4B15A9451F241DC8000A689F /* Products */,
				4B15A9531F2428CD000A689F /* Source */,
				4B1112A51F820AAB00AFDDFC /* Tests */,
			);
			sourceTree = "<group>";
		};
/* End PBXGroup section */

/* Begin PBXNativeTarget section */
		4B11129A1F820A6D00AFDDFC /* GEngine-Tests */ = {
			isa = PBXNativeTarget;
			buildConfigurationList = 4B1112A11F820A6D00AFDDFC /* Build configuration list for PBXNativeTarget "GEngine-Tests" */;
			buildPhases = (
				4B1112971F820A6D00AFDDFC /* Sources */,
				4B1112981F820A6D00AFDDFC /* Frameworks */,
				4B1112991F820A6D00AFDDFC /* CopyFiles */,
			);
			buildRules = (
			);
			dependencies = (
			);
			name = "GEngine-Tests";
			productName = "GEngine-Tests";
			productReference = 4B11129B1F820A6D00AFDDFC /* GEngine-Tests */;
			productType = "com.apple.product-type.tool";
		};
		4B15A9431F241DC8000A689F /* GEngine-MacOS */ = {
			isa = PBXNativeTarget;
			buildConfigurationList = 4B15A9491F241DC8000A689F /* Build configuration list for PBXNativeTarget "GEngine-MacOS" */;
			buildPhases = (
				4B15A9401F241DC8000A689F /* Sources */,
				4B15A9411F241DC8000A689F /* Frameworks */,
				4B15A9421F241DC8000A689F /* CopyFiles */,
				4B15A9591F242EFB000A689F /* ShellScript */,
			);
			buildRules = (
			);
			dependencies = (
			);
			name = "GEngine-MacOS";
			productName = "GEngine-MacOS";
			productReference = 4B15A9441F241DC8000A689F /* GEngine-MacOS */;
			productType = "com.apple.product-type.tool";
		};
		4B22F4D72171709F0065B152 /* gengine */ = {
			isa = PBXNativeTarget;
			buildConfigurationList = 4B22F4F1217170A00065B152 /* Build configuration list for PBXNativeTarget "gengine" */;
			buildPhases = (
				4B22F4D42171709F0065B152 /* Sources */,
				4B22F4D52171709F0065B152 /* Frameworks */,
				4B22F4D62171709F0065B152 /* Resources */,
				4B22F540217409C60065B152 /* ShellScript */,
			);
			buildRules = (
			);
			dependencies = (
			);
			name = gengine;
			productName = gengine;
			productReference = 4B22F4D82171709F0065B152 /* gengine.app */;
			productType = "com.apple.product-type.application";
		};
/* End PBXNativeTarget section */

/* Begin PBXProject section */
		4BF8A46A1F24185300F0FB91 /* Project object */ = {
			isa = PBXProject;
			attributes = {
				LastUpgradeCheck = 0930;
				TargetAttributes = {
					4B11129A1F820A6D00AFDDFC = {
						CreatedOnToolsVersion = 9.0;
						ProvisioningStyle = Automatic;
					};
					4B15A9431F241DC8000A689F = {
						CreatedOnToolsVersion = 8.3.3;
						ProvisioningStyle = Automatic;
					};
					4B22F4D72171709F0065B152 = {
						CreatedOnToolsVersion = 10.0;
						ProvisioningStyle = Automatic;
					};
				};
			};
			buildConfigurationList = 4BF8A46D1F24185300F0FB91 /* Build configuration list for PBXProject "GEngine" */;
			compatibilityVersion = "Xcode 3.2";
			developmentRegion = English;
			hasScannedForEncodings = 0;
			knownRegions = (
				en,
				Base,
			);
			mainGroup = 4BF8A4691F24185300F0FB91;
			productRefGroup = 4B15A9451F241DC8000A689F /* Products */;
			projectDirPath = "";
			projectRoot = "";
			targets = (
				4B15A9431F241DC8000A689F /* GEngine-MacOS */,
				4B11129A1F820A6D00AFDDFC /* GEngine-Tests */,
				4B22F4D72171709F0065B152 /* gengine */,
			);
		};
/* End PBXProject section */

/* Begin PBXResourcesBuildPhase section */
		4B22F4D62171709F0065B152 /* Resources */ = {
			isa = PBXResourcesBuildPhase;
			buildActionMask = 2147483647;
			files = (
				4B22F4E7217170A00065B152 /* Assets.xcassets in Resources */,
				4B22F4EA217170A00065B152 /* Main.storyboard in Resources */,
			);
			runOnlyForDeploymentPostprocessing = 0;
		};
/* End PBXResourcesBuildPhase section */

/* Begin PBXShellScriptBuildPhase section */
		4B15A9591F242EFB000A689F /* ShellScript */ = {
			isa = PBXShellScriptBuildPhase;
			buildActionMask = 2147483647;
			files = (
			);
			inputPaths = (
			);
			outputPaths = (
			);
			runOnlyForDeploymentPostprocessing = 0;
			shellPath = /bin/sh;
			shellScript = "./CopyLibraries.sh\n";
		};
		4B22F540217409C60065B152 /* ShellScript */ = {
			isa = PBXShellScriptBuildPhase;
			buildActionMask = 2147483647;
			files = (
			);
			inputFileListPaths = (
			);
			inputPaths = (
			);
			outputFileListPaths = (
			);
			outputPaths = (
			);
			runOnlyForDeploymentPostprocessing = 0;
			shellPath = /bin/sh;
			shellScript = "./CopyLibraries.sh\n";
		};
/* End PBXShellScriptBuildPhase section */

/* Begin PBXSourcesBuildPhase section */
		4B1112971F820A6D00AFDDFC /* Sources */ = {
			isa = PBXSourcesBuildPhase;
			buildActionMask = 2147483647;
			files = (
				4B1112AC1F820C1F00AFDDFC /* Matrix4.cpp in Sources */,
				4B79F8091F9D7A88008C6FEE /* Vector4.cpp in Sources */,
				4B79F8081F9C0D54008C6FEE /* Vector3.cpp in Sources */,
				4B1112A91F820B7500AFDDFC /* TestMain.cpp in Sources */,
				4B79F8071F9C09F2008C6FEE /* VectorTests.cpp in Sources */,
				4B563A2F1FDA55010049D30D /* QuaternionTests.cpp in Sources */,
				4B39E8872082DFC800DB3F52 /* Matrix3.cpp in Sources */,
				4B39E8882082DFCF00DB3F52 /* Vector2.cpp in Sources */,
				4B4300881FB7EE44009EDE58 /* Quaternion.cpp in Sources */,
				4B1112AB1F820BD000AFDDFC /* Matrix4Tests.cpp in Sources */,
			);
			runOnlyForDeploymentPostprocessing = 0;
		};
		4B15A9401F241DC8000A689F /* Sources */ = {
			isa = PBXSourcesBuildPhase;
			buildActionMask = 2147483647;
			files = (
				4B4EED8B1F5CACEF000065EF /* Vector3.cpp in Sources */,
				4B17D707206098B100EBD298 /* GameCamera.cpp in Sources */,
				4BD673D420B26F0C00795582 /* AudioListener.cpp in Sources */,
				4B85421220A905B600DE8C0D /* Cursor.cpp in Sources */,
				4B0B67831F78DCD40023815F /* Actor.cpp in Sources */,
				4BF751121F773E1A00B79D2F /* Vector2.cpp in Sources */,
				4B2ACE0D1F25C45F003EC7FE /* lex.yy.cc in Sources */,
				4BDDCD5E20D6C4BC00701A89 /* VertexAnimation.cpp in Sources */,
				4B15A95C1F243349000A689F /* SDLLog.cpp in Sources */,
				4B2E7A62203A5CB3001A5B9C /* Scene.cpp in Sources */,
				4B99229D2031735500184755 /* BSP.cpp in Sources */,
				4B4300871FB7EE44009EDE58 /* Quaternion.cpp in Sources */,
				4B9231A62117CFBC0004F4F3 /* GKActor.cpp in Sources */,
				4B15A9561F242C55000A689F /* Renderer.cpp in Sources */,
				4B84A13921697223003B4C3F /* UILabel.cpp in Sources */,
				4BFCD33820CDFFB4004FF9EA /* Plane.cpp in Sources */,
				4B92319C2103AF1B0004F4F3 /* Animation.cpp in Sources */,
				4B22F4F8217407460065B152 /* membuf.cpp in Sources */,
				4BD673D120B2555E00795582 /* BinaryWriter.cpp in Sources */,
				4B2ACDF81F25873C003EC7FE /* SheepScript.cpp in Sources */,
				4B22F4FA217407460065B152 /* CallbackFunction.cpp in Sources */,
				4B2E7A5C2039FCF0001A5B9C /* IniParser.cpp in Sources */,
				4B84A13621684374003B4C3F /* Color32.cpp in Sources */,
				4BBB91B62058E53A007B9375 /* Soundtrack.cpp in Sources */,
				4B08C910213745070028FEB3 /* UIWidget.cpp in Sources */,
				4B0918361FEEEA51002991D4 /* Matrix3.cpp in Sources */,
				4BF32B891F67BC34000639FB /* GLVertexArray.cpp in Sources */,
				4B15A94C1F241E2D000A689F /* Main.cpp in Sources */,
				4B30B08E20F29594002D96D5 /* RenderPacket.cpp in Sources */,
				4B53B0C9207AFE7E00663381 /* Ray.cpp in Sources */,
				4B294CE120B9E8BC00039F48 /* SheepManager.cpp in Sources */,
				4BAF4BD1209A15F1006472E0 /* SheepScriptBuilder.cpp in Sources */,
				4B4621EB1FF741D800536BA6 /* Texture.cpp in Sources */,
				4B09182E1FEED84D002991D4 /* Services.cpp in Sources */,
				4BF7510F1F7737DD00B79D2F /* Vector4.cpp in Sources */,
				4B7C3A161F4EB07000BB0922 /* AudioManager.cpp in Sources */,
				4B00D3301F8F3AD500D536D5 /* CameraComponent.cpp in Sources */,
				4B2ACE0B1F25C20B003EC7FE /* sheep.tab.cc in Sources */,
				4B2E7A5F203A0425001A5B9C /* SIF.cpp in Sources */,
				4B22F4F9217407460065B152 /* StringTokenizer.cpp in Sources */,
				4BE15CB81F464FD800114779 /* AssetManager.cpp in Sources */,
				4B00D3311F8F3DB900D536D5 /* Component.cpp in Sources */,
				4B9231A2210D4E000004F4F3 /* AnimationPlayer.cpp in Sources */,
				4B2E7A65203A6072001A5B9C /* SceneData.cpp in Sources */,
				4B92319F210999810004F4F3 /* GasPlayer.cpp in Sources */,
				4BD4CCE71FF1F7E3009665C7 /* Mesh.cpp in Sources */,
				4B0918311FEED86B002991D4 /* InputManager.cpp in Sources */,
				4B8E830A20F046750009A86B /* Material.cpp in Sources */,
				4B22F4F7217407460065B152 /* imstream.cpp in Sources */,
				4B85421520A9276200DE8C0D /* Yak.cpp in Sources */,
				4B2ACE131F25D310003EC7FE /* SheepCompiler.cpp in Sources */,
				4BBB34B5214F72BB0069B2E9 /* Font.cpp in Sources */,
				4B7AB0451F539EB200CFBE8F /* Audio.cpp in Sources */,
				4B22F4FB217407460065B152 /* CallbackMethod.cpp in Sources */,
				4BE75D33208D7E7B007031A3 /* SheepVM.cpp in Sources */,
				4B08C913213747980028FEB3 /* UIImage.cpp in Sources */,
				4B17D701206072E400EBD298 /* SoundtrackPlayer.cpp in Sources */,
				4B76B57C1F35999B003F63E5 /* BarnFile.cpp in Sources */,
				4B4EED881F5CA5F4000065EF /* Model.cpp in Sources */,
				4BACA50A20F7132E008C7FE9 /* GAS.cpp in Sources */,
				4BE6EE341F441DC600BB29D5 /* minilzo.c in Sources */,
				4B76B5801F35B175003F63E5 /* BinaryReader.cpp in Sources */,
				4BF32B861F64D4B9000639FB /* Matrix4.cpp in Sources */,
				4BD673CC20B1119E00795582 /* Skybox.cpp in Sources */,
				4BCBCF472043A90F001BE1E0 /* NVC.cpp in Sources */,
				4B4B4AE32091B80700391827 /* SheepAPI.cpp in Sources */,
				4B4621EE1FF7532A00536BA6 /* Asset.cpp in Sources */,
				4B15A9521F2428C5000A689F /* GEngine.cpp in Sources */,
				4BD4CCE41FF1F5F5009665C7 /* MeshRenderer.cpp in Sources */,
				4BF32B8C1F67C434000639FB /* Shader.cpp in Sources */,
			);
			runOnlyForDeploymentPostprocessing = 0;
		};
		4B22F4D42171709F0065B152 /* Sources */ = {
			isa = PBXSourcesBuildPhase;
			buildActionMask = 2147483647;
			files = (
				4B22F511217407640065B152 /* Color32.cpp in Sources */,
				4B22F516217407640065B152 /* Model.cpp in Sources */,
				4B22F52B2174078B0065B152 /* Asset.cpp in Sources */,
				4B22F51F2174076D0065B152 /* Ray.cpp in Sources */,
				4B22F50A2174075B0065B152 /* BSP.cpp in Sources */,
				4B22F50B2174075B0065B152 /* NVC.cpp in Sources */,
				4B22F505217407530065B152 /* SheepManager.cpp in Sources */,
				4B22F5322174078B0065B152 /* Yak.cpp in Sources */,
				4B22F5372174078B0065B152 /* Component.cpp in Sources */,
				4B22F5262174078B0065B152 /* VertexAnimation.cpp in Sources */,
				4B22F53A2174078B0065B152 /* GKActor.cpp in Sources */,
				4B22F51A217407640065B152 /* Texture.cpp in Sources */,
				4B22F5352174078B0065B152 /* BinaryWriter.cpp in Sources */,
				4B22F50E2174075B0065B152 /* SIF.cpp in Sources */,
				4B22F508217407530065B152 /* SheepVM.cpp in Sources */,
				4B22F52F2174078B0065B152 /* AudioManager.cpp in Sources */,
				4B22F4FC217407470065B152 /* imstream.cpp in Sources */,
				4B22F50C2174075B0065B152 /* Scene.cpp in Sources */,
				4B22F4F62174073D0065B152 /* UIWidget.cpp in Sources */,
				4B22F5342174078B0065B152 /* BinaryReader.cpp in Sources */,
				4B22F5312174078B0065B152 /* SoundtrackPlayer.cpp in Sources */,
				4B22F4FD217407470065B152 /* membuf.cpp in Sources */,
				4B22F5302174078B0065B152 /* Soundtrack.cpp in Sources */,
				4B22F4F22174073D0065B152 /* Cursor.cpp in Sources */,
				4B22F50D2174075B0065B152 /* SceneData.cpp in Sources */,
				4B22F503217407530065B152 /* SheepAPI.cpp in Sources */,
				4B22F501217407530065B152 /* lex.yy.cc in Sources */,
				4B22F5362174078B0065B152 /* CameraComponent.cpp in Sources */,
				4B22F515217407640065B152 /* MeshRenderer.cpp in Sources */,
				4B22F509217407530065B152 /* Skybox.cpp in Sources */,
				4B22F53B2174078B0065B152 /* IniParser.cpp in Sources */,
				4B22F5392174078B0065B152 /* GEngine.cpp in Sources */,
				4B22F518217407640065B152 /* RenderPacket.cpp in Sources */,
				4B22F502217407530065B152 /* sheep.tab.cc in Sources */,
				4B22F51B2174076D0065B152 /* Matrix3.cpp in Sources */,
				4B22F506217407530065B152 /* SheepScript.cpp in Sources */,
				4B22F51D2174076D0065B152 /* Plane.cpp in Sources */,
				4B22F5202174076D0065B152 /* Vector2.cpp in Sources */,
				4B22F500217407470065B152 /* CallbackMethod.cpp in Sources */,
				4B22F507217407530065B152 /* SheepScriptBuilder.cpp in Sources */,
				4B22F4FF217407470065B152 /* CallbackFunction.cpp in Sources */,
				4B22F51C2174076D0065B152 /* Matrix4.cpp in Sources */,
				4B22F52C2174078B0065B152 /* AssetManager.cpp in Sources */,
				4B22F52A2174078B0065B152 /* GasPlayer.cpp in Sources */,
				4B22F52E2174078B0065B152 /* AudioListener.cpp in Sources */,
				4B22F514217407640065B152 /* Mesh.cpp in Sources */,
				4B22F5212174076D0065B152 /* Vector3.cpp in Sources */,
				4B22F5102174075B0065B152 /* Services.cpp in Sources */,
				4B22F5272174078B0065B152 /* Animation.cpp in Sources */,
				4B22F4F52174073D0065B152 /* UILabel.cpp in Sources */,
				4B22F50F2174075B0065B152 /* SDLLog.cpp in Sources */,
				4B22F52D2174078B0065B152 /* Audio.cpp in Sources */,
				4B22F5382174078B0065B152 /* GameCamera.cpp in Sources */,
				4B22F5252174078B0065B152 /* Actor.cpp in Sources */,
				4B22F53C2174078B0065B152 /* InputManager.cpp in Sources */,
				4B22F512217407640065B152 /* GLVertexArray.cpp in Sources */,
				4B22F5292174078B0065B152 /* GAS.cpp in Sources */,
				4B22F4F42174073D0065B152 /* UIImage.cpp in Sources */,
				4B22F5282174078B0065B152 /* AnimationPlayer.cpp in Sources */,
				4B22F517217407640065B152 /* Renderer.cpp in Sources */,
				4B22F5332174078B0065B152 /* BarnFile.cpp in Sources */,
				4B22F51E2174076D0065B152 /* Quaternion.cpp in Sources */,
				4B22F5222174076D0065B152 /* Vector4.cpp in Sources */,
				4B22F524217407760065B152 /* minilzo.c in Sources */,
				4B22F543217410830065B152 /* Main.cpp in Sources */,
				4B22F519217407640065B152 /* Shader.cpp in Sources */,
				4B22F4F32174073D0065B152 /* Font.cpp in Sources */,
				4B22F4FE217407470065B152 /* StringTokenizer.cpp in Sources */,
				4B22F513217407640065B152 /* Material.cpp in Sources */,
				4B22F504217407530065B152 /* SheepCompiler.cpp in Sources */,
			);
			runOnlyForDeploymentPostprocessing = 0;
		};
/* End PBXSourcesBuildPhase section */

/* Begin PBXVariantGroup section */
		4B22F4E8217170A00065B152 /* Main.storyboard */ = {
			isa = PBXVariantGroup;
			children = (
				4B22F4E9217170A00065B152 /* Base */,
			);
			name = Main.storyboard;
			sourceTree = "<group>";
		};
/* End PBXVariantGroup section */

/* Begin XCBuildConfiguration section */
		4B11129F1F820A6D00AFDDFC /* Debug */ = {
			isa = XCBuildConfiguration;
			buildSettings = {
				ALWAYS_SEARCH_USER_PATHS = NO;
				CLANG_ANALYZER_NONNULL = YES;
				CLANG_ANALYZER_NUMBER_OBJECT_CONVERSION = YES_AGGRESSIVE;
				CLANG_CXX_LANGUAGE_STANDARD = "gnu++14";
				CLANG_CXX_LIBRARY = "libc++";
				CLANG_ENABLE_MODULES = YES;
				CLANG_ENABLE_OBJC_ARC = YES;
				CLANG_WARN_BLOCK_CAPTURE_AUTORELEASING = YES;
				CLANG_WARN_BOOL_CONVERSION = YES;
				CLANG_WARN_COMMA = YES;
				CLANG_WARN_CONSTANT_CONVERSION = YES;
				CLANG_WARN_DIRECT_OBJC_ISA_USAGE = YES_ERROR;
				CLANG_WARN_DOCUMENTATION_COMMENTS = YES;
				CLANG_WARN_EMPTY_BODY = YES;
				CLANG_WARN_ENUM_CONVERSION = YES;
				CLANG_WARN_INFINITE_RECURSION = YES;
				CLANG_WARN_INT_CONVERSION = YES;
				CLANG_WARN_NON_LITERAL_NULL_CONVERSION = YES;
				CLANG_WARN_OBJC_LITERAL_CONVERSION = YES;
				CLANG_WARN_OBJC_ROOT_CLASS = YES_ERROR;
				CLANG_WARN_RANGE_LOOP_ANALYSIS = YES;
				CLANG_WARN_STRICT_PROTOTYPES = YES;
				CLANG_WARN_SUSPICIOUS_MOVE = YES;
				CLANG_WARN_UNGUARDED_AVAILABILITY = YES_AGGRESSIVE;
				CLANG_WARN_UNREACHABLE_CODE = YES;
				CLANG_WARN__DUPLICATE_METHOD_MATCH = YES;
				CODE_SIGN_IDENTITY = "-";
				CODE_SIGN_STYLE = Automatic;
				COPY_PHASE_STRIP = NO;
				DEBUG_INFORMATION_FORMAT = dwarf;
				ENABLE_STRICT_OBJC_MSGSEND = YES;
				ENABLE_TESTABILITY = YES;
				GCC_C_LANGUAGE_STANDARD = gnu11;
				GCC_DYNAMIC_NO_PIC = NO;
				GCC_NO_COMMON_BLOCKS = YES;
				GCC_OPTIMIZATION_LEVEL = 0;
				GCC_PREPROCESSOR_DEFINITIONS = (
					"DEBUG=1",
					"$(inherited)",
				);
				GCC_WARN_64_TO_32_BIT_CONVERSION = YES;
				GCC_WARN_ABOUT_RETURN_TYPE = YES_ERROR;
				GCC_WARN_UNDECLARED_SELECTOR = YES;
				GCC_WARN_UNINITIALIZED_AUTOS = YES_AGGRESSIVE;
				GCC_WARN_UNUSED_FUNCTION = YES;
				GCC_WARN_UNUSED_VARIABLE = YES;
				MTL_ENABLE_DEBUG_INFO = YES;
				ONLY_ACTIVE_ARCH = YES;
				PRODUCT_NAME = "$(TARGET_NAME)";
				SDKROOT = macosx;
			};
			name = Debug;
		};
		4B1112A01F820A6D00AFDDFC /* Release */ = {
			isa = XCBuildConfiguration;
			buildSettings = {
				ALWAYS_SEARCH_USER_PATHS = NO;
				CLANG_ANALYZER_NONNULL = YES;
				CLANG_ANALYZER_NUMBER_OBJECT_CONVERSION = YES_AGGRESSIVE;
				CLANG_CXX_LANGUAGE_STANDARD = "gnu++14";
				CLANG_CXX_LIBRARY = "libc++";
				CLANG_ENABLE_MODULES = YES;
				CLANG_ENABLE_OBJC_ARC = YES;
				CLANG_WARN_BLOCK_CAPTURE_AUTORELEASING = YES;
				CLANG_WARN_BOOL_CONVERSION = YES;
				CLANG_WARN_COMMA = YES;
				CLANG_WARN_CONSTANT_CONVERSION = YES;
				CLANG_WARN_DIRECT_OBJC_ISA_USAGE = YES_ERROR;
				CLANG_WARN_DOCUMENTATION_COMMENTS = YES;
				CLANG_WARN_EMPTY_BODY = YES;
				CLANG_WARN_ENUM_CONVERSION = YES;
				CLANG_WARN_INFINITE_RECURSION = YES;
				CLANG_WARN_INT_CONVERSION = YES;
				CLANG_WARN_NON_LITERAL_NULL_CONVERSION = YES;
				CLANG_WARN_OBJC_LITERAL_CONVERSION = YES;
				CLANG_WARN_OBJC_ROOT_CLASS = YES_ERROR;
				CLANG_WARN_RANGE_LOOP_ANALYSIS = YES;
				CLANG_WARN_STRICT_PROTOTYPES = YES;
				CLANG_WARN_SUSPICIOUS_MOVE = YES;
				CLANG_WARN_UNGUARDED_AVAILABILITY = YES_AGGRESSIVE;
				CLANG_WARN_UNREACHABLE_CODE = YES;
				CLANG_WARN__DUPLICATE_METHOD_MATCH = YES;
				CODE_SIGN_IDENTITY = "-";
				CODE_SIGN_STYLE = Automatic;
				COPY_PHASE_STRIP = NO;
				DEBUG_INFORMATION_FORMAT = "dwarf-with-dsym";
				ENABLE_NS_ASSERTIONS = NO;
				ENABLE_STRICT_OBJC_MSGSEND = YES;
				GCC_C_LANGUAGE_STANDARD = gnu11;
				GCC_NO_COMMON_BLOCKS = YES;
				GCC_WARN_64_TO_32_BIT_CONVERSION = YES;
				GCC_WARN_ABOUT_RETURN_TYPE = YES_ERROR;
				GCC_WARN_UNDECLARED_SELECTOR = YES;
				GCC_WARN_UNINITIALIZED_AUTOS = YES_AGGRESSIVE;
				GCC_WARN_UNUSED_FUNCTION = YES;
				GCC_WARN_UNUSED_VARIABLE = YES;
				MTL_ENABLE_DEBUG_INFO = NO;
				PRODUCT_NAME = "$(TARGET_NAME)";
				SDKROOT = macosx;
			};
			name = Release;
		};
		4B15A94A1F241DC8000A689F /* Debug */ = {
			isa = XCBuildConfiguration;
			buildSettings = {
				ALWAYS_SEARCH_USER_PATHS = NO;
				CLANG_ANALYZER_NONNULL = YES;
				CLANG_ANALYZER_NUMBER_OBJECT_CONVERSION = YES_AGGRESSIVE;
				CLANG_CXX_LANGUAGE_STANDARD = "c++14";
				CLANG_CXX_LIBRARY = "libc++";
				CLANG_ENABLE_MODULES = YES;
				CLANG_ENABLE_OBJC_ARC = YES;
				CLANG_WARN_BOOL_CONVERSION = YES;
				CLANG_WARN_CONSTANT_CONVERSION = YES;
				CLANG_WARN_DIRECT_OBJC_ISA_USAGE = YES_ERROR;
				CLANG_WARN_DOCUMENTATION_COMMENTS = YES;
				CLANG_WARN_EMPTY_BODY = YES;
				CLANG_WARN_ENUM_CONVERSION = YES;
				CLANG_WARN_INFINITE_RECURSION = YES;
				CLANG_WARN_INT_CONVERSION = YES;
				CLANG_WARN_OBJC_ROOT_CLASS = YES_ERROR;
				CLANG_WARN_SUSPICIOUS_MOVE = YES;
				CLANG_WARN_UNREACHABLE_CODE = YES;
				CLANG_WARN__DUPLICATE_METHOD_MATCH = YES;
				CODE_SIGN_IDENTITY = "-";
				COPY_PHASE_STRIP = NO;
				DEBUG_INFORMATION_FORMAT = dwarf;
				ENABLE_STRICT_OBJC_MSGSEND = YES;
				ENABLE_TESTABILITY = YES;
				FRAMEWORK_SEARCH_PATHS = "$(SRCROOT)/../Libraries/SDL";
				GCC_C_LANGUAGE_STANDARD = gnu99;
				GCC_DYNAMIC_NO_PIC = NO;
				GCC_NO_COMMON_BLOCKS = YES;
				GCC_OPTIMIZATION_LEVEL = 0;
				GCC_PREPROCESSOR_DEFINITIONS = MUSIC_MP3_MPG123;
				GCC_WARN_64_TO_32_BIT_CONVERSION = YES;
				GCC_WARN_ABOUT_RETURN_TYPE = YES_ERROR;
				GCC_WARN_UNDECLARED_SELECTOR = YES;
				GCC_WARN_UNINITIALIZED_AUTOS = YES_AGGRESSIVE;
				GCC_WARN_UNUSED_FUNCTION = YES;
				GCC_WARN_UNUSED_VARIABLE = YES;
				HEADER_SEARCH_PATHS = (
					"$(SRCROOT)/../Libraries/minilzo",
					"$(SRCROOT)/../Libraries/zlib/include",
					"$(SRCROOT)/../Libraries/GLEW/include",
					"$(SRCROOT)/../Libraries/fmod/inc",
				);
				INFOPLIST_FILE = "$(SRCROOT)/Info.plist";
				LIBRARY_SEARCH_PATHS = (
					"$(SRCROOT)/../Libraries/zlib/lib/mac",
					"$(SRCROOT)/../Libraries/GLEW/lib/mac",
					"$(SRCROOT)/../Libraries/fmod/lib",
				);
				MACOSX_DEPLOYMENT_TARGET = 10.12;
				MTL_ENABLE_DEBUG_INFO = YES;
				ONLY_ACTIVE_ARCH = YES;
				OTHER_LDFLAGS = (
					"-lz",
					"-lGLEW.1.12.0",
					"-lfmod",
				);
				PRODUCT_BUNDLE_IDENTIFIER = com.kromenak.gengine;
				PRODUCT_NAME = "$(TARGET_NAME)";
				SDKROOT = macosx;
			};
			name = Debug;
		};
		4B15A94B1F241DC8000A689F /* Release */ = {
			isa = XCBuildConfiguration;
			buildSettings = {
				ALWAYS_SEARCH_USER_PATHS = NO;
				CLANG_ANALYZER_NONNULL = YES;
				CLANG_ANALYZER_NUMBER_OBJECT_CONVERSION = YES_AGGRESSIVE;
				CLANG_CXX_LANGUAGE_STANDARD = "c++14";
				CLANG_CXX_LIBRARY = "libc++";
				CLANG_ENABLE_MODULES = YES;
				CLANG_ENABLE_OBJC_ARC = YES;
				CLANG_WARN_BOOL_CONVERSION = YES;
				CLANG_WARN_CONSTANT_CONVERSION = YES;
				CLANG_WARN_DIRECT_OBJC_ISA_USAGE = YES_ERROR;
				CLANG_WARN_DOCUMENTATION_COMMENTS = YES;
				CLANG_WARN_EMPTY_BODY = YES;
				CLANG_WARN_ENUM_CONVERSION = YES;
				CLANG_WARN_INFINITE_RECURSION = YES;
				CLANG_WARN_INT_CONVERSION = YES;
				CLANG_WARN_OBJC_ROOT_CLASS = YES_ERROR;
				CLANG_WARN_SUSPICIOUS_MOVE = YES;
				CLANG_WARN_UNREACHABLE_CODE = YES;
				CLANG_WARN__DUPLICATE_METHOD_MATCH = YES;
				CODE_SIGN_IDENTITY = "-";
				COPY_PHASE_STRIP = NO;
				DEBUG_INFORMATION_FORMAT = "dwarf-with-dsym";
				ENABLE_NS_ASSERTIONS = NO;
				ENABLE_STRICT_OBJC_MSGSEND = YES;
				FRAMEWORK_SEARCH_PATHS = "$(SRCROOT)/../Libraries/SDL";
				GCC_C_LANGUAGE_STANDARD = gnu99;
				GCC_NO_COMMON_BLOCKS = YES;
				GCC_PREPROCESSOR_DEFINITIONS = MUSIC_MP3_MPG123;
				GCC_WARN_64_TO_32_BIT_CONVERSION = YES;
				GCC_WARN_ABOUT_RETURN_TYPE = YES_ERROR;
				GCC_WARN_UNDECLARED_SELECTOR = YES;
				GCC_WARN_UNINITIALIZED_AUTOS = YES_AGGRESSIVE;
				GCC_WARN_UNUSED_FUNCTION = YES;
				GCC_WARN_UNUSED_VARIABLE = YES;
				HEADER_SEARCH_PATHS = (
					"$(SRCROOT)/../Libraries/minilzo",
					"$(SRCROOT)/../Libraries/zlib/include",
					"$(SRCROOT)/../Libraries/GLEW/include",
					"$(SRCROOT)/../Libraries/fmod/inc",
				);
				INFOPLIST_FILE = "$(SRCROOT)/Info.plist";
				LIBRARY_SEARCH_PATHS = (
					"$(SRCROOT)/../Libraries/zlib/lib/mac",
					"$(SRCROOT)/../Libraries/GLEW/lib/mac",
					"$(SRCROOT)/../Libraries/fmod/lib",
				);
				MACOSX_DEPLOYMENT_TARGET = 10.12;
				MTL_ENABLE_DEBUG_INFO = NO;
				OTHER_LDFLAGS = (
					"-lz",
					"-lGLEW.1.12.0",
					"-lfmod",
				);
				PRODUCT_BUNDLE_IDENTIFIER = com.kromenak.gengine;
				PRODUCT_NAME = "$(TARGET_NAME)";
				SDKROOT = macosx;
			};
			name = Release;
		};
		4B22F4EF217170A00065B152 /* Debug */ = {
			isa = XCBuildConfiguration;
			buildSettings = {
				ALWAYS_SEARCH_USER_PATHS = NO;
				ASSETCATALOG_COMPILER_APPICON_NAME = AppIcon;
				CLANG_ANALYZER_NONNULL = YES;
				CLANG_ANALYZER_NUMBER_OBJECT_CONVERSION = YES_AGGRESSIVE;
				CLANG_CXX_LANGUAGE_STANDARD = "gnu++14";
				CLANG_CXX_LIBRARY = "libc++";
				CLANG_ENABLE_MODULES = YES;
				CLANG_ENABLE_OBJC_ARC = YES;
				CLANG_ENABLE_OBJC_WEAK = YES;
				CLANG_WARN_DIRECT_OBJC_ISA_USAGE = YES_ERROR;
				CLANG_WARN_DOCUMENTATION_COMMENTS = YES;
				CLANG_WARN_OBJC_ROOT_CLASS = YES_ERROR;
				CLANG_WARN_UNGUARDED_AVAILABILITY = YES_AGGRESSIVE;
				CODE_SIGN_ENTITLEMENTS = gengine/gengine.entitlements;
				CODE_SIGN_IDENTITY = "-";
				CODE_SIGN_STYLE = Automatic;
				COMBINE_HIDPI_IMAGES = YES;
				COPY_PHASE_STRIP = NO;
				DEBUG_INFORMATION_FORMAT = dwarf;
				FRAMEWORK_SEARCH_PATHS = "$(SRCROOT)/../Libraries/SDL";
				GCC_C_LANGUAGE_STANDARD = gnu11;
				GCC_DYNAMIC_NO_PIC = NO;
				GCC_OPTIMIZATION_LEVEL = 0;
				GCC_PREPROCESSOR_DEFINITIONS = (
					"DEBUG=1",
					"$(inherited)",
				);
				GCC_WARN_ABOUT_RETURN_TYPE = YES_ERROR;
				GCC_WARN_UNINITIALIZED_AUTOS = YES_AGGRESSIVE;
				HEADER_SEARCH_PATHS = (
					"$(SRCROOT)/../Libraries/minilzo",
					"$(SRCROOT)/../Libraries/zlib/include",
					"$(SRCROOT)/../Libraries/GLEW/include",
					"$(SRCROOT)/../Libraries/fmod/inc",
				);
				INFOPLIST_FILE = "$(SRCROOT)/MacOS/Info.plist";
				LD_RUNPATH_SEARCH_PATHS = "$(inherited) @executable_path/../Frameworks";
				LIBRARY_SEARCH_PATHS = (
					"$(SRCROOT)/../Libraries/zlib/lib/mac",
					"$(SRCROOT)/../Libraries/GLEW/lib/mac",
					"$(SRCROOT)/../Libraries/fmod/lib",
				);
				MACOSX_DEPLOYMENT_TARGET = 10.12;
				MTL_ENABLE_DEBUG_INFO = INCLUDE_SOURCE;
				MTL_FAST_MATH = YES;
				OTHER_LDFLAGS = (
					"-lz",
					"-lGLEW.1.12.0",
					"-lfmod",
				);
				PRODUCT_BUNDLE_IDENTIFIER = com.kromenak.gengine;
				PRODUCT_NAME = "$(TARGET_NAME)";
				SDKROOT = macosx;
			};
			name = Debug;
		};
		4B22F4F0217170A00065B152 /* Release */ = {
			isa = XCBuildConfiguration;
			buildSettings = {
				ALWAYS_SEARCH_USER_PATHS = NO;
				ASSETCATALOG_COMPILER_APPICON_NAME = AppIcon;
				CLANG_ANALYZER_NONNULL = YES;
				CLANG_ANALYZER_NUMBER_OBJECT_CONVERSION = YES_AGGRESSIVE;
				CLANG_CXX_LANGUAGE_STANDARD = "gnu++14";
				CLANG_CXX_LIBRARY = "libc++";
				CLANG_ENABLE_MODULES = YES;
				CLANG_ENABLE_OBJC_ARC = YES;
				CLANG_ENABLE_OBJC_WEAK = YES;
				CLANG_WARN_DIRECT_OBJC_ISA_USAGE = YES_ERROR;
				CLANG_WARN_DOCUMENTATION_COMMENTS = YES;
				CLANG_WARN_OBJC_ROOT_CLASS = YES_ERROR;
				CLANG_WARN_UNGUARDED_AVAILABILITY = YES_AGGRESSIVE;
				CODE_SIGN_ENTITLEMENTS = gengine/gengine.entitlements;
				CODE_SIGN_IDENTITY = "-";
				CODE_SIGN_STYLE = Automatic;
				COMBINE_HIDPI_IMAGES = YES;
				COPY_PHASE_STRIP = NO;
				DEBUG_INFORMATION_FORMAT = "dwarf-with-dsym";
				ENABLE_NS_ASSERTIONS = NO;
				FRAMEWORK_SEARCH_PATHS = "$(SRCROOT)/../Libraries/SDL";
				GCC_C_LANGUAGE_STANDARD = gnu11;
				GCC_WARN_ABOUT_RETURN_TYPE = YES_ERROR;
				GCC_WARN_UNINITIALIZED_AUTOS = YES_AGGRESSIVE;
				HEADER_SEARCH_PATHS = (
					"$(SRCROOT)/../Libraries/minilzo",
					"$(SRCROOT)/../Libraries/zlib/include",
					"$(SRCROOT)/../Libraries/GLEW/include",
					"$(SRCROOT)/../Libraries/fmod/inc",
				);
				INFOPLIST_FILE = "$(SRCROOT)/MacOS/Info.plist";
				LD_RUNPATH_SEARCH_PATHS = "$(inherited) @executable_path/../Frameworks";
				LIBRARY_SEARCH_PATHS = (
					"$(SRCROOT)/../Libraries/zlib/lib/mac",
					"$(SRCROOT)/../Libraries/GLEW/lib/mac",
					"$(SRCROOT)/../Libraries/fmod/lib",
				);
				MACOSX_DEPLOYMENT_TARGET = 10.12;
				MTL_ENABLE_DEBUG_INFO = NO;
				MTL_FAST_MATH = YES;
				OTHER_LDFLAGS = (
					"-lz",
					"-lGLEW.1.12.0",
					"-lfmod",
				);
				PRODUCT_BUNDLE_IDENTIFIER = com.kromenak.gengine;
				PRODUCT_NAME = "$(TARGET_NAME)";
				SDKROOT = macosx;
			};
			name = Release;
		};
		4BF8A46E1F24185300F0FB91 /* Debug */ = {
			isa = XCBuildConfiguration;
			buildSettings = {
				CLANG_WARN_BLOCK_CAPTURE_AUTORELEASING = YES;
				CLANG_WARN_BOOL_CONVERSION = YES;
				CLANG_WARN_COMMA = YES;
				CLANG_WARN_CONSTANT_CONVERSION = YES;
				CLANG_WARN_DEPRECATED_OBJC_IMPLEMENTATIONS = YES;
				CLANG_WARN_EMPTY_BODY = YES;
				CLANG_WARN_ENUM_CONVERSION = YES;
				CLANG_WARN_INFINITE_RECURSION = YES;
				CLANG_WARN_INT_CONVERSION = YES;
				CLANG_WARN_NON_LITERAL_NULL_CONVERSION = YES;
				CLANG_WARN_OBJC_IMPLICIT_RETAIN_SELF = YES;
				CLANG_WARN_OBJC_LITERAL_CONVERSION = YES;
				CLANG_WARN_RANGE_LOOP_ANALYSIS = YES;
				CLANG_WARN_STRICT_PROTOTYPES = YES;
				CLANG_WARN_SUSPICIOUS_MOVE = YES;
				CLANG_WARN_UNREACHABLE_CODE = YES;
				CLANG_WARN__DUPLICATE_METHOD_MATCH = YES;
				ENABLE_STRICT_OBJC_MSGSEND = YES;
				ENABLE_TESTABILITY = YES;
				GCC_ENABLE_CPP_EXCEPTIONS = YES;
				GCC_ENABLE_CPP_RTTI = YES;
				GCC_NO_COMMON_BLOCKS = YES;
				GCC_WARN_64_TO_32_BIT_CONVERSION = YES;
				GCC_WARN_ABOUT_RETURN_TYPE = YES;
				GCC_WARN_UNDECLARED_SELECTOR = YES;
				GCC_WARN_UNINITIALIZED_AUTOS = YES;
				GCC_WARN_UNUSED_FUNCTION = YES;
				GCC_WARN_UNUSED_VARIABLE = YES;
				MACOSX_DEPLOYMENT_TARGET = 10.12;
				ONLY_ACTIVE_ARCH = YES;
			};
			name = Debug;
		};
		4BF8A46F1F24185300F0FB91 /* Release */ = {
			isa = XCBuildConfiguration;
			buildSettings = {
				CLANG_WARN_BLOCK_CAPTURE_AUTORELEASING = YES;
				CLANG_WARN_BOOL_CONVERSION = YES;
				CLANG_WARN_COMMA = YES;
				CLANG_WARN_CONSTANT_CONVERSION = YES;
				CLANG_WARN_DEPRECATED_OBJC_IMPLEMENTATIONS = YES;
				CLANG_WARN_EMPTY_BODY = YES;
				CLANG_WARN_ENUM_CONVERSION = YES;
				CLANG_WARN_INFINITE_RECURSION = YES;
				CLANG_WARN_INT_CONVERSION = YES;
				CLANG_WARN_NON_LITERAL_NULL_CONVERSION = YES;
				CLANG_WARN_OBJC_IMPLICIT_RETAIN_SELF = YES;
				CLANG_WARN_OBJC_LITERAL_CONVERSION = YES;
				CLANG_WARN_RANGE_LOOP_ANALYSIS = YES;
				CLANG_WARN_STRICT_PROTOTYPES = YES;
				CLANG_WARN_SUSPICIOUS_MOVE = YES;
				CLANG_WARN_UNREACHABLE_CODE = YES;
				CLANG_WARN__DUPLICATE_METHOD_MATCH = YES;
				ENABLE_STRICT_OBJC_MSGSEND = YES;
				GCC_ENABLE_CPP_EXCEPTIONS = YES;
				GCC_ENABLE_CPP_RTTI = YES;
				GCC_NO_COMMON_BLOCKS = YES;
				GCC_WARN_64_TO_32_BIT_CONVERSION = YES;
				GCC_WARN_ABOUT_RETURN_TYPE = YES;
				GCC_WARN_UNDECLARED_SELECTOR = YES;
				GCC_WARN_UNINITIALIZED_AUTOS = YES;
				GCC_WARN_UNUSED_FUNCTION = YES;
				GCC_WARN_UNUSED_VARIABLE = YES;
				MACOSX_DEPLOYMENT_TARGET = 10.12;
			};
			name = Release;
		};
/* End XCBuildConfiguration section */

/* Begin XCConfigurationList section */
		4B1112A11F820A6D00AFDDFC /* Build configuration list for PBXNativeTarget "GEngine-Tests" */ = {
			isa = XCConfigurationList;
			buildConfigurations = (
				4B11129F1F820A6D00AFDDFC /* Debug */,
				4B1112A01F820A6D00AFDDFC /* Release */,
			);
			defaultConfigurationIsVisible = 0;
			defaultConfigurationName = Release;
		};
		4B15A9491F241DC8000A689F /* Build configuration list for PBXNativeTarget "GEngine-MacOS" */ = {
			isa = XCConfigurationList;
			buildConfigurations = (
				4B15A94A1F241DC8000A689F /* Debug */,
				4B15A94B1F241DC8000A689F /* Release */,
			);
			defaultConfigurationIsVisible = 0;
			defaultConfigurationName = Release;
		};
		4B22F4F1217170A00065B152 /* Build configuration list for PBXNativeTarget "gengine" */ = {
			isa = XCConfigurationList;
			buildConfigurations = (
				4B22F4EF217170A00065B152 /* Debug */,
				4B22F4F0217170A00065B152 /* Release */,
			);
			defaultConfigurationIsVisible = 0;
			defaultConfigurationName = Release;
		};
		4BF8A46D1F24185300F0FB91 /* Build configuration list for PBXProject "GEngine" */ = {
			isa = XCConfigurationList;
			buildConfigurations = (
				4BF8A46E1F24185300F0FB91 /* Debug */,
				4BF8A46F1F24185300F0FB91 /* Release */,
			);
			defaultConfigurationIsVisible = 0;
			defaultConfigurationName = Release;
		};
/* End XCConfigurationList section */
	};
	rootObject = 4BF8A46A1F24185300F0FB91 /* Project object */;
}
