// !$*UTF8*$!
{
	archiveVersion = 1;
	classes = {
	};
	objectVersion = 46;
	objects = {

/* Begin PBXBuildFile section */
		4B02A3B21F526529000540A7 /* membuf.cpp in Sources */ = {isa = PBXBuildFile; fileRef = 4B02A3B01F526529000540A7 /* membuf.cpp */; };
		4B02A3B51F5269E9000540A7 /* imstream.cpp in Sources */ = {isa = PBXBuildFile; fileRef = 4B02A3B31F5269E9000540A7 /* imstream.cpp */; };
		4B0B67831F78DCD40023815F /* Actor.cpp in Sources */ = {isa = PBXBuildFile; fileRef = 4B0B67811F78DCD40023815F /* Actor.cpp */; };
		4B1112A91F820B7500AFDDFC /* TestMain.cpp in Sources */ = {isa = PBXBuildFile; fileRef = 4B1112A71F820B0400AFDDFC /* TestMain.cpp */; };
		4B1112AB1F820BD000AFDDFC /* Matrix4Tests.cpp in Sources */ = {isa = PBXBuildFile; fileRef = 4B1112AA1F820BD000AFDDFC /* Matrix4Tests.cpp */; };
		4B1112AC1F820C1F00AFDDFC /* Matrix4.cpp in Sources */ = {isa = PBXBuildFile; fileRef = 4BF32B841F64D4B9000639FB /* Matrix4.cpp */; };
		4B1112AF1F821FFF00AFDDFC /* Component.cpp in Sources */ = {isa = PBXBuildFile; fileRef = 4B1112AD1F821FFF00AFDDFC /* Component.cpp */; };
		4B15A94C1F241E2D000A689F /* Main.cpp in Sources */ = {isa = PBXBuildFile; fileRef = 4B15A93F1F24188E000A689F /* Main.cpp */; };
		4B15A94F1F241FEA000A689F /* OpenGL.framework in Frameworks */ = {isa = PBXBuildFile; fileRef = 4B15A94E1F241FEA000A689F /* OpenGL.framework */; };
		4B15A9521F2428C5000A689F /* GEngine.cpp in Sources */ = {isa = PBXBuildFile; fileRef = 4B15A9501F2428C5000A689F /* GEngine.cpp */; };
		4B15A9561F242C55000A689F /* SDLRenderer.cpp in Sources */ = {isa = PBXBuildFile; fileRef = 4B15A9541F242C55000A689F /* SDLRenderer.cpp */; };
		4B15A9581F242ECF000A689F /* CoreFoundation.framework in Frameworks */ = {isa = PBXBuildFile; fileRef = 4B15A9571F242ECF000A689F /* CoreFoundation.framework */; };
		4B15A95C1F243349000A689F /* SDLLog.cpp in Sources */ = {isa = PBXBuildFile; fileRef = 4B15A95A1F243349000A689F /* SDLLog.cpp */; };
		4B2ACDF81F25873C003EC7FE /* SheepScript.cpp in Sources */ = {isa = PBXBuildFile; fileRef = 4B2ACDF61F25873C003EC7FE /* SheepScript.cpp */; };
		4B2ACDFB1F25880E003EC7FE /* SheepNode.cpp in Sources */ = {isa = PBXBuildFile; fileRef = 4B2ACDF91F25880E003EC7FE /* SheepNode.cpp */; };
		4B2ACDFE1F25B621003EC7FE /* SheepTypeRefNode.cpp in Sources */ = {isa = PBXBuildFile; fileRef = 4B2ACDFC1F25B621003EC7FE /* SheepTypeRefNode.cpp */; };
		4B2ACE011F25BA6F003EC7FE /* SheepNameRefNode.cpp in Sources */ = {isa = PBXBuildFile; fileRef = 4B2ACDFF1F25BA6F003EC7FE /* SheepNameRefNode.cpp */; };
		4B2ACE0B1F25C20B003EC7FE /* sheep.tab.cc in Sources */ = {isa = PBXBuildFile; fileRef = 4B2ACE091F25C20B003EC7FE /* sheep.tab.cc */; };
		4B2ACE0D1F25C45F003EC7FE /* lex.yy.cc in Sources */ = {isa = PBXBuildFile; fileRef = 4B2ACE0C1F25C45F003EC7FE /* lex.yy.cc */; };
		4B2ACE101F25CF08003EC7FE /* SheepScanner.cpp in Sources */ = {isa = PBXBuildFile; fileRef = 4B2ACE0E1F25CF08003EC7FE /* SheepScanner.cpp */; };
		4B2ACE131F25D310003EC7FE /* SheepDriver.cpp in Sources */ = {isa = PBXBuildFile; fileRef = 4B2ACE111F25D310003EC7FE /* SheepDriver.cpp */; };
		4B4EED881F5CA5F4000065EF /* Model.cpp in Sources */ = {isa = PBXBuildFile; fileRef = 4B4EED861F5CA5F4000065EF /* Model.cpp */; };
		4B4EED8B1F5CACEF000065EF /* Vector3.cpp in Sources */ = {isa = PBXBuildFile; fileRef = 4B4EED891F5CACEF000065EF /* Vector3.cpp */; };
		4B76B57C1F35999B003F63E5 /* BarnFile.cpp in Sources */ = {isa = PBXBuildFile; fileRef = 4B76B57A1F35999B003F63E5 /* BarnFile.cpp */; };
		4B76B5801F35B175003F63E5 /* BinaryReader.cpp in Sources */ = {isa = PBXBuildFile; fileRef = 4B76B57E1F35B175003F63E5 /* BinaryReader.cpp */; };
		4B76B5831F3788FA003F63E5 /* BarnAsset.cpp in Sources */ = {isa = PBXBuildFile; fileRef = 4B76B5811F3788FA003F63E5 /* BarnAsset.cpp */; };
		4B7AB0451F539EB200CFBE8F /* Audio.cpp in Sources */ = {isa = PBXBuildFile; fileRef = 4B7AB0431F539EB200CFBE8F /* Audio.cpp */; };
		4B7C3A161F4EB07000BB0922 /* SDLAudio.cpp in Sources */ = {isa = PBXBuildFile; fileRef = 4B7C3A141F4EB07000BB0922 /* SDLAudio.cpp */; };
		4BE15CB81F464FD800114779 /* AssetManager.cpp in Sources */ = {isa = PBXBuildFile; fileRef = 4BE15CB61F464FD800114779 /* AssetManager.cpp */; };
		4BE6EE341F441DC600BB29D5 /* minilzo.c in Sources */ = {isa = PBXBuildFile; fileRef = 4BE6EE331F441DC600BB29D5 /* minilzo.c */; };
		4BF32B861F64D4B9000639FB /* Matrix4.cpp in Sources */ = {isa = PBXBuildFile; fileRef = 4BF32B841F64D4B9000639FB /* Matrix4.cpp */; };
		4BF32B891F67BC34000639FB /* GLVertexArray.cpp in Sources */ = {isa = PBXBuildFile; fileRef = 4BF32B871F67BC34000639FB /* GLVertexArray.cpp */; };
		4BF32B8C1F67C434000639FB /* GLShader.cpp in Sources */ = {isa = PBXBuildFile; fileRef = 4BF32B8A1F67C434000639FB /* GLShader.cpp */; };
		4BF7510F1F7737DD00B79D2F /* Vector4.cpp in Sources */ = {isa = PBXBuildFile; fileRef = 4BF7510D1F7737DD00B79D2F /* Vector4.cpp */; };
		4BF751121F773E1A00B79D2F /* Vector2.cpp in Sources */ = {isa = PBXBuildFile; fileRef = 4BF751101F773E1A00B79D2F /* Vector2.cpp */; };
/* End PBXBuildFile section */

/* Begin PBXCopyFilesBuildPhase section */
		4B1112991F820A6D00AFDDFC /* CopyFiles */ = {
			isa = PBXCopyFilesBuildPhase;
			buildActionMask = 2147483647;
			dstPath = /usr/share/man/man1/;
			dstSubfolderSpec = 0;
			files = (
			);
			runOnlyForDeploymentPostprocessing = 1;
		};
		4B15A9421F241DC8000A689F /* CopyFiles */ = {
			isa = PBXCopyFilesBuildPhase;
			buildActionMask = 2147483647;
			dstPath = /usr/share/man/man1/;
			dstSubfolderSpec = 0;
			files = (
			);
			runOnlyForDeploymentPostprocessing = 1;
		};
/* End PBXCopyFilesBuildPhase section */

/* Begin PBXFileReference section */
		4B02A3B01F526529000540A7 /* membuf.cpp */ = {isa = PBXFileReference; fileEncoding = 4; lastKnownFileType = sourcecode.cpp.cpp; name = membuf.cpp; path = ../Source/membuf.cpp; sourceTree = "<group>"; };
		4B02A3B11F526529000540A7 /* membuf.h */ = {isa = PBXFileReference; fileEncoding = 4; lastKnownFileType = sourcecode.c.h; name = membuf.h; path = ../Source/membuf.h; sourceTree = "<group>"; };
		4B02A3B31F5269E9000540A7 /* imstream.cpp */ = {isa = PBXFileReference; fileEncoding = 4; lastKnownFileType = sourcecode.cpp.cpp; name = imstream.cpp; path = ../Source/imstream.cpp; sourceTree = "<group>"; };
		4B02A3B41F5269E9000540A7 /* imstream.h */ = {isa = PBXFileReference; fileEncoding = 4; lastKnownFileType = sourcecode.c.h; name = imstream.h; path = ../Source/imstream.h; sourceTree = "<group>"; };
		4B0B67811F78DCD40023815F /* Actor.cpp */ = {isa = PBXFileReference; lastKnownFileType = sourcecode.cpp.cpp; name = Actor.cpp; path = ../Source/Actor.cpp; sourceTree = "<group>"; };
		4B0B67821F78DCD40023815F /* Actor.h */ = {isa = PBXFileReference; lastKnownFileType = sourcecode.c.h; name = Actor.h; path = ../Source/Actor.h; sourceTree = "<group>"; };
		4B0E2A571F74F5650019D4AD /* Tut.frag */ = {isa = PBXFileReference; fileEncoding = 4; lastKnownFileType = sourcecode.glsl; name = Tut.frag; path = ../Assets/Tut.frag; sourceTree = "<group>"; };
		4B0E2A581F74F5650019D4AD /* Tut.vert */ = {isa = PBXFileReference; fileEncoding = 4; lastKnownFileType = sourcecode.glsl; name = Tut.vert; path = ../Assets/Tut.vert; sourceTree = "<group>"; };
		4B11129B1F820A6D00AFDDFC /* GEngine-Tests */ = {isa = PBXFileReference; explicitFileType = "compiled.mach-o.executable"; includeInIndex = 0; path = "GEngine-Tests"; sourceTree = BUILT_PRODUCTS_DIR; };
		4B1112A61F820AC100AFDDFC /* catch.hh */ = {isa = PBXFileReference; fileEncoding = 4; lastKnownFileType = sourcecode.cpp.h; name = catch.hh; path = ../Tests/catch.hh; sourceTree = "<group>"; };
		4B1112A71F820B0400AFDDFC /* TestMain.cpp */ = {isa = PBXFileReference; lastKnownFileType = sourcecode.cpp.cpp; name = TestMain.cpp; path = ../Tests/TestMain.cpp; sourceTree = "<group>"; };
		4B1112AA1F820BD000AFDDFC /* Matrix4Tests.cpp */ = {isa = PBXFileReference; lastKnownFileType = sourcecode.cpp.cpp; name = Matrix4Tests.cpp; path = ../Tests/Matrix4Tests.cpp; sourceTree = "<group>"; };
		4B1112AD1F821FFF00AFDDFC /* Component.cpp */ = {isa = PBXFileReference; lastKnownFileType = sourcecode.cpp.cpp; name = Component.cpp; path = ../Source/Component.cpp; sourceTree = "<group>"; };
		4B1112AE1F821FFF00AFDDFC /* Component.h */ = {isa = PBXFileReference; lastKnownFileType = sourcecode.c.h; name = Component.h; path = ../Source/Component.h; sourceTree = "<group>"; };
		4B15A93F1F24188E000A689F /* Main.cpp */ = {isa = PBXFileReference; lastKnownFileType = sourcecode.cpp.cpp; name = Main.cpp; path = ../Source/Main.cpp; sourceTree = "<group>"; };
		4B15A9441F241DC8000A689F /* GEngine-MacOS */ = {isa = PBXFileReference; explicitFileType = "compiled.mach-o.executable"; includeInIndex = 0; path = "GEngine-MacOS"; sourceTree = BUILT_PRODUCTS_DIR; };
		4B15A94E1F241FEA000A689F /* OpenGL.framework */ = {isa = PBXFileReference; lastKnownFileType = wrapper.framework; name = OpenGL.framework; path = System/Library/Frameworks/OpenGL.framework; sourceTree = SDKROOT; };
		4B15A9501F2428C5000A689F /* GEngine.cpp */ = {isa = PBXFileReference; fileEncoding = 4; lastKnownFileType = sourcecode.cpp.cpp; name = GEngine.cpp; path = ../Source/GEngine.cpp; sourceTree = "<group>"; };
		4B15A9511F2428C5000A689F /* GEngine.h */ = {isa = PBXFileReference; fileEncoding = 4; lastKnownFileType = sourcecode.c.h; name = GEngine.h; path = ../Source/GEngine.h; sourceTree = "<group>"; };
		4B15A9541F242C55000A689F /* SDLRenderer.cpp */ = {isa = PBXFileReference; fileEncoding = 4; lastKnownFileType = sourcecode.cpp.cpp; name = SDLRenderer.cpp; path = ../Source/SDLRenderer.cpp; sourceTree = "<group>"; };
		4B15A9551F242C55000A689F /* SDLRenderer.h */ = {isa = PBXFileReference; fileEncoding = 4; lastKnownFileType = sourcecode.c.h; name = SDLRenderer.h; path = ../Source/SDLRenderer.h; sourceTree = "<group>"; };
		4B15A9571F242ECF000A689F /* CoreFoundation.framework */ = {isa = PBXFileReference; lastKnownFileType = wrapper.framework; name = CoreFoundation.framework; path = System/Library/Frameworks/CoreFoundation.framework; sourceTree = SDKROOT; };
		4B15A95A1F243349000A689F /* SDLLog.cpp */ = {isa = PBXFileReference; fileEncoding = 4; lastKnownFileType = sourcecode.cpp.cpp; name = SDLLog.cpp; path = ../Source/SDLLog.cpp; sourceTree = "<group>"; };
		4B15A95B1F243349000A689F /* SDLLog.h */ = {isa = PBXFileReference; fileEncoding = 4; lastKnownFileType = sourcecode.c.h; name = SDLLog.h; path = ../Source/SDLLog.h; sourceTree = "<group>"; };
		4B2ACDF61F25873C003EC7FE /* SheepScript.cpp */ = {isa = PBXFileReference; fileEncoding = 4; lastKnownFileType = sourcecode.cpp.cpp; name = SheepScript.cpp; path = ../Source/Sheep/SheepScript.cpp; sourceTree = "<group>"; };
		4B2ACDF71F25873C003EC7FE /* SheepScript.h */ = {isa = PBXFileReference; fileEncoding = 4; lastKnownFileType = sourcecode.c.h; name = SheepScript.h; path = ../Source/Sheep/SheepScript.h; sourceTree = "<group>"; };
		4B2ACDF91F25880E003EC7FE /* SheepNode.cpp */ = {isa = PBXFileReference; fileEncoding = 4; lastKnownFileType = sourcecode.cpp.cpp; name = SheepNode.cpp; path = ../Source/Sheep/SheepNode.cpp; sourceTree = "<group>"; };
		4B2ACDFA1F25880E003EC7FE /* SheepNode.h */ = {isa = PBXFileReference; fileEncoding = 4; lastKnownFileType = sourcecode.c.h; name = SheepNode.h; path = ../Source/Sheep/SheepNode.h; sourceTree = "<group>"; };
		4B2ACDFC1F25B621003EC7FE /* SheepTypeRefNode.cpp */ = {isa = PBXFileReference; fileEncoding = 4; lastKnownFileType = sourcecode.cpp.cpp; name = SheepTypeRefNode.cpp; path = ../Source/Sheep/SheepTypeRefNode.cpp; sourceTree = "<group>"; };
		4B2ACDFD1F25B621003EC7FE /* SheepTypeRefNode.h */ = {isa = PBXFileReference; fileEncoding = 4; lastKnownFileType = sourcecode.c.h; name = SheepTypeRefNode.h; path = ../Source/Sheep/SheepTypeRefNode.h; sourceTree = "<group>"; };
		4B2ACDFF1F25BA6F003EC7FE /* SheepNameRefNode.cpp */ = {isa = PBXFileReference; fileEncoding = 4; lastKnownFileType = sourcecode.cpp.cpp; name = SheepNameRefNode.cpp; path = ../Source/Sheep/SheepNameRefNode.cpp; sourceTree = "<group>"; };
		4B2ACE001F25BA6F003EC7FE /* SheepNameRefNode.h */ = {isa = PBXFileReference; fileEncoding = 4; lastKnownFileType = sourcecode.c.h; name = SheepNameRefNode.h; path = ../Source/Sheep/SheepNameRefNode.h; sourceTree = "<group>"; };
		4B2ACE061F25C1FB003EC7FE /* stack.hh */ = {isa = PBXFileReference; fileEncoding = 4; lastKnownFileType = sourcecode.cpp.h; name = stack.hh; path = ../Source/Sheep/stack.hh; sourceTree = "<group>"; };
		4B2ACE071F25C20B003EC7FE /* location.hh */ = {isa = PBXFileReference; fileEncoding = 4; lastKnownFileType = sourcecode.cpp.h; name = location.hh; path = ../Source/Sheep/location.hh; sourceTree = "<group>"; };
		4B2ACE081F25C20B003EC7FE /* position.hh */ = {isa = PBXFileReference; fileEncoding = 4; lastKnownFileType = sourcecode.cpp.h; name = position.hh; path = ../Source/Sheep/position.hh; sourceTree = "<group>"; };
		4B2ACE091F25C20B003EC7FE /* sheep.tab.cc */ = {isa = PBXFileReference; fileEncoding = 4; lastKnownFileType = sourcecode.cpp.cpp; name = sheep.tab.cc; path = ../Source/Sheep/sheep.tab.cc; sourceTree = "<group>"; };
		4B2ACE0A1F25C20B003EC7FE /* sheep.tab.hh */ = {isa = PBXFileReference; fileEncoding = 4; lastKnownFileType = sourcecode.cpp.h; name = sheep.tab.hh; path = ../Source/Sheep/sheep.tab.hh; sourceTree = "<group>"; };
		4B2ACE0C1F25C45F003EC7FE /* lex.yy.cc */ = {isa = PBXFileReference; fileEncoding = 4; lastKnownFileType = sourcecode.cpp.cpp; name = lex.yy.cc; path = ../Source/Sheep/lex.yy.cc; sourceTree = "<group>"; };
		4B2ACE0E1F25CF08003EC7FE /* SheepScanner.cpp */ = {isa = PBXFileReference; fileEncoding = 4; lastKnownFileType = sourcecode.cpp.cpp; name = SheepScanner.cpp; path = ../Source/Sheep/SheepScanner.cpp; sourceTree = "<group>"; };
		4B2ACE0F1F25CF08003EC7FE /* SheepScanner.h */ = {isa = PBXFileReference; fileEncoding = 4; lastKnownFileType = sourcecode.c.h; name = SheepScanner.h; path = ../Source/Sheep/SheepScanner.h; sourceTree = "<group>"; };
		4B2ACE111F25D310003EC7FE /* SheepDriver.cpp */ = {isa = PBXFileReference; fileEncoding = 4; lastKnownFileType = sourcecode.cpp.cpp; name = SheepDriver.cpp; path = ../Source/Sheep/SheepDriver.cpp; sourceTree = "<group>"; };
		4B2ACE121F25D310003EC7FE /* SheepDriver.h */ = {isa = PBXFileReference; fileEncoding = 4; lastKnownFileType = sourcecode.c.h; name = SheepDriver.h; path = ../Source/Sheep/SheepDriver.h; sourceTree = "<group>"; };
		4B2D75A71F53667000900417 /* Info.plist */ = {isa = PBXFileReference; fileEncoding = 4; lastKnownFileType = text.plist.xml; path = Info.plist; sourceTree = "<group>"; };
		4B4EED861F5CA5F4000065EF /* Model.cpp */ = {isa = PBXFileReference; fileEncoding = 4; lastKnownFileType = sourcecode.cpp.cpp; name = Model.cpp; path = ../Source/Model.cpp; sourceTree = "<group>"; };
		4B4EED871F5CA5F4000065EF /* Model.h */ = {isa = PBXFileReference; fileEncoding = 4; lastKnownFileType = sourcecode.c.h; name = Model.h; path = ../Source/Model.h; sourceTree = "<group>"; };
		4B4EED891F5CACEF000065EF /* Vector3.cpp */ = {isa = PBXFileReference; fileEncoding = 4; lastKnownFileType = sourcecode.cpp.cpp; name = Vector3.cpp; path = ../Source/Vector3.cpp; sourceTree = "<group>"; };
		4B4EED8A1F5CACEF000065EF /* Vector3.h */ = {isa = PBXFileReference; fileEncoding = 4; lastKnownFileType = sourcecode.c.h; name = Vector3.h; path = ../Source/Vector3.h; sourceTree = "<group>"; };
		4B76B57A1F35999B003F63E5 /* BarnFile.cpp */ = {isa = PBXFileReference; fileEncoding = 4; lastKnownFileType = sourcecode.cpp.cpp; name = BarnFile.cpp; path = ../Source/Barn/BarnFile.cpp; sourceTree = "<group>"; };
		4B76B57B1F35999B003F63E5 /* BarnFile.h */ = {isa = PBXFileReference; fileEncoding = 4; lastKnownFileType = sourcecode.c.h; name = BarnFile.h; path = ../Source/Barn/BarnFile.h; sourceTree = "<group>"; };
		4B76B57E1F35B175003F63E5 /* BinaryReader.cpp */ = {isa = PBXFileReference; fileEncoding = 4; lastKnownFileType = sourcecode.cpp.cpp; name = BinaryReader.cpp; path = ../Source/Barn/BinaryReader.cpp; sourceTree = "<group>"; };
		4B76B57F1F35B175003F63E5 /* BinaryReader.h */ = {isa = PBXFileReference; fileEncoding = 4; lastKnownFileType = sourcecode.c.h; name = BinaryReader.h; path = ../Source/Barn/BinaryReader.h; sourceTree = "<group>"; };
		4B76B5811F3788FA003F63E5 /* BarnAsset.cpp */ = {isa = PBXFileReference; fileEncoding = 4; lastKnownFileType = sourcecode.cpp.cpp; name = BarnAsset.cpp; path = ../Source/Barn/BarnAsset.cpp; sourceTree = "<group>"; };
		4B76B5821F3788FA003F63E5 /* BarnAsset.h */ = {isa = PBXFileReference; fileEncoding = 4; lastKnownFileType = sourcecode.c.h; name = BarnAsset.h; path = ../Source/Barn/BarnAsset.h; sourceTree = "<group>"; };
		4B7AB0431F539EB200CFBE8F /* Audio.cpp */ = {isa = PBXFileReference; fileEncoding = 4; lastKnownFileType = sourcecode.cpp.cpp; name = Audio.cpp; path = ../Source/Audio/Audio.cpp; sourceTree = "<group>"; };
		4B7AB0441F539EB200CFBE8F /* Audio.h */ = {isa = PBXFileReference; fileEncoding = 4; lastKnownFileType = sourcecode.c.h; name = Audio.h; path = ../Source/Audio/Audio.h; sourceTree = "<group>"; };
		4B7C3A141F4EB07000BB0922 /* SDLAudio.cpp */ = {isa = PBXFileReference; fileEncoding = 4; lastKnownFileType = sourcecode.cpp.cpp; name = SDLAudio.cpp; path = ../Source/SDLAudio.cpp; sourceTree = "<group>"; };
		4B7C3A151F4EB07000BB0922 /* SDLAudio.h */ = {isa = PBXFileReference; fileEncoding = 4; lastKnownFileType = sourcecode.c.h; name = SDLAudio.h; path = ../Source/SDLAudio.h; sourceTree = "<group>"; };
		4BE15CB61F464FD800114779 /* AssetManager.cpp */ = {isa = PBXFileReference; fileEncoding = 4; lastKnownFileType = sourcecode.cpp.cpp; name = AssetManager.cpp; path = ../Source/AssetManager.cpp; sourceTree = "<group>"; };
		4BE15CB71F464FD800114779 /* AssetManager.h */ = {isa = PBXFileReference; fileEncoding = 4; lastKnownFileType = sourcecode.c.h; name = AssetManager.h; path = ../Source/AssetManager.h; sourceTree = "<group>"; };
		4BE15CBC1F46620000114779 /* Types.h */ = {isa = PBXFileReference; lastKnownFileType = sourcecode.c.h; name = Types.h; path = ../Source/Types.h; sourceTree = "<group>"; };
		4BE6EE331F441DC600BB29D5 /* minilzo.c */ = {isa = PBXFileReference; fileEncoding = 4; lastKnownFileType = sourcecode.c.c; name = minilzo.c; path = ../Libraries/minilzo/minilzo.c; sourceTree = "<group>"; };
		4BF32B841F64D4B9000639FB /* Matrix4.cpp */ = {isa = PBXFileReference; fileEncoding = 4; lastKnownFileType = sourcecode.cpp.cpp; name = Matrix4.cpp; path = ../Source/Matrix4.cpp; sourceTree = "<group>"; };
		4BF32B851F64D4B9000639FB /* Matrix4.h */ = {isa = PBXFileReference; fileEncoding = 4; lastKnownFileType = sourcecode.c.h; name = Matrix4.h; path = ../Source/Matrix4.h; sourceTree = "<group>"; };
		4BF32B871F67BC34000639FB /* GLVertexArray.cpp */ = {isa = PBXFileReference; fileEncoding = 4; lastKnownFileType = sourcecode.cpp.cpp; name = GLVertexArray.cpp; path = ../Source/GLVertexArray.cpp; sourceTree = "<group>"; };
		4BF32B881F67BC34000639FB /* GLVertexArray.h */ = {isa = PBXFileReference; fileEncoding = 4; lastKnownFileType = sourcecode.c.h; name = GLVertexArray.h; path = ../Source/GLVertexArray.h; sourceTree = "<group>"; };
		4BF32B8A1F67C434000639FB /* GLShader.cpp */ = {isa = PBXFileReference; fileEncoding = 4; lastKnownFileType = sourcecode.cpp.cpp; name = GLShader.cpp; path = ../Source/GLShader.cpp; sourceTree = "<group>"; };
		4BF32B8B1F67C434000639FB /* GLShader.h */ = {isa = PBXFileReference; fileEncoding = 4; lastKnownFileType = sourcecode.c.h; name = GLShader.h; path = ../Source/GLShader.h; sourceTree = "<group>"; };
		4BF7510D1F7737DD00B79D2F /* Vector4.cpp */ = {isa = PBXFileReference; fileEncoding = 4; lastKnownFileType = sourcecode.cpp.cpp; name = Vector4.cpp; path = ../Source/Vector4.cpp; sourceTree = "<group>"; };
		4BF7510E1F7737DD00B79D2F /* Vector4.h */ = {isa = PBXFileReference; fileEncoding = 4; lastKnownFileType = sourcecode.c.h; name = Vector4.h; path = ../Source/Vector4.h; sourceTree = "<group>"; };
		4BF751101F773E1A00B79D2F /* Vector2.cpp */ = {isa = PBXFileReference; fileEncoding = 4; lastKnownFileType = sourcecode.cpp.cpp; name = Vector2.cpp; path = ../Source/Vector2.cpp; sourceTree = "<group>"; };
		4BF751111F773E1A00B79D2F /* Vector2.h */ = {isa = PBXFileReference; fileEncoding = 4; lastKnownFileType = sourcecode.c.h; name = Vector2.h; path = ../Source/Vector2.h; sourceTree = "<group>"; };
/* End PBXFileReference section */

/* Begin PBXFrameworksBuildPhase section */
		4B1112981F820A6D00AFDDFC /* Frameworks */ = {
			isa = PBXFrameworksBuildPhase;
			buildActionMask = 2147483647;
			files = (
			);
			runOnlyForDeploymentPostprocessing = 0;
		};
		4B15A9411F241DC8000A689F /* Frameworks */ = {
			isa = PBXFrameworksBuildPhase;
			buildActionMask = 2147483647;
			files = (
				4B15A9581F242ECF000A689F /* CoreFoundation.framework in Frameworks */,
				4B15A94F1F241FEA000A689F /* OpenGL.framework in Frameworks */,
			);
			runOnlyForDeploymentPostprocessing = 0;
		};
/* End PBXFrameworksBuildPhase section */

/* Begin PBXGroup section */
		4B0E2A561F74F5570019D4AD /* Assets */ = {
			isa = PBXGroup;
			children = (
				4B0E2A571F74F5650019D4AD /* Tut.frag */,
				4B0E2A581F74F5650019D4AD /* Tut.vert */,
			);
			name = Assets;
			sourceTree = "<group>";
		};
		4B1112A51F820AAB00AFDDFC /* Tests */ = {
			isa = PBXGroup;
			children = (
				4B1112A61F820AC100AFDDFC /* catch.hh */,
				4B1112A71F820B0400AFDDFC /* TestMain.cpp */,
				4B1112AA1F820BD000AFDDFC /* Matrix4Tests.cpp */,
			);
			name = Tests;
			sourceTree = "<group>";
		};
		4B15A9451F241DC8000A689F /* Products */ = {
			isa = PBXGroup;
			children = (
				4B15A9441F241DC8000A689F /* GEngine-MacOS */,
				4B11129B1F820A6D00AFDDFC /* GEngine-Tests */,
			);
			name = Products;
			sourceTree = "<group>";
		};
		4B15A94D1F241FEA000A689F /* Frameworks */ = {
			isa = PBXGroup;
			children = (
				4B15A9571F242ECF000A689F /* CoreFoundation.framework */,
				4B15A94E1F241FEA000A689F /* OpenGL.framework */,
			);
			name = Frameworks;
			sourceTree = "<group>";
		};
		4B15A9531F2428CD000A689F /* Source */ = {
			isa = PBXGroup;
			children = (
				4BE15CB61F464FD800114779 /* AssetManager.cpp */,
				4BE15CB71F464FD800114779 /* AssetManager.h */,
				4B7AB0421F539EA500CFBE8F /* Audio */,
				4B76B57D1F3599A1003F63E5 /* Barn */,
				4B76B57E1F35B175003F63E5 /* BinaryReader.cpp */,
				4B76B57F1F35B175003F63E5 /* BinaryReader.h */,
				4B15A9501F2428C5000A689F /* GEngine.cpp */,
				4B15A9511F2428C5000A689F /* GEngine.h */,
				4BF32B871F67BC34000639FB /* GLVertexArray.cpp */,
				4BF32B881F67BC34000639FB /* GLVertexArray.h */,
				4BE6EE351F441DD100BB29D5 /* Libraries */,
				4B15A93F1F24188E000A689F /* Main.cpp */,
				4BF32B841F64D4B9000639FB /* Matrix4.cpp */,
				4BF32B851F64D4B9000639FB /* Matrix4.h */,
				4B4EED861F5CA5F4000065EF /* Model.cpp */,
				4B4EED871F5CA5F4000065EF /* Model.h */,
				4B15A95A1F243349000A689F /* SDLLog.cpp */,
				4B15A95B1F243349000A689F /* SDLLog.h */,
				4B15A9541F242C55000A689F /* SDLRenderer.cpp */,
				4B15A9551F242C55000A689F /* SDLRenderer.h */,
				4B15A95D1F245BDC000A689F /* Sheep */,
				4B98D70A1F53D26C009CC2F0 /* STD */,
				4BE15CBC1F46620000114779 /* Types.h */,
				4B4EED891F5CACEF000065EF /* Vector3.cpp */,
				4B4EED8A1F5CACEF000065EF /* Vector3.h */,
				4BF32B8A1F67C434000639FB /* GLShader.cpp */,
				4BF32B8B1F67C434000639FB /* GLShader.h */,
				4BF7510D1F7737DD00B79D2F /* Vector4.cpp */,
				4BF7510E1F7737DD00B79D2F /* Vector4.h */,
				4BF751101F773E1A00B79D2F /* Vector2.cpp */,
				4BF751111F773E1A00B79D2F /* Vector2.h */,
				4B0B67811F78DCD40023815F /* Actor.cpp */,
				4B0B67821F78DCD40023815F /* Actor.h */,
				4B1112AD1F821FFF00AFDDFC /* Component.cpp */,
				4B1112AE1F821FFF00AFDDFC /* Component.h */,
			);
			name = Source;
			sourceTree = "<group>";
		};
		4B15A95D1F245BDC000A689F /* Sheep */ = {
			isa = PBXGroup;
			children = (
				4B2ACE0C1F25C45F003EC7FE /* lex.yy.cc */,
				4B2ACE071F25C20B003EC7FE /* location.hh */,
				4B2ACE081F25C20B003EC7FE /* position.hh */,
				4B2ACE091F25C20B003EC7FE /* sheep.tab.cc */,
				4B2ACE0A1F25C20B003EC7FE /* sheep.tab.hh */,
				4B2ACE061F25C1FB003EC7FE /* stack.hh */,
				4B2ACDFF1F25BA6F003EC7FE /* SheepNameRefNode.cpp */,
				4B2ACE001F25BA6F003EC7FE /* SheepNameRefNode.h */,
				4B2ACDF61F25873C003EC7FE /* SheepScript.cpp */,
				4B2ACDF71F25873C003EC7FE /* SheepScript.h */,
				4B2ACDF91F25880E003EC7FE /* SheepNode.cpp */,
				4B2ACDFA1F25880E003EC7FE /* SheepNode.h */,
				4B2ACDFC1F25B621003EC7FE /* SheepTypeRefNode.cpp */,
				4B2ACDFD1F25B621003EC7FE /* SheepTypeRefNode.h */,
				4B2ACE0E1F25CF08003EC7FE /* SheepScanner.cpp */,
				4B2ACE0F1F25CF08003EC7FE /* SheepScanner.h */,
				4B2ACE111F25D310003EC7FE /* SheepDriver.cpp */,
				4B2ACE121F25D310003EC7FE /* SheepDriver.h */,
			);
			name = Sheep;
			sourceTree = "<group>";
		};
		4B76B57D1F3599A1003F63E5 /* Barn */ = {
			isa = PBXGroup;
			children = (
				4B76B57A1F35999B003F63E5 /* BarnFile.cpp */,
				4B76B57B1F35999B003F63E5 /* BarnFile.h */,
				4B76B5811F3788FA003F63E5 /* BarnAsset.cpp */,
				4B76B5821F3788FA003F63E5 /* BarnAsset.h */,
			);
			name = Barn;
			sourceTree = "<group>";
		};
		4B7AB0421F539EA500CFBE8F /* Audio */ = {
			isa = PBXGroup;
			children = (
				4B7C3A141F4EB07000BB0922 /* SDLAudio.cpp */,
				4B7C3A151F4EB07000BB0922 /* SDLAudio.h */,
				4B7AB0431F539EB200CFBE8F /* Audio.cpp */,
				4B7AB0441F539EB200CFBE8F /* Audio.h */,
			);
			name = Audio;
			sourceTree = "<group>";
		};
		4B98D70A1F53D26C009CC2F0 /* STD */ = {
			isa = PBXGroup;
			children = (
				4B02A3B01F526529000540A7 /* membuf.cpp */,
				4B02A3B11F526529000540A7 /* membuf.h */,
				4B02A3B31F5269E9000540A7 /* imstream.cpp */,
				4B02A3B41F5269E9000540A7 /* imstream.h */,
			);
			name = STD;
			sourceTree = "<group>";
		};
		4BE6EE351F441DD100BB29D5 /* Libraries */ = {
			isa = PBXGroup;
			children = (
				4BE6EE361F441DDB00BB29D5 /* MiniLZO */,
			);
			name = Libraries;
			sourceTree = "<group>";
		};
		4BE6EE361F441DDB00BB29D5 /* MiniLZO */ = {
			isa = PBXGroup;
			children = (
				4BE6EE331F441DC600BB29D5 /* minilzo.c */,
			);
			name = MiniLZO;
			sourceTree = "<group>";
		};
		4BF8A4691F24185300F0FB91 = {
			isa = PBXGroup;
			children = (
				4B0E2A561F74F5570019D4AD /* Assets */,
				4B15A94D1F241FEA000A689F /* Frameworks */,
				4B2D75A71F53667000900417 /* Info.plist */,
				4B15A9451F241DC8000A689F /* Products */,
				4B15A9531F2428CD000A689F /* Source */,
				4B1112A51F820AAB00AFDDFC /* Tests */,
			);
			sourceTree = "<group>";
		};
/* End PBXGroup section */

/* Begin PBXNativeTarget section */
		4B11129A1F820A6D00AFDDFC /* GEngine-Tests */ = {
			isa = PBXNativeTarget;
			buildConfigurationList = 4B1112A11F820A6D00AFDDFC /* Build configuration list for PBXNativeTarget "GEngine-Tests" */;
			buildPhases = (
				4B1112971F820A6D00AFDDFC /* Sources */,
				4B1112981F820A6D00AFDDFC /* Frameworks */,
				4B1112991F820A6D00AFDDFC /* CopyFiles */,
			);
			buildRules = (
			);
			dependencies = (
			);
			name = "GEngine-Tests";
			productName = "GEngine-Tests";
			productReference = 4B11129B1F820A6D00AFDDFC /* GEngine-Tests */;
			productType = "com.apple.product-type.tool";
		};
		4B15A9431F241DC8000A689F /* GEngine-MacOS */ = {
			isa = PBXNativeTarget;
			buildConfigurationList = 4B15A9491F241DC8000A689F /* Build configuration list for PBXNativeTarget "GEngine-MacOS" */;
			buildPhases = (
				4B15A9401F241DC8000A689F /* Sources */,
				4B15A9411F241DC8000A689F /* Frameworks */,
				4B15A9421F241DC8000A689F /* CopyFiles */,
				4B15A9591F242EFB000A689F /* ShellScript */,
			);
			buildRules = (
			);
			dependencies = (
			);
			name = "GEngine-MacOS";
			productName = "GEngine-MacOS";
			productReference = 4B15A9441F241DC8000A689F /* GEngine-MacOS */;
			productType = "com.apple.product-type.tool";
		};
/* End PBXNativeTarget section */

/* Begin PBXProject section */
		4BF8A46A1F24185300F0FB91 /* Project object */ = {
			isa = PBXProject;
			attributes = {
				LastUpgradeCheck = 0830;
				TargetAttributes = {
					4B11129A1F820A6D00AFDDFC = {
						CreatedOnToolsVersion = 9.0;
						ProvisioningStyle = Automatic;
					};
					4B15A9431F241DC8000A689F = {
						CreatedOnToolsVersion = 8.3.3;
						ProvisioningStyle = Automatic;
					};
				};
			};
			buildConfigurationList = 4BF8A46D1F24185300F0FB91 /* Build configuration list for PBXProject "GEngine" */;
			compatibilityVersion = "Xcode 3.2";
			developmentRegion = English;
			hasScannedForEncodings = 0;
			knownRegions = (
				en,
			);
			mainGroup = 4BF8A4691F24185300F0FB91;
			productRefGroup = 4B15A9451F241DC8000A689F /* Products */;
			projectDirPath = "";
			projectRoot = "";
			targets = (
				4B15A9431F241DC8000A689F /* GEngine-MacOS */,
				4B11129A1F820A6D00AFDDFC /* GEngine-Tests */,
			);
		};
/* End PBXProject section */

/* Begin PBXShellScriptBuildPhase section */
		4B15A9591F242EFB000A689F /* ShellScript */ = {
			isa = PBXShellScriptBuildPhase;
			buildActionMask = 2147483647;
			files = (
			);
			inputPaths = (
			);
			outputPaths = (
			);
			runOnlyForDeploymentPostprocessing = 0;
			shellPath = /bin/sh;
			shellScript = ./CopyLibraries.sh;
		};
/* End PBXShellScriptBuildPhase section */

/* Begin PBXSourcesBuildPhase section */
		4B1112971F820A6D00AFDDFC /* Sources */ = {
			isa = PBXSourcesBuildPhase;
			buildActionMask = 2147483647;
			files = (
				4B1112AC1F820C1F00AFDDFC /* Matrix4.cpp in Sources */,
				4B1112AF1F821FFF00AFDDFC /* Component.cpp in Sources */,
				4B1112A91F820B7500AFDDFC /* TestMain.cpp in Sources */,
				4B1112AB1F820BD000AFDDFC /* Matrix4Tests.cpp in Sources */,
			);
			runOnlyForDeploymentPostprocessing = 0;
		};
		4B15A9401F241DC8000A689F /* Sources */ = {
			isa = PBXSourcesBuildPhase;
			buildActionMask = 2147483647;
			files = (
				4B4EED8B1F5CACEF000065EF /* Vector3.cpp in Sources */,
				4B0B67831F78DCD40023815F /* Actor.cpp in Sources */,
				4BF751121F773E1A00B79D2F /* Vector2.cpp in Sources */,
				4B2ACE0D1F25C45F003EC7FE /* lex.yy.cc in Sources */,
				4B15A95C1F243349000A689F /* SDLLog.cpp in Sources */,
				4B2ACDFE1F25B621003EC7FE /* SheepTypeRefNode.cpp in Sources */,
				4B15A9561F242C55000A689F /* SDLRenderer.cpp in Sources */,
				4B2ACDF81F25873C003EC7FE /* SheepScript.cpp in Sources */,
				4B02A3B51F5269E9000540A7 /* imstream.cpp in Sources */,
				4BF32B891F67BC34000639FB /* GLVertexArray.cpp in Sources */,
				4B15A94C1F241E2D000A689F /* Main.cpp in Sources */,
				4B2ACDFB1F25880E003EC7FE /* SheepNode.cpp in Sources */,
				4BF7510F1F7737DD00B79D2F /* Vector4.cpp in Sources */,
				4B2ACE011F25BA6F003EC7FE /* SheepNameRefNode.cpp in Sources */,
				4B7C3A161F4EB07000BB0922 /* SDLAudio.cpp in Sources */,
				4B76B5831F3788FA003F63E5 /* BarnAsset.cpp in Sources */,
				4B2ACE0B1F25C20B003EC7FE /* sheep.tab.cc in Sources */,
				4BE15CB81F464FD800114779 /* AssetManager.cpp in Sources */,
				4B2ACE131F25D310003EC7FE /* SheepDriver.cpp in Sources */,
				4B7AB0451F539EB200CFBE8F /* Audio.cpp in Sources */,
				4B76B57C1F35999B003F63E5 /* BarnFile.cpp in Sources */,
				4B02A3B21F526529000540A7 /* membuf.cpp in Sources */,
				4B4EED881F5CA5F4000065EF /* Model.cpp in Sources */,
				4BE6EE341F441DC600BB29D5 /* minilzo.c in Sources */,
				4B76B5801F35B175003F63E5 /* BinaryReader.cpp in Sources */,
				4BF32B861F64D4B9000639FB /* Matrix4.cpp in Sources */,
				4B2ACE101F25CF08003EC7FE /* SheepScanner.cpp in Sources */,
				4B15A9521F2428C5000A689F /* GEngine.cpp in Sources */,
				4BF32B8C1F67C434000639FB /* GLShader.cpp in Sources */,
			);
			runOnlyForDeploymentPostprocessing = 0;
		};
/* End PBXSourcesBuildPhase section */

/* Begin XCBuildConfiguration section */
		4B11129F1F820A6D00AFDDFC /* Debug */ = {
			isa = XCBuildConfiguration;
			buildSettings = {
				ALWAYS_SEARCH_USER_PATHS = NO;
				CLANG_ANALYZER_NONNULL = YES;
				CLANG_ANALYZER_NUMBER_OBJECT_CONVERSION = YES_AGGRESSIVE;
				CLANG_CXX_LANGUAGE_STANDARD = "gnu++14";
				CLANG_CXX_LIBRARY = "libc++";
				CLANG_ENABLE_MODULES = YES;
				CLANG_ENABLE_OBJC_ARC = YES;
				CLANG_WARN_BLOCK_CAPTURE_AUTORELEASING = YES;
				CLANG_WARN_BOOL_CONVERSION = YES;
				CLANG_WARN_COMMA = YES;
				CLANG_WARN_CONSTANT_CONVERSION = YES;
				CLANG_WARN_DIRECT_OBJC_ISA_USAGE = YES_ERROR;
				CLANG_WARN_DOCUMENTATION_COMMENTS = YES;
				CLANG_WARN_EMPTY_BODY = YES;
				CLANG_WARN_ENUM_CONVERSION = YES;
				CLANG_WARN_INFINITE_RECURSION = YES;
				CLANG_WARN_INT_CONVERSION = YES;
				CLANG_WARN_NON_LITERAL_NULL_CONVERSION = YES;
				CLANG_WARN_OBJC_LITERAL_CONVERSION = YES;
				CLANG_WARN_OBJC_ROOT_CLASS = YES_ERROR;
				CLANG_WARN_RANGE_LOOP_ANALYSIS = YES;
				CLANG_WARN_STRICT_PROTOTYPES = YES;
				CLANG_WARN_SUSPICIOUS_MOVE = YES;
				CLANG_WARN_UNGUARDED_AVAILABILITY = YES_AGGRESSIVE;
				CLANG_WARN_UNREACHABLE_CODE = YES;
				CLANG_WARN__DUPLICATE_METHOD_MATCH = YES;
				CODE_SIGN_IDENTITY = "-";
				CODE_SIGN_STYLE = Automatic;
				COPY_PHASE_STRIP = NO;
				DEBUG_INFORMATION_FORMAT = dwarf;
				ENABLE_STRICT_OBJC_MSGSEND = YES;
				ENABLE_TESTABILITY = YES;
				GCC_C_LANGUAGE_STANDARD = gnu11;
				GCC_DYNAMIC_NO_PIC = NO;
				GCC_NO_COMMON_BLOCKS = YES;
				GCC_OPTIMIZATION_LEVEL = 0;
				GCC_PREPROCESSOR_DEFINITIONS = (
					"DEBUG=1",
					"$(inherited)",
				);
				GCC_WARN_64_TO_32_BIT_CONVERSION = YES;
				GCC_WARN_ABOUT_RETURN_TYPE = YES_ERROR;
				GCC_WARN_UNDECLARED_SELECTOR = YES;
				GCC_WARN_UNINITIALIZED_AUTOS = YES_AGGRESSIVE;
				GCC_WARN_UNUSED_FUNCTION = YES;
				GCC_WARN_UNUSED_VARIABLE = YES;
				MTL_ENABLE_DEBUG_INFO = YES;
				ONLY_ACTIVE_ARCH = YES;
				PRODUCT_NAME = "$(TARGET_NAME)";
				SDKROOT = macosx;
			};
			name = Debug;
		};
		4B1112A01F820A6D00AFDDFC /* Release */ = {
			isa = XCBuildConfiguration;
			buildSettings = {
				ALWAYS_SEARCH_USER_PATHS = NO;
				CLANG_ANALYZER_NONNULL = YES;
				CLANG_ANALYZER_NUMBER_OBJECT_CONVERSION = YES_AGGRESSIVE;
				CLANG_CXX_LANGUAGE_STANDARD = "gnu++14";
				CLANG_CXX_LIBRARY = "libc++";
				CLANG_ENABLE_MODULES = YES;
				CLANG_ENABLE_OBJC_ARC = YES;
				CLANG_WARN_BLOCK_CAPTURE_AUTORELEASING = YES;
				CLANG_WARN_BOOL_CONVERSION = YES;
				CLANG_WARN_COMMA = YES;
				CLANG_WARN_CONSTANT_CONVERSION = YES;
				CLANG_WARN_DIRECT_OBJC_ISA_USAGE = YES_ERROR;
				CLANG_WARN_DOCUMENTATION_COMMENTS = YES;
				CLANG_WARN_EMPTY_BODY = YES;
				CLANG_WARN_ENUM_CONVERSION = YES;
				CLANG_WARN_INFINITE_RECURSION = YES;
				CLANG_WARN_INT_CONVERSION = YES;
				CLANG_WARN_NON_LITERAL_NULL_CONVERSION = YES;
				CLANG_WARN_OBJC_LITERAL_CONVERSION = YES;
				CLANG_WARN_OBJC_ROOT_CLASS = YES_ERROR;
				CLANG_WARN_RANGE_LOOP_ANALYSIS = YES;
				CLANG_WARN_STRICT_PROTOTYPES = YES;
				CLANG_WARN_SUSPICIOUS_MOVE = YES;
				CLANG_WARN_UNGUARDED_AVAILABILITY = YES_AGGRESSIVE;
				CLANG_WARN_UNREACHABLE_CODE = YES;
				CLANG_WARN__DUPLICATE_METHOD_MATCH = YES;
				CODE_SIGN_IDENTITY = "-";
				CODE_SIGN_STYLE = Automatic;
				COPY_PHASE_STRIP = NO;
				DEBUG_INFORMATION_FORMAT = "dwarf-with-dsym";
				ENABLE_NS_ASSERTIONS = NO;
				ENABLE_STRICT_OBJC_MSGSEND = YES;
				GCC_C_LANGUAGE_STANDARD = gnu11;
				GCC_NO_COMMON_BLOCKS = YES;
				GCC_WARN_64_TO_32_BIT_CONVERSION = YES;
				GCC_WARN_ABOUT_RETURN_TYPE = YES_ERROR;
				GCC_WARN_UNDECLARED_SELECTOR = YES;
				GCC_WARN_UNINITIALIZED_AUTOS = YES_AGGRESSIVE;
				GCC_WARN_UNUSED_FUNCTION = YES;
				GCC_WARN_UNUSED_VARIABLE = YES;
				MTL_ENABLE_DEBUG_INFO = NO;
				PRODUCT_NAME = "$(TARGET_NAME)";
				SDKROOT = macosx;
			};
			name = Release;
		};
		4B15A94A1F241DC8000A689F /* Debug */ = {
			isa = XCBuildConfiguration;
			buildSettings = {
				ALWAYS_SEARCH_USER_PATHS = NO;
				CLANG_ANALYZER_NONNULL = YES;
				CLANG_ANALYZER_NUMBER_OBJECT_CONVERSION = YES_AGGRESSIVE;
				CLANG_CXX_LANGUAGE_STANDARD = "c++14";
				CLANG_CXX_LIBRARY = "libc++";
				CLANG_ENABLE_MODULES = YES;
				CLANG_ENABLE_OBJC_ARC = YES;
				CLANG_WARN_BOOL_CONVERSION = YES;
				CLANG_WARN_CONSTANT_CONVERSION = YES;
				CLANG_WARN_DIRECT_OBJC_ISA_USAGE = YES_ERROR;
				CLANG_WARN_DOCUMENTATION_COMMENTS = YES;
				CLANG_WARN_EMPTY_BODY = YES;
				CLANG_WARN_ENUM_CONVERSION = YES;
				CLANG_WARN_INFINITE_RECURSION = YES;
				CLANG_WARN_INT_CONVERSION = YES;
				CLANG_WARN_OBJC_ROOT_CLASS = YES_ERROR;
				CLANG_WARN_SUSPICIOUS_MOVE = YES;
				CLANG_WARN_UNREACHABLE_CODE = YES;
				CLANG_WARN__DUPLICATE_METHOD_MATCH = YES;
				CODE_SIGN_IDENTITY = "-";
				COPY_PHASE_STRIP = NO;
				DEBUG_INFORMATION_FORMAT = dwarf;
				ENABLE_STRICT_OBJC_MSGSEND = YES;
				ENABLE_TESTABILITY = YES;
				GCC_C_LANGUAGE_STANDARD = gnu99;
				GCC_DYNAMIC_NO_PIC = NO;
				GCC_NO_COMMON_BLOCKS = YES;
				GCC_OPTIMIZATION_LEVEL = 0;
				GCC_PREPROCESSOR_DEFINITIONS = (
					"DEBUG=1",
					"$(inherited)",
				);
				GCC_WARN_64_TO_32_BIT_CONVERSION = YES;
				GCC_WARN_ABOUT_RETURN_TYPE = YES_ERROR;
				GCC_WARN_UNDECLARED_SELECTOR = YES;
				GCC_WARN_UNINITIALIZED_AUTOS = YES_AGGRESSIVE;
				GCC_WARN_UNUSED_FUNCTION = YES;
				GCC_WARN_UNUSED_VARIABLE = YES;
				HEADER_SEARCH_PATHS = (
					"$(SRCROOT)/../Libraries/SDL/include",
					"$(SRCROOT)/../Libraries/minilzo",
					"$(SRCROOT)/../Libraries/libmad/include",
					"$(SRCROOT)/../Libraries/zlib/include",
					"$(SRCROOT)/../Libraries/GLEW/include",
				);
				INFOPLIST_FILE = "$(SRCROOT)/Info.plist";
				LIBRARY_SEARCH_PATHS = (
					"$(SRCROOT)/../Libraries/SDL/lib/mac",
					"$(SRCROOT)/../Libraries/libmad/lib/mac",
					"$(SRCROOT)/../Libraries/zlib/lib/mac",
					"$(SRCROOT)/../Libraries/GLEW/lib/mac",
				);
				MACOSX_DEPLOYMENT_TARGET = 10.12;
				MTL_ENABLE_DEBUG_INFO = YES;
				ONLY_ACTIVE_ARCH = YES;
				OTHER_LDFLAGS = (
					"-lSDL2-2.0.0",
					"-lz",
					"-lGLEW",
				);
				PRODUCT_BUNDLE_IDENTIFIER = com.kromenak.gengine;
				PRODUCT_NAME = "$(TARGET_NAME)";
				SDKROOT = macosx;
			};
			name = Debug;
		};
		4B15A94B1F241DC8000A689F /* Release */ = {
			isa = XCBuildConfiguration;
			buildSettings = {
				ALWAYS_SEARCH_USER_PATHS = NO;
				CLANG_ANALYZER_NONNULL = YES;
				CLANG_ANALYZER_NUMBER_OBJECT_CONVERSION = YES_AGGRESSIVE;
				CLANG_CXX_LANGUAGE_STANDARD = "c++14";
				CLANG_CXX_LIBRARY = "libc++";
				CLANG_ENABLE_MODULES = YES;
				CLANG_ENABLE_OBJC_ARC = YES;
				CLANG_WARN_BOOL_CONVERSION = YES;
				CLANG_WARN_CONSTANT_CONVERSION = YES;
				CLANG_WARN_DIRECT_OBJC_ISA_USAGE = YES_ERROR;
				CLANG_WARN_DOCUMENTATION_COMMENTS = YES;
				CLANG_WARN_EMPTY_BODY = YES;
				CLANG_WARN_ENUM_CONVERSION = YES;
				CLANG_WARN_INFINITE_RECURSION = YES;
				CLANG_WARN_INT_CONVERSION = YES;
				CLANG_WARN_OBJC_ROOT_CLASS = YES_ERROR;
				CLANG_WARN_SUSPICIOUS_MOVE = YES;
				CLANG_WARN_UNREACHABLE_CODE = YES;
				CLANG_WARN__DUPLICATE_METHOD_MATCH = YES;
				CODE_SIGN_IDENTITY = "-";
				COPY_PHASE_STRIP = NO;
				DEBUG_INFORMATION_FORMAT = "dwarf-with-dsym";
				ENABLE_NS_ASSERTIONS = NO;
				ENABLE_STRICT_OBJC_MSGSEND = YES;
				GCC_C_LANGUAGE_STANDARD = gnu99;
				GCC_NO_COMMON_BLOCKS = YES;
				GCC_WARN_64_TO_32_BIT_CONVERSION = YES;
				GCC_WARN_ABOUT_RETURN_TYPE = YES_ERROR;
				GCC_WARN_UNDECLARED_SELECTOR = YES;
				GCC_WARN_UNINITIALIZED_AUTOS = YES_AGGRESSIVE;
				GCC_WARN_UNUSED_FUNCTION = YES;
				GCC_WARN_UNUSED_VARIABLE = YES;
				HEADER_SEARCH_PATHS = (
					"$(SRCROOT)/../Libraries/SDL/include",
					"$(SRCROOT)/../Libraries/minilzo",
					"$(SRCROOT)/../Libraries/libmad/include",
					"$(SRCROOT)/../Libraries/zlib/include",
					"$(SRCROOT)/../Libraries/GLEW/include",
				);
				INFOPLIST_FILE = "$(SRCROOT)/Info.plist";
				LIBRARY_SEARCH_PATHS = (
					"$(SRCROOT)/../Libraries/SDL/lib/mac",
					"$(SRCROOT)/../Libraries/libmad/lib/mac",
					"$(SRCROOT)/../Libraries/zlib/lib/mac",
					"$(SRCROOT)/../Libraries/GLEW/lib/mac",
				);
				MACOSX_DEPLOYMENT_TARGET = 10.12;
				MTL_ENABLE_DEBUG_INFO = NO;
				OTHER_LDFLAGS = (
					"-lSDL2-2.0.0",
					"-lz",
					"-lGLEW",
				);
				PRODUCT_BUNDLE_IDENTIFIER = com.kromenak.gengine;
				PRODUCT_NAME = "$(TARGET_NAME)";
				SDKROOT = macosx;
			};
			name = Release;
		};
		4BF8A46E1F24185300F0FB91 /* Debug */ = {
			isa = XCBuildConfiguration;
			buildSettings = {
				MACOSX_DEPLOYMENT_TARGET = 10.12;
			};
			name = Debug;
		};
		4BF8A46F1F24185300F0FB91 /* Release */ = {
			isa = XCBuildConfiguration;
			buildSettings = {
				MACOSX_DEPLOYMENT_TARGET = 10.12;
			};
			name = Release;
		};
/* End XCBuildConfiguration section */

/* Begin XCConfigurationList section */
		4B1112A11F820A6D00AFDDFC /* Build configuration list for PBXNativeTarget "GEngine-Tests" */ = {
			isa = XCConfigurationList;
			buildConfigurations = (
				4B11129F1F820A6D00AFDDFC /* Debug */,
				4B1112A01F820A6D00AFDDFC /* Release */,
			);
			defaultConfigurationIsVisible = 0;
			defaultConfigurationName = Release;
		};
		4B15A9491F241DC8000A689F /* Build configuration list for PBXNativeTarget "GEngine-MacOS" */ = {
			isa = XCConfigurationList;
			buildConfigurations = (
				4B15A94A1F241DC8000A689F /* Debug */,
				4B15A94B1F241DC8000A689F /* Release */,
			);
			defaultConfigurationIsVisible = 0;
			defaultConfigurationName = Release;
		};
		4BF8A46D1F24185300F0FB91 /* Build configuration list for PBXProject "GEngine" */ = {
			isa = XCConfigurationList;
			buildConfigurations = (
				4BF8A46E1F24185300F0FB91 /* Debug */,
				4BF8A46F1F24185300F0FB91 /* Release */,
			);
			defaultConfigurationIsVisible = 0;
			defaultConfigurationName = Release;
		};
/* End XCConfigurationList section */
	};
	rootObject = 4BF8A46A1F24185300F0FB91 /* Project object */;
}
